
Microsoft Visual Studio Solution File, Format Version 12.00
# Visual Studio 15
VisualStudioVersion = 15.0.28307.168
MinimumVisualStudioVersion = 10.0.40219.1
Project("{FAE04EC0-301F-11D3-BF4B-00C04F79EFBC}") = "SqlitDatabase.Android", "SqlitDatabase\SqlitDatabase.Android\SqlitDatabase.Android.csproj", "{CC2BBADB-1F86-4FC0-9181-2FAEB92BF396}"
EndProject
Project("{FAE04EC0-301F-11D3-BF4B-00C04F79EFBC}") = "SqlitDatabase.iOS", "SqlitDatabase\SqlitDatabase.iOS\SqlitDatabase.iOS.csproj", "{3E7BDDEF-0254-4559-89FD-74C64E3DEDEF}"
EndProject
Project("{FAE04EC0-301F-11D3-BF4B-00C04F79EFBC}") = "SqlitDatabase.UWP", "SqlitDatabase\SqlitDatabase.UWP\SqlitDatabase.UWP.csproj", "{73EC143F-177E-4D5D-B85C-CA0692B274B6}"
EndProject
Project("{FAE04EC0-301F-11D3-BF4B-00C04F79EFBC}") = "SqlitDatabase", "SqlitDatabase\SqlitDatabase\SqlitDatabase.csproj", "{37ADA3B8-A7C3-4292-833D-8AB9750C9975}"
EndProject
Global
	GlobalSection(SolutionConfigurationPlatforms) = preSolution
		Ad-Hoc|Any CPU = Ad-Hoc|Any CPU
		Ad-Hoc|ARM = Ad-Hoc|ARM
		Ad-Hoc|iPhone = Ad-Hoc|iPhone
		Ad-Hoc|iPhoneSimulator = Ad-Hoc|iPhoneSimulator
		Ad-Hoc|x64 = Ad-Hoc|x64
		Ad-Hoc|x86 = Ad-Hoc|x86
		AppStore|Any CPU = AppStore|Any CPU
		AppStore|ARM = AppStore|ARM
		AppStore|iPhone = AppStore|iPhone
		AppStore|iPhoneSimulator = AppStore|iPhoneSimulator
		AppStore|x64 = AppStore|x64
		AppStore|x86 = AppStore|x86
		Debug|Any CPU = Debug|Any CPU
		Debug|ARM = Debug|ARM
		Debug|iPhone = Debug|iPhone
		Debug|iPhoneSimulator = Debug|iPhoneSimulator
		Debug|x64 = Debug|x64
		Debug|x86 = Debug|x86
		Release|Any CPU = Release|Any CPU
		Release|ARM = Release|ARM
		Release|iPhone = Release|iPhone
		Release|iPhoneSimulator = Release|iPhoneSimulator
		Release|x64 = Release|x64
		Release|x86 = Release|x86
	EndGlobalSection
	GlobalSection(ProjectConfigurationPlatforms) = postSolution
		{CC2BBADB-1F86-4FC0-9181-2FAEB92BF396}.Ad-Hoc|Any CPU.ActiveCfg = Release|Any CPU
		{CC2BBADB-1F86-4FC0-9181-2FAEB92BF396}.Ad-Hoc|Any CPU.Build.0 = Release|Any CPU
		{CC2BBADB-1F86-4FC0-9181-2FAEB92BF396}.Ad-Hoc|Any CPU.Deploy.0 = Release|Any CPU
		{CC2BBADB-1F86-4FC0-9181-2FAEB92BF396}.Ad-Hoc|ARM.ActiveCfg = Release|Any CPU
		{CC2BBADB-1F86-4FC0-9181-2FAEB92BF396}.Ad-Hoc|ARM.Build.0 = Release|Any CPU
		{CC2BBADB-1F86-4FC0-9181-2FAEB92BF396}.Ad-Hoc|ARM.Deploy.0 = Release|Any CPU
		{CC2BBADB-1F86-4FC0-9181-2FAEB92BF396}.Ad-Hoc|iPhone.ActiveCfg = Release|Any CPU
		{CC2BBADB-1F86-4FC0-9181-2FAEB92BF396}.Ad-Hoc|iPhone.Build.0 = Release|Any CPU
		{CC2BBADB-1F86-4FC0-9181-2FAEB92BF396}.Ad-Hoc|iPhone.Deploy.0 = Release|Any CPU
		{CC2BBADB-1F86-4FC0-9181-2FAEB92BF396}.Ad-Hoc|iPhoneSimulator.ActiveCfg = Release|Any CPU
		{CC2BBADB-1F86-4FC0-9181-2FAEB92BF396}.Ad-Hoc|iPhoneSimulator.Build.0 = Release|Any CPU
		{CC2BBADB-1F86-4FC0-9181-2FAEB92BF396}.Ad-Hoc|iPhoneSimulator.Deploy.0 = Release|Any CPU
		{CC2BBADB-1F86-4FC0-9181-2FAEB92BF396}.Ad-Hoc|x64.ActiveCfg = Release|Any CPU
		{CC2BBADB-1F86-4FC0-9181-2FAEB92BF396}.Ad-Hoc|x64.Build.0 = Release|Any CPU
		{CC2BBADB-1F86-4FC0-9181-2FAEB92BF396}.Ad-Hoc|x64.Deploy.0 = Release|Any CPU
		{CC2BBADB-1F86-4FC0-9181-2FAEB92BF396}.Ad-Hoc|x86.ActiveCfg = Release|Any CPU
		{CC2BBADB-1F86-4FC0-9181-2FAEB92BF396}.Ad-Hoc|x86.Build.0 = Release|Any CPU
		{CC2BBADB-1F86-4FC0-9181-2FAEB92BF396}.Ad-Hoc|x86.Deploy.0 = Release|Any CPU
		{CC2BBADB-1F86-4FC0-9181-2FAEB92BF396}.AppStore|Any CPU.ActiveCfg = Release|Any CPU
		{CC2BBADB-1F86-4FC0-9181-2FAEB92BF396}.AppStore|Any CPU.Build.0 = Release|Any CPU
		{CC2BBADB-1F86-4FC0-9181-2FAEB92BF396}.AppStore|Any CPU.Deploy.0 = Release|Any CPU
		{CC2BBADB-1F86-4FC0-9181-2FAEB92BF396}.AppStore|ARM.ActiveCfg = Release|Any CPU
		{CC2BBADB-1F86-4FC0-9181-2FAEB92BF396}.AppStore|ARM.Build.0 = Release|Any CPU
		{CC2BBADB-1F86-4FC0-9181-2FAEB92BF396}.AppStore|ARM.Deploy.0 = Release|Any CPU
		{CC2BBADB-1F86-4FC0-9181-2FAEB92BF396}.AppStore|iPhone.ActiveCfg = Release|Any CPU
		{CC2BBADB-1F86-4FC0-9181-2FAEB92BF396}.AppStore|iPhone.Build.0 = Release|Any CPU
		{CC2BBADB-1F86-4FC0-9181-2FAEB92BF396}.AppStore|iPhone.Deploy.0 = Release|Any CPU
		{CC2BBADB-1F86-4FC0-9181-2FAEB92BF396}.AppStore|iPhoneSimulator.ActiveCfg = Release|Any CPU
		{CC2BBADB-1F86-4FC0-9181-2FAEB92BF396}.AppStore|iPhoneSimulator.Build.0 = Release|Any CPU
		{CC2BBADB-1F86-4FC0-9181-2FAEB92BF396}.AppStore|iPhoneSimulator.Deploy.0 = Release|Any CPU
		{CC2BBADB-1F86-4FC0-9181-2FAEB92BF396}.AppStore|x64.ActiveCfg = Release|Any CPU
		{CC2BBADB-1F86-4FC0-9181-2FAEB92BF396}.AppStore|x64.Build.0 = Release|Any CPU
		{CC2BBADB-1F86-4FC0-9181-2FAEB92BF396}.AppStore|x64.Deploy.0 = Release|Any CPU
		{CC2BBADB-1F86-4FC0-9181-2FAEB92BF396}.AppStore|x86.ActiveCfg = Release|Any CPU
		{CC2BBADB-1F86-4FC0-9181-2FAEB92BF396}.AppStore|x86.Build.0 = Release|Any CPU
		{CC2BBADB-1F86-4FC0-9181-2FAEB92BF396}.AppStore|x86.Deploy.0 = Release|Any CPU
		{CC2BBADB-1F86-4FC0-9181-2FAEB92BF396}.Debug|Any CPU.ActiveCfg = Debug|Any CPU
		{CC2BBADB-1F86-4FC0-9181-2FAEB92BF396}.Debug|Any CPU.Build.0 = Debug|Any CPU
		{CC2BBADB-1F86-4FC0-9181-2FAEB92BF396}.Debug|Any CPU.Deploy.0 = Debug|Any CPU
		{CC2BBADB-1F86-4FC0-9181-2FAEB92BF396}.Debug|ARM.ActiveCfg = Debug|Any CPU
		{CC2BBADB-1F86-4FC0-9181-2FAEB92BF396}.Debug|ARM.Build.0 = Debug|Any CPU
		{CC2BBADB-1F86-4FC0-9181-2FAEB92BF396}.Debug|ARM.Deploy.0 = Debug|Any CPU
		{CC2BBADB-1F86-4FC0-9181-2FAEB92BF396}.Debug|iPhone.ActiveCfg = Debug|Any CPU
		{CC2BBADB-1F86-4FC0-9181-2FAEB92BF396}.Debug|iPhone.Build.0 = Debug|Any CPU
		{CC2BBADB-1F86-4FC0-9181-2FAEB92BF396}.Debug|iPhone.Deploy.0 = Debug|Any CPU
		{CC2BBADB-1F86-4FC0-9181-2FAEB92BF396}.Debug|iPhoneSimulator.ActiveCfg = Debug|Any CPU
		{CC2BBADB-1F86-4FC0-9181-2FAEB92BF396}.Debug|iPhoneSimulator.Build.0 = Debug|Any CPU
		{CC2BBADB-1F86-4FC0-9181-2FAEB92BF396}.Debug|iPhoneSimulator.Deploy.0 = Debug|Any CPU
		{CC2BBADB-1F86-4FC0-9181-2FAEB92BF396}.Debug|x64.ActiveCfg = Debug|Any CPU
		{CC2BBADB-1F86-4FC0-9181-2FAEB92BF396}.Debug|x64.Build.0 = Debug|Any CPU
		{CC2BBADB-1F86-4FC0-9181-2FAEB92BF396}.Debug|x64.Deploy.0 = Debug|Any CPU
		{CC2BBADB-1F86-4FC0-9181-2FAEB92BF396}.Debug|x86.ActiveCfg = Debug|Any CPU
		{CC2BBADB-1F86-4FC0-9181-2FAEB92BF396}.Debug|x86.Build.0 = Debug|Any CPU
		{CC2BBADB-1F86-4FC0-9181-2FAEB92BF396}.Debug|x86.Deploy.0 = Debug|Any CPU
		{CC2BBADB-1F86-4FC0-9181-2FAEB92BF396}.Release|Any CPU.ActiveCfg = Release|Any CPU
		{CC2BBADB-1F86-4FC0-9181-2FAEB92BF396}.Release|Any CPU.Build.0 = Release|Any CPU
		{CC2BBADB-1F86-4FC0-9181-2FAEB92BF396}.Release|Any CPU.Deploy.0 = Release|Any CPU
		{CC2BBADB-1F86-4FC0-9181-2FAEB92BF396}.Release|ARM.ActiveCfg = Release|Any CPU
		{CC2BBADB-1F86-4FC0-9181-2FAEB92BF396}.Release|ARM.Build.0 = Release|Any CPU
		{CC2BBADB-1F86-4FC0-9181-2FAEB92BF396}.Release|ARM.Deploy.0 = Release|Any CPU
		{CC2BBADB-1F86-4FC0-9181-2FAEB92BF396}.Release|iPhone.ActiveCfg = Release|Any CPU
		{CC2BBADB-1F86-4FC0-9181-2FAEB92BF396}.Release|iPhone.Build.0 = Release|Any CPU
		{CC2BBADB-1F86-4FC0-9181-2FAEB92BF396}.Release|iPhone.Deploy.0 = Release|Any CPU
		{CC2BBADB-1F86-4FC0-9181-2FAEB92BF396}.Release|iPhoneSimulator.ActiveCfg = Release|Any CPU
		{CC2BBADB-1F86-4FC0-9181-2FAEB92BF396}.Release|iPhoneSimulator.Build.0 = Release|Any CPU
		{CC2BBADB-1F86-4FC0-9181-2FAEB92BF396}.Release|iPhoneSimulator.Deploy.0 = Release|Any CPU
		{CC2BBADB-1F86-4FC0-9181-2FAEB92BF396}.Release|x64.ActiveCfg = Release|Any CPU
		{CC2BBADB-1F86-4FC0-9181-2FAEB92BF396}.Release|x64.Build.0 = Release|Any CPU
		{CC2BBADB-1F86-4FC0-9181-2FAEB92BF396}.Release|x64.Deploy.0 = Release|Any CPU
		{CC2BBADB-1F86-4FC0-9181-2FAEB92BF396}.Release|x86.ActiveCfg = Release|Any CPU
		{CC2BBADB-1F86-4FC0-9181-2FAEB92BF396}.Release|x86.Build.0 = Release|Any CPU
		{CC2BBADB-1F86-4FC0-9181-2FAEB92BF396}.Release|x86.Deploy.0 = Release|Any CPU
		{3E7BDDEF-0254-4559-89FD-74C64E3DEDEF}.Ad-Hoc|Any CPU.ActiveCfg = Ad-Hoc|iPhone
		{3E7BDDEF-0254-4559-89FD-74C64E3DEDEF}.Ad-Hoc|Any CPU.Build.0 = Ad-Hoc|iPhone
		{3E7BDDEF-0254-4559-89FD-74C64E3DEDEF}.Ad-Hoc|Any CPU.Deploy.0 = Ad-Hoc|iPhone
		{3E7BDDEF-0254-4559-89FD-74C64E3DEDEF}.Ad-Hoc|ARM.ActiveCfg = Ad-Hoc|iPhone
		{3E7BDDEF-0254-4559-89FD-74C64E3DEDEF}.Ad-Hoc|ARM.Build.0 = Ad-Hoc|iPhone
		{3E7BDDEF-0254-4559-89FD-74C64E3DEDEF}.Ad-Hoc|ARM.Deploy.0 = Ad-Hoc|iPhone
		{3E7BDDEF-0254-4559-89FD-74C64E3DEDEF}.Ad-Hoc|iPhone.ActiveCfg = Ad-Hoc|iPhone
		{3E7BDDEF-0254-4559-89FD-74C64E3DEDEF}.Ad-Hoc|iPhone.Build.0 = Ad-Hoc|iPhone
		{3E7BDDEF-0254-4559-89FD-74C64E3DEDEF}.Ad-Hoc|iPhone.Deploy.0 = Ad-Hoc|iPhone
		{3E7BDDEF-0254-4559-89FD-74C64E3DEDEF}.Ad-Hoc|iPhoneSimulator.ActiveCfg = Ad-Hoc|iPhoneSimulator
		{3E7BDDEF-0254-4559-89FD-74C64E3DEDEF}.Ad-Hoc|iPhoneSimulator.Build.0 = Ad-Hoc|iPhoneSimulator
		{3E7BDDEF-0254-4559-89FD-74C64E3DEDEF}.Ad-Hoc|iPhoneSimulator.Deploy.0 = Ad-Hoc|iPhoneSimulator
		{3E7BDDEF-0254-4559-89FD-74C64E3DEDEF}.Ad-Hoc|x64.ActiveCfg = Ad-Hoc|iPhone
		{3E7BDDEF-0254-4559-89FD-74C64E3DEDEF}.Ad-Hoc|x64.Build.0 = Ad-Hoc|iPhone
		{3E7BDDEF-0254-4559-89FD-74C64E3DEDEF}.Ad-Hoc|x64.Deploy.0 = Ad-Hoc|iPhone
		{3E7BDDEF-0254-4559-89FD-74C64E3DEDEF}.Ad-Hoc|x86.ActiveCfg = Ad-Hoc|iPhone
		{3E7BDDEF-0254-4559-89FD-74C64E3DEDEF}.Ad-Hoc|x86.Build.0 = Ad-Hoc|iPhone
		{3E7BDDEF-0254-4559-89FD-74C64E3DEDEF}.Ad-Hoc|x86.Deploy.0 = Ad-Hoc|iPhone
		{3E7BDDEF-0254-4559-89FD-74C64E3DEDEF}.AppStore|Any CPU.ActiveCfg = AppStore|iPhone
		{3E7BDDEF-0254-4559-89FD-74C64E3DEDEF}.AppStore|Any CPU.Build.0 = AppStore|iPhone
		{3E7BDDEF-0254-4559-89FD-74C64E3DEDEF}.AppStore|Any CPU.Deploy.0 = AppStore|iPhone
		{3E7BDDEF-0254-4559-89FD-74C64E3DEDEF}.AppStore|ARM.ActiveCfg = AppStore|iPhone
		{3E7BDDEF-0254-4559-89FD-74C64E3DEDEF}.AppStore|ARM.Build.0 = AppStore|iPhone
		{3E7BDDEF-0254-4559-89FD-74C64E3DEDEF}.AppStore|ARM.Deploy.0 = AppStore|iPhone
		{3E7BDDEF-0254-4559-89FD-74C64E3DEDEF}.AppStore|iPhone.ActiveCfg = AppStore|iPhone
		{3E7BDDEF-0254-4559-89FD-74C64E3DEDEF}.AppStore|iPhone.Build.0 = AppStore|iPhone
		{3E7BDDEF-0254-4559-89FD-74C64E3DEDEF}.AppStore|iPhone.Deploy.0 = AppStore|iPhone
		{3E7BDDEF-0254-4559-89FD-74C64E3DEDEF}.AppStore|iPhoneSimulator.ActiveCfg = AppStore|iPhoneSimulator
		{3E7BDDEF-0254-4559-89FD-74C64E3DEDEF}.AppStore|iPhoneSimulator.Build.0 = AppStore|iPhoneSimulator
		{3E7BDDEF-0254-4559-89FD-74C64E3DEDEF}.AppStore|iPhoneSimulator.Deploy.0 = AppStore|iPhoneSimulator
		{3E7BDDEF-0254-4559-89FD-74C64E3DEDEF}.AppStore|x64.ActiveCfg = AppStore|iPhone
		{3E7BDDEF-0254-4559-89FD-74C64E3DEDEF}.AppStore|x64.Build.0 = AppStore|iPhone
		{3E7BDDEF-0254-4559-89FD-74C64E3DEDEF}.AppStore|x64.Deploy.0 = AppStore|iPhone
		{3E7BDDEF-0254-4559-89FD-74C64E3DEDEF}.AppStore|x86.ActiveCfg = AppStore|iPhone
		{3E7BDDEF-0254-4559-89FD-74C64E3DEDEF}.AppStore|x86.Build.0 = AppStore|iPhone
		{3E7BDDEF-0254-4559-89FD-74C64E3DEDEF}.AppStore|x86.Deploy.0 = AppStore|iPhone
		{3E7BDDEF-0254-4559-89FD-74C64E3DEDEF}.Debug|Any CPU.ActiveCfg = Debug|iPhoneSimulator
		{3E7BDDEF-0254-4559-89FD-74C64E3DEDEF}.Debug|Any CPU.Build.0 = Debug|iPhoneSimulator
		{3E7BDDEF-0254-4559-89FD-74C64E3DEDEF}.Debug|Any CPU.Deploy.0 = Debug|iPhoneSimulator
		{3E7BDDEF-0254-4559-89FD-74C64E3DEDEF}.Debug|ARM.ActiveCfg = Debug|iPhone
		{3E7BDDEF-0254-4559-89FD-74C64E3DEDEF}.Debug|ARM.Build.0 = Debug|iPhone
		{3E7BDDEF-0254-4559-89FD-74C64E3DEDEF}.Debug|ARM.Deploy.0 = Debug|iPhone
		{3E7BDDEF-0254-4559-89FD-74C64E3DEDEF}.Debug|iPhone.ActiveCfg = Debug|iPhone
		{3E7BDDEF-0254-4559-89FD-74C64E3DEDEF}.Debug|iPhone.Build.0 = Debug|iPhone
		{3E7BDDEF-0254-4559-89FD-74C64E3DEDEF}.Debug|iPhone.Deploy.0 = Debug|iPhone
		{3E7BDDEF-0254-4559-89FD-74C64E3DEDEF}.Debug|iPhoneSimulator.ActiveCfg = Debug|iPhoneSimulator
		{3E7BDDEF-0254-4559-89FD-74C64E3DEDEF}.Debug|iPhoneSimulator.Build.0 = Debug|iPhoneSimulator
		{3E7BDDEF-0254-4559-89FD-74C64E3DEDEF}.Debug|iPhoneSimulator.Deploy.0 = Debug|iPhoneSimulator
		{3E7BDDEF-0254-4559-89FD-74C64E3DEDEF}.Debug|x64.ActiveCfg = Debug|iPhone
		{3E7BDDEF-0254-4559-89FD-74C64E3DEDEF}.Debug|x64.Build.0 = Debug|iPhone
		{3E7BDDEF-0254-4559-89FD-74C64E3DEDEF}.Debug|x64.Deploy.0 = Debug|iPhone
		{3E7BDDEF-0254-4559-89FD-74C64E3DEDEF}.Debug|x86.ActiveCfg = Debug|iPhone
		{3E7BDDEF-0254-4559-89FD-74C64E3DEDEF}.Debug|x86.Build.0 = Debug|iPhone
		{3E7BDDEF-0254-4559-89FD-74C64E3DEDEF}.Debug|x86.Deploy.0 = Debug|iPhone
		{3E7BDDEF-0254-4559-89FD-74C64E3DEDEF}.Release|Any CPU.ActiveCfg = Release|iPhone
		{3E7BDDEF-0254-4559-89FD-74C64E3DEDEF}.Release|Any CPU.Build.0 = Release|iPhone
		{3E7BDDEF-0254-4559-89FD-74C64E3DEDEF}.Release|Any CPU.Deploy.0 = Release|iPhone
		{3E7BDDEF-0254-4559-89FD-74C64E3DEDEF}.Release|ARM.ActiveCfg = Release|iPhone
		{3E7BDDEF-0254-4559-89FD-74C64E3DEDEF}.Release|ARM.Build.0 = Release|iPhone
		{3E7BDDEF-0254-4559-89FD-74C64E3DEDEF}.Release|ARM.Deploy.0 = Release|iPhone
		{3E7BDDEF-0254-4559-89FD-74C64E3DEDEF}.Release|iPhone.ActiveCfg = Release|iPhone
		{3E7BDDEF-0254-4559-89FD-74C64E3DEDEF}.Release|iPhone.Build.0 = Release|iPhone
		{3E7BDDEF-0254-4559-89FD-74C64E3DEDEF}.Release|iPhone.Deploy.0 = Release|iPhone
		{3E7BDDEF-0254-4559-89FD-74C64E3DEDEF}.Release|iPhoneSimulator.ActiveCfg = Release|iPhoneSimulator
		{3E7BDDEF-0254-4559-89FD-74C64E3DEDEF}.Release|iPhoneSimulator.Build.0 = Release|iPhoneSimulator
		{3E7BDDEF-0254-4559-89FD-74C64E3DEDEF}.Release|iPhoneSimulator.Deploy.0 = Release|iPhoneSimulator
		{3E7BDDEF-0254-4559-89FD-74C64E3DEDEF}.Release|x64.ActiveCfg = Release|iPhone
		{3E7BDDEF-0254-4559-89FD-74C64E3DEDEF}.Release|x64.Build.0 = Release|iPhone
		{3E7BDDEF-0254-4559-89FD-74C64E3DEDEF}.Release|x64.Deploy.0 = Release|iPhone
		{3E7BDDEF-0254-4559-89FD-74C64E3DEDEF}.Release|x86.ActiveCfg = Release|iPhone
		{3E7BDDEF-0254-4559-89FD-74C64E3DEDEF}.Release|x86.Build.0 = Release|iPhone
		{3E7BDDEF-0254-4559-89FD-74C64E3DEDEF}.Release|x86.Deploy.0 = Release|iPhone
		{73EC143F-177E-4D5D-B85C-CA0692B274B6}.Ad-Hoc|Any CPU.ActiveCfg = Release|x86
		{73EC143F-177E-4D5D-B85C-CA0692B274B6}.Ad-Hoc|Any CPU.Build.0 = Release|x86
		{73EC143F-177E-4D5D-B85C-CA0692B274B6}.Ad-Hoc|Any CPU.Deploy.0 = Release|x86
		{73EC143F-177E-4D5D-B85C-CA0692B274B6}.Ad-Hoc|ARM.ActiveCfg = Release|ARM
		{73EC143F-177E-4D5D-B85C-CA0692B274B6}.Ad-Hoc|ARM.Build.0 = Release|ARM
		{73EC143F-177E-4D5D-B85C-CA0692B274B6}.Ad-Hoc|ARM.Deploy.0 = Release|ARM
		{73EC143F-177E-4D5D-B85C-CA0692B274B6}.Ad-Hoc|iPhone.ActiveCfg = Release|x86
		{73EC143F-177E-4D5D-B85C-CA0692B274B6}.Ad-Hoc|iPhone.Build.0 = Release|x86
		{73EC143F-177E-4D5D-B85C-CA0692B274B6}.Ad-Hoc|iPhone.Deploy.0 = Release|x86
		{73EC143F-177E-4D5D-B85C-CA0692B274B6}.Ad-Hoc|iPhoneSimulator.ActiveCfg = Release|x86
		{73EC143F-177E-4D5D-B85C-CA0692B274B6}.Ad-Hoc|iPhoneSimulator.Build.0 = Release|x86
		{73EC143F-177E-4D5D-B85C-CA0692B274B6}.Ad-Hoc|iPhoneSimulator.Deploy.0 = Release|x86
		{73EC143F-177E-4D5D-B85C-CA0692B274B6}.Ad-Hoc|x64.ActiveCfg = Release|x64
		{73EC143F-177E-4D5D-B85C-CA0692B274B6}.Ad-Hoc|x64.Build.0 = Release|x64
		{73EC143F-177E-4D5D-B85C-CA0692B274B6}.Ad-Hoc|x64.Deploy.0 = Release|x64
		{73EC143F-177E-4D5D-B85C-CA0692B274B6}.Ad-Hoc|x86.ActiveCfg = Release|x86
		{73EC143F-177E-4D5D-B85C-CA0692B274B6}.Ad-Hoc|x86.Build.0 = Release|x86
		{73EC143F-177E-4D5D-B85C-CA0692B274B6}.Ad-Hoc|x86.Deploy.0 = Release|x86
		{73EC143F-177E-4D5D-B85C-CA0692B274B6}.AppStore|Any CPU.ActiveCfg = Release|x86
		{73EC143F-177E-4D5D-B85C-CA0692B274B6}.AppStore|Any CPU.Build.0 = Release|x86
		{73EC143F-177E-4D5D-B85C-CA0692B274B6}.AppStore|Any CPU.Deploy.0 = Release|x86
		{73EC143F-177E-4D5D-B85C-CA0692B274B6}.AppStore|ARM.ActiveCfg = Release|ARM
		{73EC143F-177E-4D5D-B85C-CA0692B274B6}.AppStore|ARM.Build.0 = Release|ARM
		{73EC143F-177E-4D5D-B85C-CA0692B274B6}.AppStore|ARM.Deploy.0 = Release|ARM
		{73EC143F-177E-4D5D-B85C-CA0692B274B6}.AppStore|iPhone.ActiveCfg = Release|x86
		{73EC143F-177E-4D5D-B85C-CA0692B274B6}.AppStore|iPhone.Build.0 = Release|x86
		{73EC143F-177E-4D5D-B85C-CA0692B274B6}.AppStore|iPhone.Deploy.0 = Release|x86
		{73EC143F-177E-4D5D-B85C-CA0692B274B6}.AppStore|iPhoneSimulator.ActiveCfg = Release|x86
		{73EC143F-177E-4D5D-B85C-CA0692B274B6}.AppStore|iPhoneSimulator.Build.0 = Release|x86
		{73EC143F-177E-4D5D-B85C-CA0692B274B6}.AppStore|iPhoneSimulator.Deploy.0 = Release|x86
		{73EC143F-177E-4D5D-B85C-CA0692B274B6}.AppStore|x64.ActiveCfg = Release|x64
		{73EC143F-177E-4D5D-B85C-CA0692B274B6}.AppStore|x64.Build.0 = Release|x64
		{73EC143F-177E-4D5D-B85C-CA0692B274B6}.AppStore|x64.Deploy.0 = Release|x64
		{73EC143F-177E-4D5D-B85C-CA0692B274B6}.AppStore|x86.ActiveCfg = Release|x86
		{73EC143F-177E-4D5D-B85C-CA0692B274B6}.AppStore|x86.Build.0 = Release|x86
		{73EC143F-177E-4D5D-B85C-CA0692B274B6}.AppStore|x86.Deploy.0 = Release|x86
		{73EC143F-177E-4D5D-B85C-CA0692B274B6}.Debug|Any CPU.ActiveCfg = Debug|x86
		{73EC143F-177E-4D5D-B85C-CA0692B274B6}.Debug|Any CPU.Build.0 = Debug|x86
		{73EC143F-177E-4D5D-B85C-CA0692B274B6}.Debug|Any CPU.Deploy.0 = Debug|x86
		{73EC143F-177E-4D5D-B85C-CA0692B274B6}.Debug|ARM.ActiveCfg = Debug|ARM
		{73EC143F-177E-4D5D-B85C-CA0692B274B6}.Debug|ARM.Build.0 = Debug|ARM
		{73EC143F-177E-4D5D-B85C-CA0692B274B6}.Debug|ARM.Deploy.0 = Debug|ARM
		{73EC143F-177E-4D5D-B85C-CA0692B274B6}.Debug|iPhone.ActiveCfg = Debug|x86
		{73EC143F-177E-4D5D-B85C-CA0692B274B6}.Debug|iPhone.Build.0 = Debug|x86
		{73EC143F-177E-4D5D-B85C-CA0692B274B6}.Debug|iPhone.Deploy.0 = Debug|x86
		{73EC143F-177E-4D5D-B85C-CA0692B274B6}.Debug|iPhoneSimulator.ActiveCfg = Debug|x86
		{73EC143F-177E-4D5D-B85C-CA0692B274B6}.Debug|iPhoneSimulator.Build.0 = Debug|x86
		{73EC143F-177E-4D5D-B85C-CA0692B274B6}.Debug|iPhoneSimulator.Deploy.0 = Debug|x86
		{73EC143F-177E-4D5D-B85C-CA0692B274B6}.Debug|x64.ActiveCfg = Debug|x64
		{73EC143F-177E-4D5D-B85C-CA0692B274B6}.Debug|x64.Build.0 = Debug|x64
		{73EC143F-177E-4D5D-B85C-CA0692B274B6}.Debug|x64.Deploy.0 = Debug|x64
		{73EC143F-177E-4D5D-B85C-CA0692B274B6}.Debug|x86.ActiveCfg = Debug|x86
		{73EC143F-177E-4D5D-B85C-CA0692B274B6}.Debug|x86.Build.0 = Debug|x86
		{73EC143F-177E-4D5D-B85C-CA0692B274B6}.Debug|x86.Deploy.0 = Debug|x86
		{73EC143F-177E-4D5D-B85C-CA0692B274B6}.Release|Any CPU.ActiveCfg = Release|x86
		{73EC143F-177E-4D5D-B85C-CA0692B274B6}.Release|Any CPU.Build.0 = Release|x86
		{73EC143F-177E-4D5D-B85C-CA0692B274B6}.Release|Any CPU.Deploy.0 = Release|x86
		{73EC143F-177E-4D5D-B85C-CA0692B274B6}.Release|ARM.ActiveCfg = Release|ARM
		{73EC143F-177E-4D5D-B85C-CA0692B274B6}.Release|ARM.Build.0 = Release|ARM
		{73EC143F-177E-4D5D-B85C-CA0692B274B6}.Release|ARM.Deploy.0 = Release|ARM
		{73EC143F-177E-4D5D-B85C-CA0692B274B6}.Release|iPhone.ActiveCfg = Release|x86
		{73EC143F-177E-4D5D-B85C-CA0692B274B6}.Release|iPhone.Build.0 = Release|x86
		{73EC143F-177E-4D5D-B85C-CA0692B274B6}.Release|iPhone.Deploy.0 = Release|x86
		{73EC143F-177E-4D5D-B85C-CA0692B274B6}.Release|iPhoneSimulator.ActiveCfg = Release|x86
		{73EC143F-177E-4D5D-B85C-CA0692B274B6}.Release|iPhoneSimulator.Build.0 = Release|x86
		{73EC143F-177E-4D5D-B85C-CA0692B274B6}.Release|iPhoneSimulator.Deploy.0 = Release|x86
		{73EC143F-177E-4D5D-B85C-CA0692B274B6}.Release|x64.ActiveCfg = Release|x64
		{73EC143F-177E-4D5D-B85C-CA0692B274B6}.Release|x64.Build.0 = Release|x64
		{73EC143F-177E-4D5D-B85C-CA0692B274B6}.Release|x64.Deploy.0 = Release|x64
		{73EC143F-177E-4D5D-B85C-CA0692B274B6}.Release|x86.ActiveCfg = Release|x86
		{73EC143F-177E-4D5D-B85C-CA0692B274B6}.Release|x86.Build.0 = Release|x86
		{73EC143F-177E-4D5D-B85C-CA0692B274B6}.Release|x86.Deploy.0 = Release|x86
		{37ADA3B8-A7C3-4292-833D-8AB9750C9975}.Ad-Hoc|Any CPU.ActiveCfg = Debug|Any CPU
		{37ADA3B8-A7C3-4292-833D-8AB9750C9975}.Ad-Hoc|Any CPU.Build.0 = Debug|Any CPU
		{37ADA3B8-A7C3-4292-833D-8AB9750C9975}.Ad-Hoc|Any CPU.Deploy.0 = Debug|Any CPU
		{37ADA3B8-A7C3-4292-833D-8AB9750C9975}.Ad-Hoc|ARM.ActiveCfg = Debug|Any CPU
		{37ADA3B8-A7C3-4292-833D-8AB9750C9975}.Ad-Hoc|ARM.Build.0 = Debug|Any CPU
		{37ADA3B8-A7C3-4292-833D-8AB9750C9975}.Ad-Hoc|ARM.Deploy.0 = Debug|Any CPU
		{37ADA3B8-A7C3-4292-833D-8AB9750C9975}.Ad-Hoc|iPhone.ActiveCfg = Debug|Any CPU
		{37ADA3B8-A7C3-4292-833D-8AB9750C9975}.Ad-Hoc|iPhone.Build.0 = Debug|Any CPU
		{37ADA3B8-A7C3-4292-833D-8AB9750C9975}.Ad-Hoc|iPhone.Deploy.0 = Debug|Any CPU
		{37ADA3B8-A7C3-4292-833D-8AB9750C9975}.Ad-Hoc|iPhoneSimulator.ActiveCfg = Debug|Any CPU
		{37ADA3B8-A7C3-4292-833D-8AB9750C9975}.Ad-Hoc|iPhoneSimulator.Build.0 = Debug|Any CPU
		{37ADA3B8-A7C3-4292-833D-8AB9750C9975}.Ad-Hoc|iPhoneSimulator.Deploy.0 = Debug|Any CPU
		{37ADA3B8-A7C3-4292-833D-8AB9750C9975}.Ad-Hoc|x64.ActiveCfg = Debug|Any CPU
		{37ADA3B8-A7C3-4292-833D-8AB9750C9975}.Ad-Hoc|x64.Build.0 = Debug|Any CPU
		{37ADA3B8-A7C3-4292-833D-8AB9750C9975}.Ad-Hoc|x64.Deploy.0 = Debug|Any CPU
		{37ADA3B8-A7C3-4292-833D-8AB9750C9975}.Ad-Hoc|x86.ActiveCfg = Debug|Any CPU
		{37ADA3B8-A7C3-4292-833D-8AB9750C9975}.Ad-Hoc|x86.Build.0 = Debug|Any CPU
		{37ADA3B8-A7C3-4292-833D-8AB9750C9975}.Ad-Hoc|x86.Deploy.0 = Debug|Any CPU
		{37ADA3B8-A7C3-4292-833D-8AB9750C9975}.AppStore|Any CPU.ActiveCfg = Debug|Any CPU
		{37ADA3B8-A7C3-4292-833D-8AB9750C9975}.AppStore|Any CPU.Build.0 = Debug|Any CPU
		{37ADA3B8-A7C3-4292-833D-8AB9750C9975}.AppStore|Any CPU.Deploy.0 = Debug|Any CPU
		{37ADA3B8-A7C3-4292-833D-8AB9750C9975}.AppStore|ARM.ActiveCfg = Debug|Any CPU
		{37ADA3B8-A7C3-4292-833D-8AB9750C9975}.AppStore|ARM.Build.0 = Debug|Any CPU
		{37ADA3B8-A7C3-4292-833D-8AB9750C9975}.AppStore|ARM.Deploy.0 = Debug|Any CPU
		{37ADA3B8-A7C3-4292-833D-8AB9750C9975}.AppStore|iPhone.ActiveCfg = Debug|Any CPU
		{37ADA3B8-A7C3-4292-833D-8AB9750C9975}.AppStore|iPhone.Build.0 = Debug|Any CPU
		{37ADA3B8-A7C3-4292-833D-8AB9750C9975}.AppStore|iPhone.Deploy.0 = Debug|Any CPU
		{37ADA3B8-A7C3-4292-833D-8AB9750C9975}.AppStore|iPhoneSimulator.ActiveCfg = Debug|Any CPU
		{37ADA3B8-A7C3-4292-833D-8AB9750C9975}.AppStore|iPhoneSimulator.Build.0 = Debug|Any CPU
		{37ADA3B8-A7C3-4292-833D-8AB9750C9975}.AppStore|iPhoneSimulator.Deploy.0 = Debug|Any CPU
		{37ADA3B8-A7C3-4292-833D-8AB9750C9975}.AppStore|x64.ActiveCfg = Debug|Any CPU
		{37ADA3B8-A7C3-4292-833D-8AB9750C9975}.AppStore|x64.Build.0 = Debug|Any CPU
		{37ADA3B8-A7C3-4292-833D-8AB9750C9975}.AppStore|x64.Deploy.0 = Debug|Any CPU
		{37ADA3B8-A7C3-4292-833D-8AB9750C9975}.AppStore|x86.ActiveCfg = Debug|Any CPU
		{37ADA3B8-A7C3-4292-833D-8AB9750C9975}.AppStore|x86.Build.0 = Debug|Any CPU
		{37ADA3B8-A7C3-4292-833D-8AB9750C9975}.AppStore|x86.Deploy.0 = Debug|Any CPU
		{37ADA3B8-A7C3-4292-833D-8AB9750C9975}.Debug|Any CPU.ActiveCfg = Debug|Any CPU
		{37ADA3B8-A7C3-4292-833D-8AB9750C9975}.Debug|Any CPU.Build.0 = Debug|Any CPU
		{37ADA3B8-A7C3-4292-833D-8AB9750C9975}.Debug|Any CPU.Deploy.0 = Debug|Any CPU
		{37ADA3B8-A7C3-4292-833D-8AB9750C9975}.Debug|ARM.ActiveCfg = Debug|Any CPU
		{37ADA3B8-A7C3-4292-833D-8AB9750C9975}.Debug|ARM.Build.0 = Debug|Any CPU
		{37ADA3B8-A7C3-4292-833D-8AB9750C9975}.Debug|ARM.Deploy.0 = Debug|Any CPU
		{37ADA3B8-A7C3-4292-833D-8AB9750C9975}.Debug|iPhone.ActiveCfg = Debug|Any CPU
		{37ADA3B8-A7C3-4292-833D-8AB9750C9975}.Debug|iPhone.Build.0 = Debug|Any CPU
		{37ADA3B8-A7C3-4292-833D-8AB9750C9975}.Debug|iPhone.Deploy.0 = Debug|Any CPU
		{37ADA3B8-A7C3-4292-833D-8AB9750C9975}.Debug|iPhoneSimulator.ActiveCfg = Debug|Any CPU
		{37ADA3B8-A7C3-4292-833D-8AB9750C9975}.Debug|iPhoneSimulator.Build.0 = Debug|Any CPU
		{37ADA3B8-A7C3-4292-833D-8AB9750C9975}.Debug|iPhoneSimulator.Deploy.0 = Debug|Any CPU
		{37ADA3B8-A7C3-4292-833D-8AB9750C9975}.Debug|x64.ActiveCfg = Debug|Any CPU
		{37ADA3B8-A7C3-4292-833D-8AB9750C9975}.Debug|x64.Build.0 = Debug|Any CPU
		{37ADA3B8-A7C3-4292-833D-8AB9750C9975}.Debug|x64.Deploy.0 = Debug|Any CPU
		{37ADA3B8-A7C3-4292-833D-8AB9750C9975}.Debug|x86.ActiveCfg = Debug|Any CPU
		{37ADA3B8-A7C3-4292-833D-8AB9750C9975}.Debug|x86.Build.0 = Debug|Any CPU
		{37ADA3B8-A7C3-4292-833D-8AB9750C9975}.Debug|x86.Deploy.0 = Debug|Any CPU
		{37ADA3B8-A7C3-4292-833D-8AB9750C9975}.Release|Any CPU.ActiveCfg = Release|Any CPU
		{37ADA3B8-A7C3-4292-833D-8AB9750C9975}.Release|Any CPU.Build.0 = Release|Any CPU
		{37ADA3B8-A7C3-4292-833D-8AB9750C9975}.Release|Any CPU.Deploy.0 = Release|Any CPU
		{37ADA3B8-A7C3-4292-833D-8AB9750C9975}.Release|ARM.ActiveCfg = Release|Any CPU
		{37ADA3B8-A7C3-4292-833D-8AB9750C9975}.Release|ARM.Build.0 = Release|Any CPU
		{37ADA3B8-A7C3-4292-833D-8AB9750C9975}.Release|ARM.Deploy.0 = Release|Any CPU
		{37ADA3B8-A7C3-4292-833D-8AB9750C9975}.Release|iPhone.ActiveCfg = Release|Any CPU
		{37ADA3B8-A7C3-4292-833D-8AB9750C9975}.Release|iPhone.Build.0 = Release|Any CPU
		{37ADA3B8-A7C3-4292-833D-8AB9750C9975}.Release|iPhone.Deploy.0 = Release|Any CPU
		{37ADA3B8-A7C3-4292-833D-8AB9750C9975}.Release|iPhoneSimulator.ActiveCfg = Release|Any CPU
		{37ADA3B8-A7C3-4292-833D-8AB9750C9975}.Release|iPhoneSimulator.Build.0 = Release|Any CPU
		{37ADA3B8-A7C3-4292-833D-8AB9750C9975}.Release|iPhoneSimulator.Deploy.0 = Release|Any CPU
		{37ADA3B8-A7C3-4292-833D-8AB9750C9975}.Release|x64.ActiveCfg = Release|Any CPU
		{37ADA3B8-A7C3-4292-833D-8AB9750C9975}.Release|x64.Build.0 = Release|Any CPU
		{37ADA3B8-A7C3-4292-833D-8AB9750C9975}.Release|x64.Deploy.0 = Release|Any CPU
		{37ADA3B8-A7C3-4292-833D-8AB9750C9975}.Release|x86.ActiveCfg = Release|Any CPU
		{37ADA3B8-A7C3-4292-833D-8AB9750C9975}.Release|x86.Build.0 = Release|Any CPU
		{37ADA3B8-A7C3-4292-833D-8AB9750C9975}.Release|x86.Deploy.0 = Release|Any CPU
	EndGlobalSection
	GlobalSection(SolutionProperties) = preSolution
		HideSolutionNode = FALSE
	EndGlobalSection
	GlobalSection(ExtensibilityGlobals) = postSolution
		SolutionGuid = {18020D36-18EE-4D99-953E-5647F26B6998}
	EndGlobalSection
EndGlobal
