
Microsoft Visual Studio Solution File, Format Version 12.00
# Visual Studio 15
VisualStudioVersion = 15.0.28010.2026
MinimumVisualStudioVersion = 10.0.40219.1
Project("{FAE04EC0-301F-11D3-BF4B-00C04F79EFBC}") = "DevEnvExeLogin.Android", "DevEnvExeLogin\DevEnvExeLogin.Android\DevEnvExeLogin.Android.csproj", "{7C2B343A-DE33-4478-8487-5D4B3B3B34A9}"
EndProject
Project("{FAE04EC0-301F-11D3-BF4B-00C04F79EFBC}") = "DevEnvExeLogin.iOS", "DevEnvExeLogin\DevEnvExeLogin.iOS\DevEnvExeLogin.iOS.csproj", "{4EE92150-99A0-4DB3-A186-D389C8301D4A}"
EndProject
Project("{FAE04EC0-301F-11D3-BF4B-00C04F79EFBC}") = "DevEnvExeLogin.UWP", "DevEnvExeLogin\DevEnvExeLogin.UWP\DevEnvExeLogin.UWP.csproj", "{B0CD0137-D2F5-4013-B1BA-AACECE113755}"
EndProject
Project("{FAE04EC0-301F-11D3-BF4B-00C04F79EFBC}") = "DevEnvExeLogin", "DevEnvExeLogin\DevEnvExeLogin\DevEnvExeLogin.csproj", "{825D6B08-4CCA-44FD-AA0D-1AC0B9507EDB}"
EndProject
Global
	GlobalSection(SolutionConfigurationPlatforms) = preSolution
		Ad-Hoc|Any CPU = Ad-Hoc|Any CPU
		Ad-Hoc|ARM = Ad-Hoc|ARM
		Ad-Hoc|iPhone = Ad-Hoc|iPhone
		Ad-Hoc|iPhoneSimulator = Ad-Hoc|iPhoneSimulator
		Ad-Hoc|x64 = Ad-Hoc|x64
		Ad-Hoc|x86 = Ad-Hoc|x86
		AppStore|Any CPU = AppStore|Any CPU
		AppStore|ARM = AppStore|ARM
		AppStore|iPhone = AppStore|iPhone
		AppStore|iPhoneSimulator = AppStore|iPhoneSimulator
		AppStore|x64 = AppStore|x64
		AppStore|x86 = AppStore|x86
		Debug|Any CPU = Debug|Any CPU
		Debug|ARM = Debug|ARM
		Debug|iPhone = Debug|iPhone
		Debug|iPhoneSimulator = Debug|iPhoneSimulator
		Debug|x64 = Debug|x64
		Debug|x86 = Debug|x86
		Release|Any CPU = Release|Any CPU
		Release|ARM = Release|ARM
		Release|iPhone = Release|iPhone
		Release|iPhoneSimulator = Release|iPhoneSimulator
		Release|x64 = Release|x64
		Release|x86 = Release|x86
	EndGlobalSection
	GlobalSection(ProjectConfigurationPlatforms) = postSolution
		{7C2B343A-DE33-4478-8487-5D4B3B3B34A9}.Ad-Hoc|Any CPU.ActiveCfg = Release|Any CPU
		{7C2B343A-DE33-4478-8487-5D4B3B3B34A9}.Ad-Hoc|Any CPU.Build.0 = Release|Any CPU
		{7C2B343A-DE33-4478-8487-5D4B3B3B34A9}.Ad-Hoc|Any CPU.Deploy.0 = Release|Any CPU
		{7C2B343A-DE33-4478-8487-5D4B3B3B34A9}.Ad-Hoc|ARM.ActiveCfg = Release|Any CPU
		{7C2B343A-DE33-4478-8487-5D4B3B3B34A9}.Ad-Hoc|ARM.Build.0 = Release|Any CPU
		{7C2B343A-DE33-4478-8487-5D4B3B3B34A9}.Ad-Hoc|ARM.Deploy.0 = Release|Any CPU
		{7C2B343A-DE33-4478-8487-5D4B3B3B34A9}.Ad-Hoc|iPhone.ActiveCfg = Release|Any CPU
		{7C2B343A-DE33-4478-8487-5D4B3B3B34A9}.Ad-Hoc|iPhone.Build.0 = Release|Any CPU
		{7C2B343A-DE33-4478-8487-5D4B3B3B34A9}.Ad-Hoc|iPhone.Deploy.0 = Release|Any CPU
		{7C2B343A-DE33-4478-8487-5D4B3B3B34A9}.Ad-Hoc|iPhoneSimulator.ActiveCfg = Release|Any CPU
		{7C2B343A-DE33-4478-8487-5D4B3B3B34A9}.Ad-Hoc|iPhoneSimulator.Build.0 = Release|Any CPU
		{7C2B343A-DE33-4478-8487-5D4B3B3B34A9}.Ad-Hoc|iPhoneSimulator.Deploy.0 = Release|Any CPU
		{7C2B343A-DE33-4478-8487-5D4B3B3B34A9}.Ad-Hoc|x64.ActiveCfg = Release|Any CPU
		{7C2B343A-DE33-4478-8487-5D4B3B3B34A9}.Ad-Hoc|x64.Build.0 = Release|Any CPU
		{7C2B343A-DE33-4478-8487-5D4B3B3B34A9}.Ad-Hoc|x64.Deploy.0 = Release|Any CPU
		{7C2B343A-DE33-4478-8487-5D4B3B3B34A9}.Ad-Hoc|x86.ActiveCfg = Release|Any CPU
		{7C2B343A-DE33-4478-8487-5D4B3B3B34A9}.Ad-Hoc|x86.Build.0 = Release|Any CPU
		{7C2B343A-DE33-4478-8487-5D4B3B3B34A9}.Ad-Hoc|x86.Deploy.0 = Release|Any CPU
		{7C2B343A-DE33-4478-8487-5D4B3B3B34A9}.AppStore|Any CPU.ActiveCfg = Release|Any CPU
		{7C2B343A-DE33-4478-8487-5D4B3B3B34A9}.AppStore|Any CPU.Build.0 = Release|Any CPU
		{7C2B343A-DE33-4478-8487-5D4B3B3B34A9}.AppStore|Any CPU.Deploy.0 = Release|Any CPU
		{7C2B343A-DE33-4478-8487-5D4B3B3B34A9}.AppStore|ARM.ActiveCfg = Release|Any CPU
		{7C2B343A-DE33-4478-8487-5D4B3B3B34A9}.AppStore|ARM.Build.0 = Release|Any CPU
		{7C2B343A-DE33-4478-8487-5D4B3B3B34A9}.AppStore|ARM.Deploy.0 = Release|Any CPU
		{7C2B343A-DE33-4478-8487-5D4B3B3B34A9}.AppStore|iPhone.ActiveCfg = Release|Any CPU
		{7C2B343A-DE33-4478-8487-5D4B3B3B34A9}.AppStore|iPhone.Build.0 = Release|Any CPU
		{7C2B343A-DE33-4478-8487-5D4B3B3B34A9}.AppStore|iPhone.Deploy.0 = Release|Any CPU
		{7C2B343A-DE33-4478-8487-5D4B3B3B34A9}.AppStore|iPhoneSimulator.ActiveCfg = Release|Any CPU
		{7C2B343A-DE33-4478-8487-5D4B3B3B34A9}.AppStore|iPhoneSimulator.Build.0 = Release|Any CPU
		{7C2B343A-DE33-4478-8487-5D4B3B3B34A9}.AppStore|iPhoneSimulator.Deploy.0 = Release|Any CPU
		{7C2B343A-DE33-4478-8487-5D4B3B3B34A9}.AppStore|x64.ActiveCfg = Release|Any CPU
		{7C2B343A-DE33-4478-8487-5D4B3B3B34A9}.AppStore|x64.Build.0 = Release|Any CPU
		{7C2B343A-DE33-4478-8487-5D4B3B3B34A9}.AppStore|x64.Deploy.0 = Release|Any CPU
		{7C2B343A-DE33-4478-8487-5D4B3B3B34A9}.AppStore|x86.ActiveCfg = Release|Any CPU
		{7C2B343A-DE33-4478-8487-5D4B3B3B34A9}.AppStore|x86.Build.0 = Release|Any CPU
		{7C2B343A-DE33-4478-8487-5D4B3B3B34A9}.AppStore|x86.Deploy.0 = Release|Any CPU
		{7C2B343A-DE33-4478-8487-5D4B3B3B34A9}.Debug|Any CPU.ActiveCfg = Debug|Any CPU
		{7C2B343A-DE33-4478-8487-5D4B3B3B34A9}.Debug|Any CPU.Build.0 = Debug|Any CPU
		{7C2B343A-DE33-4478-8487-5D4B3B3B34A9}.Debug|Any CPU.Deploy.0 = Debug|Any CPU
		{7C2B343A-DE33-4478-8487-5D4B3B3B34A9}.Debug|ARM.ActiveCfg = Debug|Any CPU
		{7C2B343A-DE33-4478-8487-5D4B3B3B34A9}.Debug|ARM.Build.0 = Debug|Any CPU
		{7C2B343A-DE33-4478-8487-5D4B3B3B34A9}.Debug|ARM.Deploy.0 = Debug|Any CPU
		{7C2B343A-DE33-4478-8487-5D4B3B3B34A9}.Debug|iPhone.ActiveCfg = Debug|Any CPU
		{7C2B343A-DE33-4478-8487-5D4B3B3B34A9}.Debug|iPhone.Build.0 = Debug|Any CPU
		{7C2B343A-DE33-4478-8487-5D4B3B3B34A9}.Debug|iPhone.Deploy.0 = Debug|Any CPU
		{7C2B343A-DE33-4478-8487-5D4B3B3B34A9}.Debug|iPhoneSimulator.ActiveCfg = Debug|Any CPU
		{7C2B343A-DE33-4478-8487-5D4B3B3B34A9}.Debug|iPhoneSimulator.Build.0 = Debug|Any CPU
		{7C2B343A-DE33-4478-8487-5D4B3B3B34A9}.Debug|iPhoneSimulator.Deploy.0 = Debug|Any CPU
		{7C2B343A-DE33-4478-8487-5D4B3B3B34A9}.Debug|x64.ActiveCfg = Debug|Any CPU
		{7C2B343A-DE33-4478-8487-5D4B3B3B34A9}.Debug|x64.Build.0 = Debug|Any CPU
		{7C2B343A-DE33-4478-8487-5D4B3B3B34A9}.Debug|x64.Deploy.0 = Debug|Any CPU
		{7C2B343A-DE33-4478-8487-5D4B3B3B34A9}.Debug|x86.ActiveCfg = Debug|Any CPU
		{7C2B343A-DE33-4478-8487-5D4B3B3B34A9}.Debug|x86.Build.0 = Debug|Any CPU
		{7C2B343A-DE33-4478-8487-5D4B3B3B34A9}.Debug|x86.Deploy.0 = Debug|Any CPU
		{7C2B343A-DE33-4478-8487-5D4B3B3B34A9}.Release|Any CPU.ActiveCfg = Release|Any CPU
		{7C2B343A-DE33-4478-8487-5D4B3B3B34A9}.Release|Any CPU.Build.0 = Release|Any CPU
		{7C2B343A-DE33-4478-8487-5D4B3B3B34A9}.Release|Any CPU.Deploy.0 = Release|Any CPU
		{7C2B343A-DE33-4478-8487-5D4B3B3B34A9}.Release|ARM.ActiveCfg = Release|Any CPU
		{7C2B343A-DE33-4478-8487-5D4B3B3B34A9}.Release|ARM.Build.0 = Release|Any CPU
		{7C2B343A-DE33-4478-8487-5D4B3B3B34A9}.Release|ARM.Deploy.0 = Release|Any CPU
		{7C2B343A-DE33-4478-8487-5D4B3B3B34A9}.Release|iPhone.ActiveCfg = Release|Any CPU
		{7C2B343A-DE33-4478-8487-5D4B3B3B34A9}.Release|iPhone.Build.0 = Release|Any CPU
		{7C2B343A-DE33-4478-8487-5D4B3B3B34A9}.Release|iPhone.Deploy.0 = Release|Any CPU
		{7C2B343A-DE33-4478-8487-5D4B3B3B34A9}.Release|iPhoneSimulator.ActiveCfg = Release|Any CPU
		{7C2B343A-DE33-4478-8487-5D4B3B3B34A9}.Release|iPhoneSimulator.Build.0 = Release|Any CPU
		{7C2B343A-DE33-4478-8487-5D4B3B3B34A9}.Release|iPhoneSimulator.Deploy.0 = Release|Any CPU
		{7C2B343A-DE33-4478-8487-5D4B3B3B34A9}.Release|x64.ActiveCfg = Release|Any CPU
		{7C2B343A-DE33-4478-8487-5D4B3B3B34A9}.Release|x64.Build.0 = Release|Any CPU
		{7C2B343A-DE33-4478-8487-5D4B3B3B34A9}.Release|x64.Deploy.0 = Release|Any CPU
		{7C2B343A-DE33-4478-8487-5D4B3B3B34A9}.Release|x86.ActiveCfg = Release|Any CPU
		{7C2B343A-DE33-4478-8487-5D4B3B3B34A9}.Release|x86.Build.0 = Release|Any CPU
		{7C2B343A-DE33-4478-8487-5D4B3B3B34A9}.Release|x86.Deploy.0 = Release|Any CPU
		{4EE92150-99A0-4DB3-A186-D389C8301D4A}.Ad-Hoc|Any CPU.ActiveCfg = Ad-Hoc|iPhone
		{4EE92150-99A0-4DB3-A186-D389C8301D4A}.Ad-Hoc|Any CPU.Build.0 = Ad-Hoc|iPhone
		{4EE92150-99A0-4DB3-A186-D389C8301D4A}.Ad-Hoc|Any CPU.Deploy.0 = Ad-Hoc|iPhone
		{4EE92150-99A0-4DB3-A186-D389C8301D4A}.Ad-Hoc|ARM.ActiveCfg = Ad-Hoc|iPhone
		{4EE92150-99A0-4DB3-A186-D389C8301D4A}.Ad-Hoc|ARM.Build.0 = Ad-Hoc|iPhone
		{4EE92150-99A0-4DB3-A186-D389C8301D4A}.Ad-Hoc|ARM.Deploy.0 = Ad-Hoc|iPhone
		{4EE92150-99A0-4DB3-A186-D389C8301D4A}.Ad-Hoc|iPhone.ActiveCfg = Ad-Hoc|iPhone
		{4EE92150-99A0-4DB3-A186-D389C8301D4A}.Ad-Hoc|iPhone.Build.0 = Ad-Hoc|iPhone
		{4EE92150-99A0-4DB3-A186-D389C8301D4A}.Ad-Hoc|iPhone.Deploy.0 = Ad-Hoc|iPhone
		{4EE92150-99A0-4DB3-A186-D389C8301D4A}.Ad-Hoc|iPhoneSimulator.ActiveCfg = Ad-Hoc|iPhoneSimulator
		{4EE92150-99A0-4DB3-A186-D389C8301D4A}.Ad-Hoc|iPhoneSimulator.Build.0 = Ad-Hoc|iPhoneSimulator
		{4EE92150-99A0-4DB3-A186-D389C8301D4A}.Ad-Hoc|iPhoneSimulator.Deploy.0 = Ad-Hoc|iPhoneSimulator
		{4EE92150-99A0-4DB3-A186-D389C8301D4A}.Ad-Hoc|x64.ActiveCfg = Ad-Hoc|iPhone
		{4EE92150-99A0-4DB3-A186-D389C8301D4A}.Ad-Hoc|x64.Build.0 = Ad-Hoc|iPhone
		{4EE92150-99A0-4DB3-A186-D389C8301D4A}.Ad-Hoc|x64.Deploy.0 = Ad-Hoc|iPhone
		{4EE92150-99A0-4DB3-A186-D389C8301D4A}.Ad-Hoc|x86.ActiveCfg = Ad-Hoc|iPhone
		{4EE92150-99A0-4DB3-A186-D389C8301D4A}.Ad-Hoc|x86.Build.0 = Ad-Hoc|iPhone
		{4EE92150-99A0-4DB3-A186-D389C8301D4A}.Ad-Hoc|x86.Deploy.0 = Ad-Hoc|iPhone
		{4EE92150-99A0-4DB3-A186-D389C8301D4A}.AppStore|Any CPU.ActiveCfg = AppStore|iPhone
		{4EE92150-99A0-4DB3-A186-D389C8301D4A}.AppStore|Any CPU.Build.0 = AppStore|iPhone
		{4EE92150-99A0-4DB3-A186-D389C8301D4A}.AppStore|Any CPU.Deploy.0 = AppStore|iPhone
		{4EE92150-99A0-4DB3-A186-D389C8301D4A}.AppStore|ARM.ActiveCfg = AppStore|iPhone
		{4EE92150-99A0-4DB3-A186-D389C8301D4A}.AppStore|ARM.Build.0 = AppStore|iPhone
		{4EE92150-99A0-4DB3-A186-D389C8301D4A}.AppStore|ARM.Deploy.0 = AppStore|iPhone
		{4EE92150-99A0-4DB3-A186-D389C8301D4A}.AppStore|iPhone.ActiveCfg = AppStore|iPhone
		{4EE92150-99A0-4DB3-A186-D389C8301D4A}.AppStore|iPhone.Build.0 = AppStore|iPhone
		{4EE92150-99A0-4DB3-A186-D389C8301D4A}.AppStore|iPhone.Deploy.0 = AppStore|iPhone
		{4EE92150-99A0-4DB3-A186-D389C8301D4A}.AppStore|iPhoneSimulator.ActiveCfg = AppStore|iPhoneSimulator
		{4EE92150-99A0-4DB3-A186-D389C8301D4A}.AppStore|iPhoneSimulator.Build.0 = AppStore|iPhoneSimulator
		{4EE92150-99A0-4DB3-A186-D389C8301D4A}.AppStore|iPhoneSimulator.Deploy.0 = AppStore|iPhoneSimulator
		{4EE92150-99A0-4DB3-A186-D389C8301D4A}.AppStore|x64.ActiveCfg = AppStore|iPhone
		{4EE92150-99A0-4DB3-A186-D389C8301D4A}.AppStore|x64.Build.0 = AppStore|iPhone
		{4EE92150-99A0-4DB3-A186-D389C8301D4A}.AppStore|x64.Deploy.0 = AppStore|iPhone
		{4EE92150-99A0-4DB3-A186-D389C8301D4A}.AppStore|x86.ActiveCfg = AppStore|iPhone
		{4EE92150-99A0-4DB3-A186-D389C8301D4A}.AppStore|x86.Build.0 = AppStore|iPhone
		{4EE92150-99A0-4DB3-A186-D389C8301D4A}.AppStore|x86.Deploy.0 = AppStore|iPhone
		{4EE92150-99A0-4DB3-A186-D389C8301D4A}.Debug|Any CPU.ActiveCfg = Debug|iPhoneSimulator
		{4EE92150-99A0-4DB3-A186-D389C8301D4A}.Debug|Any CPU.Build.0 = Debug|iPhoneSimulator
		{4EE92150-99A0-4DB3-A186-D389C8301D4A}.Debug|Any CPU.Deploy.0 = Debug|iPhoneSimulator
		{4EE92150-99A0-4DB3-A186-D389C8301D4A}.Debug|ARM.ActiveCfg = Debug|iPhone
		{4EE92150-99A0-4DB3-A186-D389C8301D4A}.Debug|ARM.Build.0 = Debug|iPhone
		{4EE92150-99A0-4DB3-A186-D389C8301D4A}.Debug|ARM.Deploy.0 = Debug|iPhone
		{4EE92150-99A0-4DB3-A186-D389C8301D4A}.Debug|iPhone.ActiveCfg = Debug|iPhone
		{4EE92150-99A0-4DB3-A186-D389C8301D4A}.Debug|iPhone.Build.0 = Debug|iPhone
		{4EE92150-99A0-4DB3-A186-D389C8301D4A}.Debug|iPhone.Deploy.0 = Debug|iPhone
		{4EE92150-99A0-4DB3-A186-D389C8301D4A}.Debug|iPhoneSimulator.ActiveCfg = Debug|iPhoneSimulator
		{4EE92150-99A0-4DB3-A186-D389C8301D4A}.Debug|iPhoneSimulator.Build.0 = Debug|iPhoneSimulator
		{4EE92150-99A0-4DB3-A186-D389C8301D4A}.Debug|iPhoneSimulator.Deploy.0 = Debug|iPhoneSimulator
		{4EE92150-99A0-4DB3-A186-D389C8301D4A}.Debug|x64.ActiveCfg = Debug|iPhone
		{4EE92150-99A0-4DB3-A186-D389C8301D4A}.Debug|x64.Build.0 = Debug|iPhone
		{4EE92150-99A0-4DB3-A186-D389C8301D4A}.Debug|x64.Deploy.0 = Debug|iPhone
		{4EE92150-99A0-4DB3-A186-D389C8301D4A}.Debug|x86.ActiveCfg = Debug|iPhone
		{4EE92150-99A0-4DB3-A186-D389C8301D4A}.Debug|x86.Build.0 = Debug|iPhone
		{4EE92150-99A0-4DB3-A186-D389C8301D4A}.Debug|x86.Deploy.0 = Debug|iPhone
		{4EE92150-99A0-4DB3-A186-D389C8301D4A}.Release|Any CPU.ActiveCfg = Release|iPhone
		{4EE92150-99A0-4DB3-A186-D389C8301D4A}.Release|Any CPU.Build.0 = Release|iPhone
		{4EE92150-99A0-4DB3-A186-D389C8301D4A}.Release|Any CPU.Deploy.0 = Release|iPhone
		{4EE92150-99A0-4DB3-A186-D389C8301D4A}.Release|ARM.ActiveCfg = Release|iPhone
		{4EE92150-99A0-4DB3-A186-D389C8301D4A}.Release|ARM.Build.0 = Release|iPhone
		{4EE92150-99A0-4DB3-A186-D389C8301D4A}.Release|ARM.Deploy.0 = Release|iPhone
		{4EE92150-99A0-4DB3-A186-D389C8301D4A}.Release|iPhone.ActiveCfg = Release|iPhone
		{4EE92150-99A0-4DB3-A186-D389C8301D4A}.Release|iPhone.Build.0 = Release|iPhone
		{4EE92150-99A0-4DB3-A186-D389C8301D4A}.Release|iPhone.Deploy.0 = Release|iPhone
		{4EE92150-99A0-4DB3-A186-D389C8301D4A}.Release|iPhoneSimulator.ActiveCfg = Release|iPhoneSimulator
		{4EE92150-99A0-4DB3-A186-D389C8301D4A}.Release|iPhoneSimulator.Build.0 = Release|iPhoneSimulator
		{4EE92150-99A0-4DB3-A186-D389C8301D4A}.Release|iPhoneSimulator.Deploy.0 = Release|iPhoneSimulator
		{4EE92150-99A0-4DB3-A186-D389C8301D4A}.Release|x64.ActiveCfg = Release|iPhone
		{4EE92150-99A0-4DB3-A186-D389C8301D4A}.Release|x64.Build.0 = Release|iPhone
		{4EE92150-99A0-4DB3-A186-D389C8301D4A}.Release|x64.Deploy.0 = Release|iPhone
		{4EE92150-99A0-4DB3-A186-D389C8301D4A}.Release|x86.ActiveCfg = Release|iPhone
		{4EE92150-99A0-4DB3-A186-D389C8301D4A}.Release|x86.Build.0 = Release|iPhone
		{4EE92150-99A0-4DB3-A186-D389C8301D4A}.Release|x86.Deploy.0 = Release|iPhone
		{B0CD0137-D2F5-4013-B1BA-AACECE113755}.Ad-Hoc|Any CPU.ActiveCfg = Release|x86
		{B0CD0137-D2F5-4013-B1BA-AACECE113755}.Ad-Hoc|Any CPU.Build.0 = Release|x86
		{B0CD0137-D2F5-4013-B1BA-AACECE113755}.Ad-Hoc|Any CPU.Deploy.0 = Release|x86
		{B0CD0137-D2F5-4013-B1BA-AACECE113755}.Ad-Hoc|ARM.ActiveCfg = Release|ARM
		{B0CD0137-D2F5-4013-B1BA-AACECE113755}.Ad-Hoc|ARM.Build.0 = Release|ARM
		{B0CD0137-D2F5-4013-B1BA-AACECE113755}.Ad-Hoc|ARM.Deploy.0 = Release|ARM
		{B0CD0137-D2F5-4013-B1BA-AACECE113755}.Ad-Hoc|iPhone.ActiveCfg = Release|x86
		{B0CD0137-D2F5-4013-B1BA-AACECE113755}.Ad-Hoc|iPhone.Build.0 = Release|x86
		{B0CD0137-D2F5-4013-B1BA-AACECE113755}.Ad-Hoc|iPhone.Deploy.0 = Release|x86
		{B0CD0137-D2F5-4013-B1BA-AACECE113755}.Ad-Hoc|iPhoneSimulator.ActiveCfg = Release|x86
		{B0CD0137-D2F5-4013-B1BA-AACECE113755}.Ad-Hoc|iPhoneSimulator.Build.0 = Release|x86
		{B0CD0137-D2F5-4013-B1BA-AACECE113755}.Ad-Hoc|iPhoneSimulator.Deploy.0 = Release|x86
		{B0CD0137-D2F5-4013-B1BA-AACECE113755}.Ad-Hoc|x64.ActiveCfg = Release|x64
		{B0CD0137-D2F5-4013-B1BA-AACECE113755}.Ad-Hoc|x64.Build.0 = Release|x64
		{B0CD0137-D2F5-4013-B1BA-AACECE113755}.Ad-Hoc|x64.Deploy.0 = Release|x64
		{B0CD0137-D2F5-4013-B1BA-AACECE113755}.Ad-Hoc|x86.ActiveCfg = Release|x86
		{B0CD0137-D2F5-4013-B1BA-AACECE113755}.Ad-Hoc|x86.Build.0 = Release|x86
		{B0CD0137-D2F5-4013-B1BA-AACECE113755}.Ad-Hoc|x86.Deploy.0 = Release|x86
		{B0CD0137-D2F5-4013-B1BA-AACECE113755}.AppStore|Any CPU.ActiveCfg = Release|x86
		{B0CD0137-D2F5-4013-B1BA-AACECE113755}.AppStore|Any CPU.Build.0 = Release|x86
		{B0CD0137-D2F5-4013-B1BA-AACECE113755}.AppStore|Any CPU.Deploy.0 = Release|x86
		{B0CD0137-D2F5-4013-B1BA-AACECE113755}.AppStore|ARM.ActiveCfg = Release|ARM
		{B0CD0137-D2F5-4013-B1BA-AACECE113755}.AppStore|ARM.Build.0 = Release|ARM
		{B0CD0137-D2F5-4013-B1BA-AACECE113755}.AppStore|ARM.Deploy.0 = Release|ARM
		{B0CD0137-D2F5-4013-B1BA-AACECE113755}.AppStore|iPhone.ActiveCfg = Release|x86
		{B0CD0137-D2F5-4013-B1BA-AACECE113755}.AppStore|iPhone.Build.0 = Release|x86
		{B0CD0137-D2F5-4013-B1BA-AACECE113755}.AppStore|iPhone.Deploy.0 = Release|x86
		{B0CD0137-D2F5-4013-B1BA-AACECE113755}.AppStore|iPhoneSimulator.ActiveCfg = Release|x86
		{B0CD0137-D2F5-4013-B1BA-AACECE113755}.AppStore|iPhoneSimulator.Build.0 = Release|x86
		{B0CD0137-D2F5-4013-B1BA-AACECE113755}.AppStore|iPhoneSimulator.Deploy.0 = Release|x86
		{B0CD0137-D2F5-4013-B1BA-AACECE113755}.AppStore|x64.ActiveCfg = Release|x64
		{B0CD0137-D2F5-4013-B1BA-AACECE113755}.AppStore|x64.Build.0 = Release|x64
		{B0CD0137-D2F5-4013-B1BA-AACECE113755}.AppStore|x64.Deploy.0 = Release|x64
		{B0CD0137-D2F5-4013-B1BA-AACECE113755}.AppStore|x86.ActiveCfg = Release|x86
		{B0CD0137-D2F5-4013-B1BA-AACECE113755}.AppStore|x86.Build.0 = Release|x86
		{B0CD0137-D2F5-4013-B1BA-AACECE113755}.AppStore|x86.Deploy.0 = Release|x86
		{B0CD0137-D2F5-4013-B1BA-AACECE113755}.Debug|Any CPU.ActiveCfg = Debug|x86
		{B0CD0137-D2F5-4013-B1BA-AACECE113755}.Debug|Any CPU.Build.0 = Debug|x86
		{B0CD0137-D2F5-4013-B1BA-AACECE113755}.Debug|Any CPU.Deploy.0 = Debug|x86
		{B0CD0137-D2F5-4013-B1BA-AACECE113755}.Debug|ARM.ActiveCfg = Debug|ARM
		{B0CD0137-D2F5-4013-B1BA-AACECE113755}.Debug|ARM.Build.0 = Debug|ARM
		{B0CD0137-D2F5-4013-B1BA-AACECE113755}.Debug|ARM.Deploy.0 = Debug|ARM
		{B0CD0137-D2F5-4013-B1BA-AACECE113755}.Debug|iPhone.ActiveCfg = Debug|x86
		{B0CD0137-D2F5-4013-B1BA-AACECE113755}.Debug|iPhone.Build.0 = Debug|x86
		{B0CD0137-D2F5-4013-B1BA-AACECE113755}.Debug|iPhone.Deploy.0 = Debug|x86
		{B0CD0137-D2F5-4013-B1BA-AACECE113755}.Debug|iPhoneSimulator.ActiveCfg = Debug|x86
		{B0CD0137-D2F5-4013-B1BA-AACECE113755}.Debug|iPhoneSimulator.Build.0 = Debug|x86
		{B0CD0137-D2F5-4013-B1BA-AACECE113755}.Debug|iPhoneSimulator.Deploy.0 = Debug|x86
		{B0CD0137-D2F5-4013-B1BA-AACECE113755}.Debug|x64.ActiveCfg = Debug|x64
		{B0CD0137-D2F5-4013-B1BA-AACECE113755}.Debug|x64.Build.0 = Debug|x64
		{B0CD0137-D2F5-4013-B1BA-AACECE113755}.Debug|x64.Deploy.0 = Debug|x64
		{B0CD0137-D2F5-4013-B1BA-AACECE113755}.Debug|x86.ActiveCfg = Debug|x86
		{B0CD0137-D2F5-4013-B1BA-AACECE113755}.Debug|x86.Build.0 = Debug|x86
		{B0CD0137-D2F5-4013-B1BA-AACECE113755}.Debug|x86.Deploy.0 = Debug|x86
		{B0CD0137-D2F5-4013-B1BA-AACECE113755}.Release|Any CPU.ActiveCfg = Release|x86
		{B0CD0137-D2F5-4013-B1BA-AACECE113755}.Release|Any CPU.Build.0 = Release|x86
		{B0CD0137-D2F5-4013-B1BA-AACECE113755}.Release|Any CPU.Deploy.0 = Release|x86
		{B0CD0137-D2F5-4013-B1BA-AACECE113755}.Release|ARM.ActiveCfg = Release|ARM
		{B0CD0137-D2F5-4013-B1BA-AACECE113755}.Release|ARM.Build.0 = Release|ARM
		{B0CD0137-D2F5-4013-B1BA-AACECE113755}.Release|ARM.Deploy.0 = Release|ARM
		{B0CD0137-D2F5-4013-B1BA-AACECE113755}.Release|iPhone.ActiveCfg = Release|x86
		{B0CD0137-D2F5-4013-B1BA-AACECE113755}.Release|iPhone.Build.0 = Release|x86
		{B0CD0137-D2F5-4013-B1BA-AACECE113755}.Release|iPhone.Deploy.0 = Release|x86
		{B0CD0137-D2F5-4013-B1BA-AACECE113755}.Release|iPhoneSimulator.ActiveCfg = Release|x86
		{B0CD0137-D2F5-4013-B1BA-AACECE113755}.Release|iPhoneSimulator.Build.0 = Release|x86
		{B0CD0137-D2F5-4013-B1BA-AACECE113755}.Release|iPhoneSimulator.Deploy.0 = Release|x86
		{B0CD0137-D2F5-4013-B1BA-AACECE113755}.Release|x64.ActiveCfg = Release|x64
		{B0CD0137-D2F5-4013-B1BA-AACECE113755}.Release|x64.Build.0 = Release|x64
		{B0CD0137-D2F5-4013-B1BA-AACECE113755}.Release|x64.Deploy.0 = Release|x64
		{B0CD0137-D2F5-4013-B1BA-AACECE113755}.Release|x86.ActiveCfg = Release|x86
		{B0CD0137-D2F5-4013-B1BA-AACECE113755}.Release|x86.Build.0 = Release|x86
		{B0CD0137-D2F5-4013-B1BA-AACECE113755}.Release|x86.Deploy.0 = Release|x86
		{825D6B08-4CCA-44FD-AA0D-1AC0B9507EDB}.Ad-Hoc|Any CPU.ActiveCfg = Debug|Any CPU
		{825D6B08-4CCA-44FD-AA0D-1AC0B9507EDB}.Ad-Hoc|Any CPU.Build.0 = Debug|Any CPU
		{825D6B08-4CCA-44FD-AA0D-1AC0B9507EDB}.Ad-Hoc|Any CPU.Deploy.0 = Debug|Any CPU
		{825D6B08-4CCA-44FD-AA0D-1AC0B9507EDB}.Ad-Hoc|ARM.ActiveCfg = Debug|Any CPU
		{825D6B08-4CCA-44FD-AA0D-1AC0B9507EDB}.Ad-Hoc|ARM.Build.0 = Debug|Any CPU
		{825D6B08-4CCA-44FD-AA0D-1AC0B9507EDB}.Ad-Hoc|ARM.Deploy.0 = Debug|Any CPU
		{825D6B08-4CCA-44FD-AA0D-1AC0B9507EDB}.Ad-Hoc|iPhone.ActiveCfg = Debug|Any CPU
		{825D6B08-4CCA-44FD-AA0D-1AC0B9507EDB}.Ad-Hoc|iPhone.Build.0 = Debug|Any CPU
		{825D6B08-4CCA-44FD-AA0D-1AC0B9507EDB}.Ad-Hoc|iPhone.Deploy.0 = Debug|Any CPU
		{825D6B08-4CCA-44FD-AA0D-1AC0B9507EDB}.Ad-Hoc|iPhoneSimulator.ActiveCfg = Debug|Any CPU
		{825D6B08-4CCA-44FD-AA0D-1AC0B9507EDB}.Ad-Hoc|iPhoneSimulator.Build.0 = Debug|Any CPU
		{825D6B08-4CCA-44FD-AA0D-1AC0B9507EDB}.Ad-Hoc|iPhoneSimulator.Deploy.0 = Debug|Any CPU
		{825D6B08-4CCA-44FD-AA0D-1AC0B9507EDB}.Ad-Hoc|x64.ActiveCfg = Debug|Any CPU
		{825D6B08-4CCA-44FD-AA0D-1AC0B9507EDB}.Ad-Hoc|x64.Build.0 = Debug|Any CPU
		{825D6B08-4CCA-44FD-AA0D-1AC0B9507EDB}.Ad-Hoc|x64.Deploy.0 = Debug|Any CPU
		{825D6B08-4CCA-44FD-AA0D-1AC0B9507EDB}.Ad-Hoc|x86.ActiveCfg = Debug|Any CPU
		{825D6B08-4CCA-44FD-AA0D-1AC0B9507EDB}.Ad-Hoc|x86.Build.0 = Debug|Any CPU
		{825D6B08-4CCA-44FD-AA0D-1AC0B9507EDB}.Ad-Hoc|x86.Deploy.0 = Debug|Any CPU
		{825D6B08-4CCA-44FD-AA0D-1AC0B9507EDB}.AppStore|Any CPU.ActiveCfg = Debug|Any CPU
		{825D6B08-4CCA-44FD-AA0D-1AC0B9507EDB}.AppStore|Any CPU.Build.0 = Debug|Any CPU
		{825D6B08-4CCA-44FD-AA0D-1AC0B9507EDB}.AppStore|Any CPU.Deploy.0 = Debug|Any CPU
		{825D6B08-4CCA-44FD-AA0D-1AC0B9507EDB}.AppStore|ARM.ActiveCfg = Debug|Any CPU
		{825D6B08-4CCA-44FD-AA0D-1AC0B9507EDB}.AppStore|ARM.Build.0 = Debug|Any CPU
		{825D6B08-4CCA-44FD-AA0D-1AC0B9507EDB}.AppStore|ARM.Deploy.0 = Debug|Any CPU
		{825D6B08-4CCA-44FD-AA0D-1AC0B9507EDB}.AppStore|iPhone.ActiveCfg = Debug|Any CPU
		{825D6B08-4CCA-44FD-AA0D-1AC0B9507EDB}.AppStore|iPhone.Build.0 = Debug|Any CPU
		{825D6B08-4CCA-44FD-AA0D-1AC0B9507EDB}.AppStore|iPhone.Deploy.0 = Debug|Any CPU
		{825D6B08-4CCA-44FD-AA0D-1AC0B9507EDB}.AppStore|iPhoneSimulator.ActiveCfg = Debug|Any CPU
		{825D6B08-4CCA-44FD-AA0D-1AC0B9507EDB}.AppStore|iPhoneSimulator.Build.0 = Debug|Any CPU
		{825D6B08-4CCA-44FD-AA0D-1AC0B9507EDB}.AppStore|iPhoneSimulator.Deploy.0 = Debug|Any CPU
		{825D6B08-4CCA-44FD-AA0D-1AC0B9507EDB}.AppStore|x64.ActiveCfg = Debug|Any CPU
		{825D6B08-4CCA-44FD-AA0D-1AC0B9507EDB}.AppStore|x64.Build.0 = Debug|Any CPU
		{825D6B08-4CCA-44FD-AA0D-1AC0B9507EDB}.AppStore|x64.Deploy.0 = Debug|Any CPU
		{825D6B08-4CCA-44FD-AA0D-1AC0B9507EDB}.AppStore|x86.ActiveCfg = Debug|Any CPU
		{825D6B08-4CCA-44FD-AA0D-1AC0B9507EDB}.AppStore|x86.Build.0 = Debug|Any CPU
		{825D6B08-4CCA-44FD-AA0D-1AC0B9507EDB}.AppStore|x86.Deploy.0 = Debug|Any CPU
		{825D6B08-4CCA-44FD-AA0D-1AC0B9507EDB}.Debug|Any CPU.ActiveCfg = Debug|Any CPU
		{825D6B08-4CCA-44FD-AA0D-1AC0B9507EDB}.Debug|Any CPU.Build.0 = Debug|Any CPU
		{825D6B08-4CCA-44FD-AA0D-1AC0B9507EDB}.Debug|Any CPU.Deploy.0 = Debug|Any CPU
		{825D6B08-4CCA-44FD-AA0D-1AC0B9507EDB}.Debug|ARM.ActiveCfg = Debug|Any CPU
		{825D6B08-4CCA-44FD-AA0D-1AC0B9507EDB}.Debug|ARM.Build.0 = Debug|Any CPU
		{825D6B08-4CCA-44FD-AA0D-1AC0B9507EDB}.Debug|ARM.Deploy.0 = Debug|Any CPU
		{825D6B08-4CCA-44FD-AA0D-1AC0B9507EDB}.Debug|iPhone.ActiveCfg = Debug|Any CPU
		{825D6B08-4CCA-44FD-AA0D-1AC0B9507EDB}.Debug|iPhone.Build.0 = Debug|Any CPU
		{825D6B08-4CCA-44FD-AA0D-1AC0B9507EDB}.Debug|iPhone.Deploy.0 = Debug|Any CPU
		{825D6B08-4CCA-44FD-AA0D-1AC0B9507EDB}.Debug|iPhoneSimulator.ActiveCfg = Debug|Any CPU
		{825D6B08-4CCA-44FD-AA0D-1AC0B9507EDB}.Debug|iPhoneSimulator.Build.0 = Debug|Any CPU
		{825D6B08-4CCA-44FD-AA0D-1AC0B9507EDB}.Debug|iPhoneSimulator.Deploy.0 = Debug|Any CPU
		{825D6B08-4CCA-44FD-AA0D-1AC0B9507EDB}.Debug|x64.ActiveCfg = Debug|Any CPU
		{825D6B08-4CCA-44FD-AA0D-1AC0B9507EDB}.Debug|x64.Build.0 = Debug|Any CPU
		{825D6B08-4CCA-44FD-AA0D-1AC0B9507EDB}.Debug|x64.Deploy.0 = Debug|Any CPU
		{825D6B08-4CCA-44FD-AA0D-1AC0B9507EDB}.Debug|x86.ActiveCfg = Debug|Any CPU
		{825D6B08-4CCA-44FD-AA0D-1AC0B9507EDB}.Debug|x86.Build.0 = Debug|Any CPU
		{825D6B08-4CCA-44FD-AA0D-1AC0B9507EDB}.Debug|x86.Deploy.0 = Debug|Any CPU
		{825D6B08-4CCA-44FD-AA0D-1AC0B9507EDB}.Release|Any CPU.ActiveCfg = Release|Any CPU
		{825D6B08-4CCA-44FD-AA0D-1AC0B9507EDB}.Release|Any CPU.Build.0 = Release|Any CPU
		{825D6B08-4CCA-44FD-AA0D-1AC0B9507EDB}.Release|Any CPU.Deploy.0 = Release|Any CPU
		{825D6B08-4CCA-44FD-AA0D-1AC0B9507EDB}.Release|ARM.ActiveCfg = Release|Any CPU
		{825D6B08-4CCA-44FD-AA0D-1AC0B9507EDB}.Release|ARM.Build.0 = Release|Any CPU
		{825D6B08-4CCA-44FD-AA0D-1AC0B9507EDB}.Release|ARM.Deploy.0 = Release|Any CPU
		{825D6B08-4CCA-44FD-AA0D-1AC0B9507EDB}.Release|iPhone.ActiveCfg = Release|Any CPU
		{825D6B08-4CCA-44FD-AA0D-1AC0B9507EDB}.Release|iPhone.Build.0 = Release|Any CPU
		{825D6B08-4CCA-44FD-AA0D-1AC0B9507EDB}.Release|iPhone.Deploy.0 = Release|Any CPU
		{825D6B08-4CCA-44FD-AA0D-1AC0B9507EDB}.Release|iPhoneSimulator.ActiveCfg = Release|Any CPU
		{825D6B08-4CCA-44FD-AA0D-1AC0B9507EDB}.Release|iPhoneSimulator.Build.0 = Release|Any CPU
		{825D6B08-4CCA-44FD-AA0D-1AC0B9507EDB}.Release|iPhoneSimulator.Deploy.0 = Release|Any CPU
		{825D6B08-4CCA-44FD-AA0D-1AC0B9507EDB}.Release|x64.ActiveCfg = Release|Any CPU
		{825D6B08-4CCA-44FD-AA0D-1AC0B9507EDB}.Release|x64.Build.0 = Release|Any CPU
		{825D6B08-4CCA-44FD-AA0D-1AC0B9507EDB}.Release|x64.Deploy.0 = Release|Any CPU
		{825D6B08-4CCA-44FD-AA0D-1AC0B9507EDB}.Release|x86.ActiveCfg = Release|Any CPU
		{825D6B08-4CCA-44FD-AA0D-1AC0B9507EDB}.Release|x86.Build.0 = Release|Any CPU
		{825D6B08-4CCA-44FD-AA0D-1AC0B9507EDB}.Release|x86.Deploy.0 = Release|Any CPU
	EndGlobalSection
	GlobalSection(SolutionProperties) = preSolution
		HideSolutionNode = FALSE
	EndGlobalSection
	GlobalSection(ExtensibilityGlobals) = postSolution
		SolutionGuid = {BFA4B162-C3F1-4A4C-AA74-0CF8DAF7076C}
	EndGlobalSection
EndGlobal
