
Microsoft Visual Studio Solution File, Format Version 12.00
# Visual Studio 15
VisualStudioVersion = 15.0.28307.168
MinimumVisualStudioVersion = 10.0.40219.1
Project("{FAE04EC0-301F-11D3-BF4B-00C04F79EFBC}") = "ConnectivityCheck.Android", "ConnectivityCheck\ConnectivityCheck.Android\ConnectivityCheck.Android.csproj", "{79E82E9B-A1AA-47B7-B065-A5525DFE640E}"
EndProject
Project("{FAE04EC0-301F-11D3-BF4B-00C04F79EFBC}") = "ConnectivityCheck.iOS", "ConnectivityCheck\ConnectivityCheck.iOS\ConnectivityCheck.iOS.csproj", "{F9A6B50C-2D6A-4FB7-8B86-EA468A31565D}"
EndProject
Project("{FAE04EC0-301F-11D3-BF4B-00C04F79EFBC}") = "ConnectivityCheck.UWP", "ConnectivityCheck\ConnectivityCheck.UWP\ConnectivityCheck.UWP.csproj", "{2E05F832-3518-4A4F-A45B-71B3A0CBB521}"
EndProject
Project("{FAE04EC0-301F-11D3-BF4B-00C04F79EFBC}") = "ConnectivityCheck", "ConnectivityCheck\ConnectivityCheck\ConnectivityCheck.csproj", "{EBC1367A-1DDB-4ABE-8C13-FB9568FF4C72}"
EndProject
Global
	GlobalSection(SolutionConfigurationPlatforms) = preSolution
		Ad-Hoc|Any CPU = Ad-Hoc|Any CPU
		Ad-Hoc|ARM = Ad-Hoc|ARM
		Ad-Hoc|iPhone = Ad-Hoc|iPhone
		Ad-Hoc|iPhoneSimulator = Ad-Hoc|iPhoneSimulator
		Ad-Hoc|x64 = Ad-Hoc|x64
		Ad-Hoc|x86 = Ad-Hoc|x86
		AppStore|Any CPU = AppStore|Any CPU
		AppStore|ARM = AppStore|ARM
		AppStore|iPhone = AppStore|iPhone
		AppStore|iPhoneSimulator = AppStore|iPhoneSimulator
		AppStore|x64 = AppStore|x64
		AppStore|x86 = AppStore|x86
		Debug|Any CPU = Debug|Any CPU
		Debug|ARM = Debug|ARM
		Debug|iPhone = Debug|iPhone
		Debug|iPhoneSimulator = Debug|iPhoneSimulator
		Debug|x64 = Debug|x64
		Debug|x86 = Debug|x86
		Release|Any CPU = Release|Any CPU
		Release|ARM = Release|ARM
		Release|iPhone = Release|iPhone
		Release|iPhoneSimulator = Release|iPhoneSimulator
		Release|x64 = Release|x64
		Release|x86 = Release|x86
	EndGlobalSection
	GlobalSection(ProjectConfigurationPlatforms) = postSolution
		{79E82E9B-A1AA-47B7-B065-A5525DFE640E}.Ad-Hoc|Any CPU.ActiveCfg = Release|Any CPU
		{79E82E9B-A1AA-47B7-B065-A5525DFE640E}.Ad-Hoc|Any CPU.Build.0 = Release|Any CPU
		{79E82E9B-A1AA-47B7-B065-A5525DFE640E}.Ad-Hoc|Any CPU.Deploy.0 = Release|Any CPU
		{79E82E9B-A1AA-47B7-B065-A5525DFE640E}.Ad-Hoc|ARM.ActiveCfg = Release|Any CPU
		{79E82E9B-A1AA-47B7-B065-A5525DFE640E}.Ad-Hoc|ARM.Build.0 = Release|Any CPU
		{79E82E9B-A1AA-47B7-B065-A5525DFE640E}.Ad-Hoc|ARM.Deploy.0 = Release|Any CPU
		{79E82E9B-A1AA-47B7-B065-A5525DFE640E}.Ad-Hoc|iPhone.ActiveCfg = Release|Any CPU
		{79E82E9B-A1AA-47B7-B065-A5525DFE640E}.Ad-Hoc|iPhone.Build.0 = Release|Any CPU
		{79E82E9B-A1AA-47B7-B065-A5525DFE640E}.Ad-Hoc|iPhone.Deploy.0 = Release|Any CPU
		{79E82E9B-A1AA-47B7-B065-A5525DFE640E}.Ad-Hoc|iPhoneSimulator.ActiveCfg = Release|Any CPU
		{79E82E9B-A1AA-47B7-B065-A5525DFE640E}.Ad-Hoc|iPhoneSimulator.Build.0 = Release|Any CPU
		{79E82E9B-A1AA-47B7-B065-A5525DFE640E}.Ad-Hoc|iPhoneSimulator.Deploy.0 = Release|Any CPU
		{79E82E9B-A1AA-47B7-B065-A5525DFE640E}.Ad-Hoc|x64.ActiveCfg = Release|Any CPU
		{79E82E9B-A1AA-47B7-B065-A5525DFE640E}.Ad-Hoc|x64.Build.0 = Release|Any CPU
		{79E82E9B-A1AA-47B7-B065-A5525DFE640E}.Ad-Hoc|x64.Deploy.0 = Release|Any CPU
		{79E82E9B-A1AA-47B7-B065-A5525DFE640E}.Ad-Hoc|x86.ActiveCfg = Release|Any CPU
		{79E82E9B-A1AA-47B7-B065-A5525DFE640E}.Ad-Hoc|x86.Build.0 = Release|Any CPU
		{79E82E9B-A1AA-47B7-B065-A5525DFE640E}.Ad-Hoc|x86.Deploy.0 = Release|Any CPU
		{79E82E9B-A1AA-47B7-B065-A5525DFE640E}.AppStore|Any CPU.ActiveCfg = Release|Any CPU
		{79E82E9B-A1AA-47B7-B065-A5525DFE640E}.AppStore|Any CPU.Build.0 = Release|Any CPU
		{79E82E9B-A1AA-47B7-B065-A5525DFE640E}.AppStore|Any CPU.Deploy.0 = Release|Any CPU
		{79E82E9B-A1AA-47B7-B065-A5525DFE640E}.AppStore|ARM.ActiveCfg = Release|Any CPU
		{79E82E9B-A1AA-47B7-B065-A5525DFE640E}.AppStore|ARM.Build.0 = Release|Any CPU
		{79E82E9B-A1AA-47B7-B065-A5525DFE640E}.AppStore|ARM.Deploy.0 = Release|Any CPU
		{79E82E9B-A1AA-47B7-B065-A5525DFE640E}.AppStore|iPhone.ActiveCfg = Release|Any CPU
		{79E82E9B-A1AA-47B7-B065-A5525DFE640E}.AppStore|iPhone.Build.0 = Release|Any CPU
		{79E82E9B-A1AA-47B7-B065-A5525DFE640E}.AppStore|iPhone.Deploy.0 = Release|Any CPU
		{79E82E9B-A1AA-47B7-B065-A5525DFE640E}.AppStore|iPhoneSimulator.ActiveCfg = Release|Any CPU
		{79E82E9B-A1AA-47B7-B065-A5525DFE640E}.AppStore|iPhoneSimulator.Build.0 = Release|Any CPU
		{79E82E9B-A1AA-47B7-B065-A5525DFE640E}.AppStore|iPhoneSimulator.Deploy.0 = Release|Any CPU
		{79E82E9B-A1AA-47B7-B065-A5525DFE640E}.AppStore|x64.ActiveCfg = Release|Any CPU
		{79E82E9B-A1AA-47B7-B065-A5525DFE640E}.AppStore|x64.Build.0 = Release|Any CPU
		{79E82E9B-A1AA-47B7-B065-A5525DFE640E}.AppStore|x64.Deploy.0 = Release|Any CPU
		{79E82E9B-A1AA-47B7-B065-A5525DFE640E}.AppStore|x86.ActiveCfg = Release|Any CPU
		{79E82E9B-A1AA-47B7-B065-A5525DFE640E}.AppStore|x86.Build.0 = Release|Any CPU
		{79E82E9B-A1AA-47B7-B065-A5525DFE640E}.AppStore|x86.Deploy.0 = Release|Any CPU
		{79E82E9B-A1AA-47B7-B065-A5525DFE640E}.Debug|Any CPU.ActiveCfg = Debug|Any CPU
		{79E82E9B-A1AA-47B7-B065-A5525DFE640E}.Debug|Any CPU.Build.0 = Debug|Any CPU
		{79E82E9B-A1AA-47B7-B065-A5525DFE640E}.Debug|Any CPU.Deploy.0 = Debug|Any CPU
		{79E82E9B-A1AA-47B7-B065-A5525DFE640E}.Debug|ARM.ActiveCfg = Debug|Any CPU
		{79E82E9B-A1AA-47B7-B065-A5525DFE640E}.Debug|ARM.Build.0 = Debug|Any CPU
		{79E82E9B-A1AA-47B7-B065-A5525DFE640E}.Debug|ARM.Deploy.0 = Debug|Any CPU
		{79E82E9B-A1AA-47B7-B065-A5525DFE640E}.Debug|iPhone.ActiveCfg = Debug|Any CPU
		{79E82E9B-A1AA-47B7-B065-A5525DFE640E}.Debug|iPhone.Build.0 = Debug|Any CPU
		{79E82E9B-A1AA-47B7-B065-A5525DFE640E}.Debug|iPhone.Deploy.0 = Debug|Any CPU
		{79E82E9B-A1AA-47B7-B065-A5525DFE640E}.Debug|iPhoneSimulator.ActiveCfg = Debug|Any CPU
		{79E82E9B-A1AA-47B7-B065-A5525DFE640E}.Debug|iPhoneSimulator.Build.0 = Debug|Any CPU
		{79E82E9B-A1AA-47B7-B065-A5525DFE640E}.Debug|iPhoneSimulator.Deploy.0 = Debug|Any CPU
		{79E82E9B-A1AA-47B7-B065-A5525DFE640E}.Debug|x64.ActiveCfg = Debug|Any CPU
		{79E82E9B-A1AA-47B7-B065-A5525DFE640E}.Debug|x64.Build.0 = Debug|Any CPU
		{79E82E9B-A1AA-47B7-B065-A5525DFE640E}.Debug|x64.Deploy.0 = Debug|Any CPU
		{79E82E9B-A1AA-47B7-B065-A5525DFE640E}.Debug|x86.ActiveCfg = Debug|Any CPU
		{79E82E9B-A1AA-47B7-B065-A5525DFE640E}.Debug|x86.Build.0 = Debug|Any CPU
		{79E82E9B-A1AA-47B7-B065-A5525DFE640E}.Debug|x86.Deploy.0 = Debug|Any CPU
		{79E82E9B-A1AA-47B7-B065-A5525DFE640E}.Release|Any CPU.ActiveCfg = Release|Any CPU
		{79E82E9B-A1AA-47B7-B065-A5525DFE640E}.Release|Any CPU.Build.0 = Release|Any CPU
		{79E82E9B-A1AA-47B7-B065-A5525DFE640E}.Release|Any CPU.Deploy.0 = Release|Any CPU
		{79E82E9B-A1AA-47B7-B065-A5525DFE640E}.Release|ARM.ActiveCfg = Release|Any CPU
		{79E82E9B-A1AA-47B7-B065-A5525DFE640E}.Release|ARM.Build.0 = Release|Any CPU
		{79E82E9B-A1AA-47B7-B065-A5525DFE640E}.Release|ARM.Deploy.0 = Release|Any CPU
		{79E82E9B-A1AA-47B7-B065-A5525DFE640E}.Release|iPhone.ActiveCfg = Release|Any CPU
		{79E82E9B-A1AA-47B7-B065-A5525DFE640E}.Release|iPhone.Build.0 = Release|Any CPU
		{79E82E9B-A1AA-47B7-B065-A5525DFE640E}.Release|iPhone.Deploy.0 = Release|Any CPU
		{79E82E9B-A1AA-47B7-B065-A5525DFE640E}.Release|iPhoneSimulator.ActiveCfg = Release|Any CPU
		{79E82E9B-A1AA-47B7-B065-A5525DFE640E}.Release|iPhoneSimulator.Build.0 = Release|Any CPU
		{79E82E9B-A1AA-47B7-B065-A5525DFE640E}.Release|iPhoneSimulator.Deploy.0 = Release|Any CPU
		{79E82E9B-A1AA-47B7-B065-A5525DFE640E}.Release|x64.ActiveCfg = Release|Any CPU
		{79E82E9B-A1AA-47B7-B065-A5525DFE640E}.Release|x64.Build.0 = Release|Any CPU
		{79E82E9B-A1AA-47B7-B065-A5525DFE640E}.Release|x64.Deploy.0 = Release|Any CPU
		{79E82E9B-A1AA-47B7-B065-A5525DFE640E}.Release|x86.ActiveCfg = Release|Any CPU
		{79E82E9B-A1AA-47B7-B065-A5525DFE640E}.Release|x86.Build.0 = Release|Any CPU
		{79E82E9B-A1AA-47B7-B065-A5525DFE640E}.Release|x86.Deploy.0 = Release|Any CPU
		{F9A6B50C-2D6A-4FB7-8B86-EA468A31565D}.Ad-Hoc|Any CPU.ActiveCfg = Ad-Hoc|iPhone
		{F9A6B50C-2D6A-4FB7-8B86-EA468A31565D}.Ad-Hoc|Any CPU.Build.0 = Ad-Hoc|iPhone
		{F9A6B50C-2D6A-4FB7-8B86-EA468A31565D}.Ad-Hoc|Any CPU.Deploy.0 = Ad-Hoc|iPhone
		{F9A6B50C-2D6A-4FB7-8B86-EA468A31565D}.Ad-Hoc|ARM.ActiveCfg = Ad-Hoc|iPhone
		{F9A6B50C-2D6A-4FB7-8B86-EA468A31565D}.Ad-Hoc|ARM.Build.0 = Ad-Hoc|iPhone
		{F9A6B50C-2D6A-4FB7-8B86-EA468A31565D}.Ad-Hoc|ARM.Deploy.0 = Ad-Hoc|iPhone
		{F9A6B50C-2D6A-4FB7-8B86-EA468A31565D}.Ad-Hoc|iPhone.ActiveCfg = Ad-Hoc|iPhone
		{F9A6B50C-2D6A-4FB7-8B86-EA468A31565D}.Ad-Hoc|iPhone.Build.0 = Ad-Hoc|iPhone
		{F9A6B50C-2D6A-4FB7-8B86-EA468A31565D}.Ad-Hoc|iPhone.Deploy.0 = Ad-Hoc|iPhone
		{F9A6B50C-2D6A-4FB7-8B86-EA468A31565D}.Ad-Hoc|iPhoneSimulator.ActiveCfg = Ad-Hoc|iPhoneSimulator
		{F9A6B50C-2D6A-4FB7-8B86-EA468A31565D}.Ad-Hoc|iPhoneSimulator.Build.0 = Ad-Hoc|iPhoneSimulator
		{F9A6B50C-2D6A-4FB7-8B86-EA468A31565D}.Ad-Hoc|iPhoneSimulator.Deploy.0 = Ad-Hoc|iPhoneSimulator
		{F9A6B50C-2D6A-4FB7-8B86-EA468A31565D}.Ad-Hoc|x64.ActiveCfg = Ad-Hoc|iPhone
		{F9A6B50C-2D6A-4FB7-8B86-EA468A31565D}.Ad-Hoc|x64.Build.0 = Ad-Hoc|iPhone
		{F9A6B50C-2D6A-4FB7-8B86-EA468A31565D}.Ad-Hoc|x64.Deploy.0 = Ad-Hoc|iPhone
		{F9A6B50C-2D6A-4FB7-8B86-EA468A31565D}.Ad-Hoc|x86.ActiveCfg = Ad-Hoc|iPhone
		{F9A6B50C-2D6A-4FB7-8B86-EA468A31565D}.Ad-Hoc|x86.Build.0 = Ad-Hoc|iPhone
		{F9A6B50C-2D6A-4FB7-8B86-EA468A31565D}.Ad-Hoc|x86.Deploy.0 = Ad-Hoc|iPhone
		{F9A6B50C-2D6A-4FB7-8B86-EA468A31565D}.AppStore|Any CPU.ActiveCfg = AppStore|iPhone
		{F9A6B50C-2D6A-4FB7-8B86-EA468A31565D}.AppStore|Any CPU.Build.0 = AppStore|iPhone
		{F9A6B50C-2D6A-4FB7-8B86-EA468A31565D}.AppStore|Any CPU.Deploy.0 = AppStore|iPhone
		{F9A6B50C-2D6A-4FB7-8B86-EA468A31565D}.AppStore|ARM.ActiveCfg = AppStore|iPhone
		{F9A6B50C-2D6A-4FB7-8B86-EA468A31565D}.AppStore|ARM.Build.0 = AppStore|iPhone
		{F9A6B50C-2D6A-4FB7-8B86-EA468A31565D}.AppStore|ARM.Deploy.0 = AppStore|iPhone
		{F9A6B50C-2D6A-4FB7-8B86-EA468A31565D}.AppStore|iPhone.ActiveCfg = AppStore|iPhone
		{F9A6B50C-2D6A-4FB7-8B86-EA468A31565D}.AppStore|iPhone.Build.0 = AppStore|iPhone
		{F9A6B50C-2D6A-4FB7-8B86-EA468A31565D}.AppStore|iPhone.Deploy.0 = AppStore|iPhone
		{F9A6B50C-2D6A-4FB7-8B86-EA468A31565D}.AppStore|iPhoneSimulator.ActiveCfg = AppStore|iPhoneSimulator
		{F9A6B50C-2D6A-4FB7-8B86-EA468A31565D}.AppStore|iPhoneSimulator.Build.0 = AppStore|iPhoneSimulator
		{F9A6B50C-2D6A-4FB7-8B86-EA468A31565D}.AppStore|iPhoneSimulator.Deploy.0 = AppStore|iPhoneSimulator
		{F9A6B50C-2D6A-4FB7-8B86-EA468A31565D}.AppStore|x64.ActiveCfg = AppStore|iPhone
		{F9A6B50C-2D6A-4FB7-8B86-EA468A31565D}.AppStore|x64.Build.0 = AppStore|iPhone
		{F9A6B50C-2D6A-4FB7-8B86-EA468A31565D}.AppStore|x64.Deploy.0 = AppStore|iPhone
		{F9A6B50C-2D6A-4FB7-8B86-EA468A31565D}.AppStore|x86.ActiveCfg = AppStore|iPhone
		{F9A6B50C-2D6A-4FB7-8B86-EA468A31565D}.AppStore|x86.Build.0 = AppStore|iPhone
		{F9A6B50C-2D6A-4FB7-8B86-EA468A31565D}.AppStore|x86.Deploy.0 = AppStore|iPhone
		{F9A6B50C-2D6A-4FB7-8B86-EA468A31565D}.Debug|Any CPU.ActiveCfg = Debug|iPhoneSimulator
		{F9A6B50C-2D6A-4FB7-8B86-EA468A31565D}.Debug|Any CPU.Build.0 = Debug|iPhoneSimulator
		{F9A6B50C-2D6A-4FB7-8B86-EA468A31565D}.Debug|Any CPU.Deploy.0 = Debug|iPhoneSimulator
		{F9A6B50C-2D6A-4FB7-8B86-EA468A31565D}.Debug|ARM.ActiveCfg = Debug|iPhone
		{F9A6B50C-2D6A-4FB7-8B86-EA468A31565D}.Debug|ARM.Build.0 = Debug|iPhone
		{F9A6B50C-2D6A-4FB7-8B86-EA468A31565D}.Debug|ARM.Deploy.0 = Debug|iPhone
		{F9A6B50C-2D6A-4FB7-8B86-EA468A31565D}.Debug|iPhone.ActiveCfg = Debug|iPhone
		{F9A6B50C-2D6A-4FB7-8B86-EA468A31565D}.Debug|iPhone.Build.0 = Debug|iPhone
		{F9A6B50C-2D6A-4FB7-8B86-EA468A31565D}.Debug|iPhone.Deploy.0 = Debug|iPhone
		{F9A6B50C-2D6A-4FB7-8B86-EA468A31565D}.Debug|iPhoneSimulator.ActiveCfg = Debug|iPhoneSimulator
		{F9A6B50C-2D6A-4FB7-8B86-EA468A31565D}.Debug|iPhoneSimulator.Build.0 = Debug|iPhoneSimulator
		{F9A6B50C-2D6A-4FB7-8B86-EA468A31565D}.Debug|iPhoneSimulator.Deploy.0 = Debug|iPhoneSimulator
		{F9A6B50C-2D6A-4FB7-8B86-EA468A31565D}.Debug|x64.ActiveCfg = Debug|iPhone
		{F9A6B50C-2D6A-4FB7-8B86-EA468A31565D}.Debug|x64.Build.0 = Debug|iPhone
		{F9A6B50C-2D6A-4FB7-8B86-EA468A31565D}.Debug|x64.Deploy.0 = Debug|iPhone
		{F9A6B50C-2D6A-4FB7-8B86-EA468A31565D}.Debug|x86.ActiveCfg = Debug|iPhone
		{F9A6B50C-2D6A-4FB7-8B86-EA468A31565D}.Debug|x86.Build.0 = Debug|iPhone
		{F9A6B50C-2D6A-4FB7-8B86-EA468A31565D}.Debug|x86.Deploy.0 = Debug|iPhone
		{F9A6B50C-2D6A-4FB7-8B86-EA468A31565D}.Release|Any CPU.ActiveCfg = Release|iPhone
		{F9A6B50C-2D6A-4FB7-8B86-EA468A31565D}.Release|Any CPU.Build.0 = Release|iPhone
		{F9A6B50C-2D6A-4FB7-8B86-EA468A31565D}.Release|Any CPU.Deploy.0 = Release|iPhone
		{F9A6B50C-2D6A-4FB7-8B86-EA468A31565D}.Release|ARM.ActiveCfg = Release|iPhone
		{F9A6B50C-2D6A-4FB7-8B86-EA468A31565D}.Release|ARM.Build.0 = Release|iPhone
		{F9A6B50C-2D6A-4FB7-8B86-EA468A31565D}.Release|ARM.Deploy.0 = Release|iPhone
		{F9A6B50C-2D6A-4FB7-8B86-EA468A31565D}.Release|iPhone.ActiveCfg = Release|iPhone
		{F9A6B50C-2D6A-4FB7-8B86-EA468A31565D}.Release|iPhone.Build.0 = Release|iPhone
		{F9A6B50C-2D6A-4FB7-8B86-EA468A31565D}.Release|iPhone.Deploy.0 = Release|iPhone
		{F9A6B50C-2D6A-4FB7-8B86-EA468A31565D}.Release|iPhoneSimulator.ActiveCfg = Release|iPhoneSimulator
		{F9A6B50C-2D6A-4FB7-8B86-EA468A31565D}.Release|iPhoneSimulator.Build.0 = Release|iPhoneSimulator
		{F9A6B50C-2D6A-4FB7-8B86-EA468A31565D}.Release|iPhoneSimulator.Deploy.0 = Release|iPhoneSimulator
		{F9A6B50C-2D6A-4FB7-8B86-EA468A31565D}.Release|x64.ActiveCfg = Release|iPhone
		{F9A6B50C-2D6A-4FB7-8B86-EA468A31565D}.Release|x64.Build.0 = Release|iPhone
		{F9A6B50C-2D6A-4FB7-8B86-EA468A31565D}.Release|x64.Deploy.0 = Release|iPhone
		{F9A6B50C-2D6A-4FB7-8B86-EA468A31565D}.Release|x86.ActiveCfg = Release|iPhone
		{F9A6B50C-2D6A-4FB7-8B86-EA468A31565D}.Release|x86.Build.0 = Release|iPhone
		{F9A6B50C-2D6A-4FB7-8B86-EA468A31565D}.Release|x86.Deploy.0 = Release|iPhone
		{2E05F832-3518-4A4F-A45B-71B3A0CBB521}.Ad-Hoc|Any CPU.ActiveCfg = Release|x86
		{2E05F832-3518-4A4F-A45B-71B3A0CBB521}.Ad-Hoc|Any CPU.Build.0 = Release|x86
		{2E05F832-3518-4A4F-A45B-71B3A0CBB521}.Ad-Hoc|Any CPU.Deploy.0 = Release|x86
		{2E05F832-3518-4A4F-A45B-71B3A0CBB521}.Ad-Hoc|ARM.ActiveCfg = Release|ARM
		{2E05F832-3518-4A4F-A45B-71B3A0CBB521}.Ad-Hoc|ARM.Build.0 = Release|ARM
		{2E05F832-3518-4A4F-A45B-71B3A0CBB521}.Ad-Hoc|ARM.Deploy.0 = Release|ARM
		{2E05F832-3518-4A4F-A45B-71B3A0CBB521}.Ad-Hoc|iPhone.ActiveCfg = Release|x86
		{2E05F832-3518-4A4F-A45B-71B3A0CBB521}.Ad-Hoc|iPhone.Build.0 = Release|x86
		{2E05F832-3518-4A4F-A45B-71B3A0CBB521}.Ad-Hoc|iPhone.Deploy.0 = Release|x86
		{2E05F832-3518-4A4F-A45B-71B3A0CBB521}.Ad-Hoc|iPhoneSimulator.ActiveCfg = Release|x86
		{2E05F832-3518-4A4F-A45B-71B3A0CBB521}.Ad-Hoc|iPhoneSimulator.Build.0 = Release|x86
		{2E05F832-3518-4A4F-A45B-71B3A0CBB521}.Ad-Hoc|iPhoneSimulator.Deploy.0 = Release|x86
		{2E05F832-3518-4A4F-A45B-71B3A0CBB521}.Ad-Hoc|x64.ActiveCfg = Release|x64
		{2E05F832-3518-4A4F-A45B-71B3A0CBB521}.Ad-Hoc|x64.Build.0 = Release|x64
		{2E05F832-3518-4A4F-A45B-71B3A0CBB521}.Ad-Hoc|x64.Deploy.0 = Release|x64
		{2E05F832-3518-4A4F-A45B-71B3A0CBB521}.Ad-Hoc|x86.ActiveCfg = Release|x86
		{2E05F832-3518-4A4F-A45B-71B3A0CBB521}.Ad-Hoc|x86.Build.0 = Release|x86
		{2E05F832-3518-4A4F-A45B-71B3A0CBB521}.Ad-Hoc|x86.Deploy.0 = Release|x86
		{2E05F832-3518-4A4F-A45B-71B3A0CBB521}.AppStore|Any CPU.ActiveCfg = Release|x86
		{2E05F832-3518-4A4F-A45B-71B3A0CBB521}.AppStore|Any CPU.Build.0 = Release|x86
		{2E05F832-3518-4A4F-A45B-71B3A0CBB521}.AppStore|Any CPU.Deploy.0 = Release|x86
		{2E05F832-3518-4A4F-A45B-71B3A0CBB521}.AppStore|ARM.ActiveCfg = Release|ARM
		{2E05F832-3518-4A4F-A45B-71B3A0CBB521}.AppStore|ARM.Build.0 = Release|ARM
		{2E05F832-3518-4A4F-A45B-71B3A0CBB521}.AppStore|ARM.Deploy.0 = Release|ARM
		{2E05F832-3518-4A4F-A45B-71B3A0CBB521}.AppStore|iPhone.ActiveCfg = Release|x86
		{2E05F832-3518-4A4F-A45B-71B3A0CBB521}.AppStore|iPhone.Build.0 = Release|x86
		{2E05F832-3518-4A4F-A45B-71B3A0CBB521}.AppStore|iPhone.Deploy.0 = Release|x86
		{2E05F832-3518-4A4F-A45B-71B3A0CBB521}.AppStore|iPhoneSimulator.ActiveCfg = Release|x86
		{2E05F832-3518-4A4F-A45B-71B3A0CBB521}.AppStore|iPhoneSimulator.Build.0 = Release|x86
		{2E05F832-3518-4A4F-A45B-71B3A0CBB521}.AppStore|iPhoneSimulator.Deploy.0 = Release|x86
		{2E05F832-3518-4A4F-A45B-71B3A0CBB521}.AppStore|x64.ActiveCfg = Release|x64
		{2E05F832-3518-4A4F-A45B-71B3A0CBB521}.AppStore|x64.Build.0 = Release|x64
		{2E05F832-3518-4A4F-A45B-71B3A0CBB521}.AppStore|x64.Deploy.0 = Release|x64
		{2E05F832-3518-4A4F-A45B-71B3A0CBB521}.AppStore|x86.ActiveCfg = Release|x86
		{2E05F832-3518-4A4F-A45B-71B3A0CBB521}.AppStore|x86.Build.0 = Release|x86
		{2E05F832-3518-4A4F-A45B-71B3A0CBB521}.AppStore|x86.Deploy.0 = Release|x86
		{2E05F832-3518-4A4F-A45B-71B3A0CBB521}.Debug|Any CPU.ActiveCfg = Debug|x86
		{2E05F832-3518-4A4F-A45B-71B3A0CBB521}.Debug|Any CPU.Build.0 = Debug|x86
		{2E05F832-3518-4A4F-A45B-71B3A0CBB521}.Debug|Any CPU.Deploy.0 = Debug|x86
		{2E05F832-3518-4A4F-A45B-71B3A0CBB521}.Debug|ARM.ActiveCfg = Debug|ARM
		{2E05F832-3518-4A4F-A45B-71B3A0CBB521}.Debug|ARM.Build.0 = Debug|ARM
		{2E05F832-3518-4A4F-A45B-71B3A0CBB521}.Debug|ARM.Deploy.0 = Debug|ARM
		{2E05F832-3518-4A4F-A45B-71B3A0CBB521}.Debug|iPhone.ActiveCfg = Debug|x86
		{2E05F832-3518-4A4F-A45B-71B3A0CBB521}.Debug|iPhone.Build.0 = Debug|x86
		{2E05F832-3518-4A4F-A45B-71B3A0CBB521}.Debug|iPhone.Deploy.0 = Debug|x86
		{2E05F832-3518-4A4F-A45B-71B3A0CBB521}.Debug|iPhoneSimulator.ActiveCfg = Debug|x86
		{2E05F832-3518-4A4F-A45B-71B3A0CBB521}.Debug|iPhoneSimulator.Build.0 = Debug|x86
		{2E05F832-3518-4A4F-A45B-71B3A0CBB521}.Debug|iPhoneSimulator.Deploy.0 = Debug|x86
		{2E05F832-3518-4A4F-A45B-71B3A0CBB521}.Debug|x64.ActiveCfg = Debug|x64
		{2E05F832-3518-4A4F-A45B-71B3A0CBB521}.Debug|x64.Build.0 = Debug|x64
		{2E05F832-3518-4A4F-A45B-71B3A0CBB521}.Debug|x64.Deploy.0 = Debug|x64
		{2E05F832-3518-4A4F-A45B-71B3A0CBB521}.Debug|x86.ActiveCfg = Debug|x86
		{2E05F832-3518-4A4F-A45B-71B3A0CBB521}.Debug|x86.Build.0 = Debug|x86
		{2E05F832-3518-4A4F-A45B-71B3A0CBB521}.Debug|x86.Deploy.0 = Debug|x86
		{2E05F832-3518-4A4F-A45B-71B3A0CBB521}.Release|Any CPU.ActiveCfg = Release|x86
		{2E05F832-3518-4A4F-A45B-71B3A0CBB521}.Release|Any CPU.Build.0 = Release|x86
		{2E05F832-3518-4A4F-A45B-71B3A0CBB521}.Release|Any CPU.Deploy.0 = Release|x86
		{2E05F832-3518-4A4F-A45B-71B3A0CBB521}.Release|ARM.ActiveCfg = Release|ARM
		{2E05F832-3518-4A4F-A45B-71B3A0CBB521}.Release|ARM.Build.0 = Release|ARM
		{2E05F832-3518-4A4F-A45B-71B3A0CBB521}.Release|ARM.Deploy.0 = Release|ARM
		{2E05F832-3518-4A4F-A45B-71B3A0CBB521}.Release|iPhone.ActiveCfg = Release|x86
		{2E05F832-3518-4A4F-A45B-71B3A0CBB521}.Release|iPhone.Build.0 = Release|x86
		{2E05F832-3518-4A4F-A45B-71B3A0CBB521}.Release|iPhone.Deploy.0 = Release|x86
		{2E05F832-3518-4A4F-A45B-71B3A0CBB521}.Release|iPhoneSimulator.ActiveCfg = Release|x86
		{2E05F832-3518-4A4F-A45B-71B3A0CBB521}.Release|iPhoneSimulator.Build.0 = Release|x86
		{2E05F832-3518-4A4F-A45B-71B3A0CBB521}.Release|iPhoneSimulator.Deploy.0 = Release|x86
		{2E05F832-3518-4A4F-A45B-71B3A0CBB521}.Release|x64.ActiveCfg = Release|x64
		{2E05F832-3518-4A4F-A45B-71B3A0CBB521}.Release|x64.Build.0 = Release|x64
		{2E05F832-3518-4A4F-A45B-71B3A0CBB521}.Release|x64.Deploy.0 = Release|x64
		{2E05F832-3518-4A4F-A45B-71B3A0CBB521}.Release|x86.ActiveCfg = Release|x86
		{2E05F832-3518-4A4F-A45B-71B3A0CBB521}.Release|x86.Build.0 = Release|x86
		{2E05F832-3518-4A4F-A45B-71B3A0CBB521}.Release|x86.Deploy.0 = Release|x86
		{EBC1367A-1DDB-4ABE-8C13-FB9568FF4C72}.Ad-Hoc|Any CPU.ActiveCfg = Debug|Any CPU
		{EBC1367A-1DDB-4ABE-8C13-FB9568FF4C72}.Ad-Hoc|Any CPU.Build.0 = Debug|Any CPU
		{EBC1367A-1DDB-4ABE-8C13-FB9568FF4C72}.Ad-Hoc|Any CPU.Deploy.0 = Debug|Any CPU
		{EBC1367A-1DDB-4ABE-8C13-FB9568FF4C72}.Ad-Hoc|ARM.ActiveCfg = Debug|Any CPU
		{EBC1367A-1DDB-4ABE-8C13-FB9568FF4C72}.Ad-Hoc|ARM.Build.0 = Debug|Any CPU
		{EBC1367A-1DDB-4ABE-8C13-FB9568FF4C72}.Ad-Hoc|ARM.Deploy.0 = Debug|Any CPU
		{EBC1367A-1DDB-4ABE-8C13-FB9568FF4C72}.Ad-Hoc|iPhone.ActiveCfg = Debug|Any CPU
		{EBC1367A-1DDB-4ABE-8C13-FB9568FF4C72}.Ad-Hoc|iPhone.Build.0 = Debug|Any CPU
		{EBC1367A-1DDB-4ABE-8C13-FB9568FF4C72}.Ad-Hoc|iPhone.Deploy.0 = Debug|Any CPU
		{EBC1367A-1DDB-4ABE-8C13-FB9568FF4C72}.Ad-Hoc|iPhoneSimulator.ActiveCfg = Debug|Any CPU
		{EBC1367A-1DDB-4ABE-8C13-FB9568FF4C72}.Ad-Hoc|iPhoneSimulator.Build.0 = Debug|Any CPU
		{EBC1367A-1DDB-4ABE-8C13-FB9568FF4C72}.Ad-Hoc|iPhoneSimulator.Deploy.0 = Debug|Any CPU
		{EBC1367A-1DDB-4ABE-8C13-FB9568FF4C72}.Ad-Hoc|x64.ActiveCfg = Debug|Any CPU
		{EBC1367A-1DDB-4ABE-8C13-FB9568FF4C72}.Ad-Hoc|x64.Build.0 = Debug|Any CPU
		{EBC1367A-1DDB-4ABE-8C13-FB9568FF4C72}.Ad-Hoc|x64.Deploy.0 = Debug|Any CPU
		{EBC1367A-1DDB-4ABE-8C13-FB9568FF4C72}.Ad-Hoc|x86.ActiveCfg = Debug|Any CPU
		{EBC1367A-1DDB-4ABE-8C13-FB9568FF4C72}.Ad-Hoc|x86.Build.0 = Debug|Any CPU
		{EBC1367A-1DDB-4ABE-8C13-FB9568FF4C72}.Ad-Hoc|x86.Deploy.0 = Debug|Any CPU
		{EBC1367A-1DDB-4ABE-8C13-FB9568FF4C72}.AppStore|Any CPU.ActiveCfg = Debug|Any CPU
		{EBC1367A-1DDB-4ABE-8C13-FB9568FF4C72}.AppStore|Any CPU.Build.0 = Debug|Any CPU
		{EBC1367A-1DDB-4ABE-8C13-FB9568FF4C72}.AppStore|Any CPU.Deploy.0 = Debug|Any CPU
		{EBC1367A-1DDB-4ABE-8C13-FB9568FF4C72}.AppStore|ARM.ActiveCfg = Debug|Any CPU
		{EBC1367A-1DDB-4ABE-8C13-FB9568FF4C72}.AppStore|ARM.Build.0 = Debug|Any CPU
		{EBC1367A-1DDB-4ABE-8C13-FB9568FF4C72}.AppStore|ARM.Deploy.0 = Debug|Any CPU
		{EBC1367A-1DDB-4ABE-8C13-FB9568FF4C72}.AppStore|iPhone.ActiveCfg = Debug|Any CPU
		{EBC1367A-1DDB-4ABE-8C13-FB9568FF4C72}.AppStore|iPhone.Build.0 = Debug|Any CPU
		{EBC1367A-1DDB-4ABE-8C13-FB9568FF4C72}.AppStore|iPhone.Deploy.0 = Debug|Any CPU
		{EBC1367A-1DDB-4ABE-8C13-FB9568FF4C72}.AppStore|iPhoneSimulator.ActiveCfg = Debug|Any CPU
		{EBC1367A-1DDB-4ABE-8C13-FB9568FF4C72}.AppStore|iPhoneSimulator.Build.0 = Debug|Any CPU
		{EBC1367A-1DDB-4ABE-8C13-FB9568FF4C72}.AppStore|iPhoneSimulator.Deploy.0 = Debug|Any CPU
		{EBC1367A-1DDB-4ABE-8C13-FB9568FF4C72}.AppStore|x64.ActiveCfg = Debug|Any CPU
		{EBC1367A-1DDB-4ABE-8C13-FB9568FF4C72}.AppStore|x64.Build.0 = Debug|Any CPU
		{EBC1367A-1DDB-4ABE-8C13-FB9568FF4C72}.AppStore|x64.Deploy.0 = Debug|Any CPU
		{EBC1367A-1DDB-4ABE-8C13-FB9568FF4C72}.AppStore|x86.ActiveCfg = Debug|Any CPU
		{EBC1367A-1DDB-4ABE-8C13-FB9568FF4C72}.AppStore|x86.Build.0 = Debug|Any CPU
		{EBC1367A-1DDB-4ABE-8C13-FB9568FF4C72}.AppStore|x86.Deploy.0 = Debug|Any CPU
		{EBC1367A-1DDB-4ABE-8C13-FB9568FF4C72}.Debug|Any CPU.ActiveCfg = Debug|Any CPU
		{EBC1367A-1DDB-4ABE-8C13-FB9568FF4C72}.Debug|Any CPU.Build.0 = Debug|Any CPU
		{EBC1367A-1DDB-4ABE-8C13-FB9568FF4C72}.Debug|Any CPU.Deploy.0 = Debug|Any CPU
		{EBC1367A-1DDB-4ABE-8C13-FB9568FF4C72}.Debug|ARM.ActiveCfg = Debug|Any CPU
		{EBC1367A-1DDB-4ABE-8C13-FB9568FF4C72}.Debug|ARM.Build.0 = Debug|Any CPU
		{EBC1367A-1DDB-4ABE-8C13-FB9568FF4C72}.Debug|ARM.Deploy.0 = Debug|Any CPU
		{EBC1367A-1DDB-4ABE-8C13-FB9568FF4C72}.Debug|iPhone.ActiveCfg = Debug|Any CPU
		{EBC1367A-1DDB-4ABE-8C13-FB9568FF4C72}.Debug|iPhone.Build.0 = Debug|Any CPU
		{EBC1367A-1DDB-4ABE-8C13-FB9568FF4C72}.Debug|iPhone.Deploy.0 = Debug|Any CPU
		{EBC1367A-1DDB-4ABE-8C13-FB9568FF4C72}.Debug|iPhoneSimulator.ActiveCfg = Debug|Any CPU
		{EBC1367A-1DDB-4ABE-8C13-FB9568FF4C72}.Debug|iPhoneSimulator.Build.0 = Debug|Any CPU
		{EBC1367A-1DDB-4ABE-8C13-FB9568FF4C72}.Debug|iPhoneSimulator.Deploy.0 = Debug|Any CPU
		{EBC1367A-1DDB-4ABE-8C13-FB9568FF4C72}.Debug|x64.ActiveCfg = Debug|Any CPU
		{EBC1367A-1DDB-4ABE-8C13-FB9568FF4C72}.Debug|x64.Build.0 = Debug|Any CPU
		{EBC1367A-1DDB-4ABE-8C13-FB9568FF4C72}.Debug|x64.Deploy.0 = Debug|Any CPU
		{EBC1367A-1DDB-4ABE-8C13-FB9568FF4C72}.Debug|x86.ActiveCfg = Debug|Any CPU
		{EBC1367A-1DDB-4ABE-8C13-FB9568FF4C72}.Debug|x86.Build.0 = Debug|Any CPU
		{EBC1367A-1DDB-4ABE-8C13-FB9568FF4C72}.Debug|x86.Deploy.0 = Debug|Any CPU
		{EBC1367A-1DDB-4ABE-8C13-FB9568FF4C72}.Release|Any CPU.ActiveCfg = Release|Any CPU
		{EBC1367A-1DDB-4ABE-8C13-FB9568FF4C72}.Release|Any CPU.Build.0 = Release|Any CPU
		{EBC1367A-1DDB-4ABE-8C13-FB9568FF4C72}.Release|Any CPU.Deploy.0 = Release|Any CPU
		{EBC1367A-1DDB-4ABE-8C13-FB9568FF4C72}.Release|ARM.ActiveCfg = Release|Any CPU
		{EBC1367A-1DDB-4ABE-8C13-FB9568FF4C72}.Release|ARM.Build.0 = Release|Any CPU
		{EBC1367A-1DDB-4ABE-8C13-FB9568FF4C72}.Release|ARM.Deploy.0 = Release|Any CPU
		{EBC1367A-1DDB-4ABE-8C13-FB9568FF4C72}.Release|iPhone.ActiveCfg = Release|Any CPU
		{EBC1367A-1DDB-4ABE-8C13-FB9568FF4C72}.Release|iPhone.Build.0 = Release|Any CPU
		{EBC1367A-1DDB-4ABE-8C13-FB9568FF4C72}.Release|iPhone.Deploy.0 = Release|Any CPU
		{EBC1367A-1DDB-4ABE-8C13-FB9568FF4C72}.Release|iPhoneSimulator.ActiveCfg = Release|Any CPU
		{EBC1367A-1DDB-4ABE-8C13-FB9568FF4C72}.Release|iPhoneSimulator.Build.0 = Release|Any CPU
		{EBC1367A-1DDB-4ABE-8C13-FB9568FF4C72}.Release|iPhoneSimulator.Deploy.0 = Release|Any CPU
		{EBC1367A-1DDB-4ABE-8C13-FB9568FF4C72}.Release|x64.ActiveCfg = Release|Any CPU
		{EBC1367A-1DDB-4ABE-8C13-FB9568FF4C72}.Release|x64.Build.0 = Release|Any CPU
		{EBC1367A-1DDB-4ABE-8C13-FB9568FF4C72}.Release|x64.Deploy.0 = Release|Any CPU
		{EBC1367A-1DDB-4ABE-8C13-FB9568FF4C72}.Release|x86.ActiveCfg = Release|Any CPU
		{EBC1367A-1DDB-4ABE-8C13-FB9568FF4C72}.Release|x86.Build.0 = Release|Any CPU
		{EBC1367A-1DDB-4ABE-8C13-FB9568FF4C72}.Release|x86.Deploy.0 = Release|Any CPU
	EndGlobalSection
	GlobalSection(SolutionProperties) = preSolution
		HideSolutionNode = FALSE
	EndGlobalSection
	GlobalSection(ExtensibilityGlobals) = postSolution
		SolutionGuid = {52B80760-E1E0-4A3A-AE91-70A8C1D86BEE}
	EndGlobalSection
EndGlobal
