
Microsoft Visual Studio Solution File, Format Version 12.00
# Visual Studio 15
VisualStudioVersion = 15.0.28307.271
MinimumVisualStudioVersion = 10.0.40219.1
Project("{FAE04EC0-301F-11D3-BF4B-00C04F79EFBC}") = "Charts.Android", "Charts\Charts.Android\Charts.Android.csproj", "{093193FA-62F6-4EA2-B357-17E5F4A3F7DE}"
EndProject
Project("{FAE04EC0-301F-11D3-BF4B-00C04F79EFBC}") = "Charts.iOS", "Charts\Charts.iOS\Charts.iOS.csproj", "{4019C1F9-18E7-4440-ADB0-F26CD4E6142F}"
EndProject
Project("{FAE04EC0-301F-11D3-BF4B-00C04F79EFBC}") = "Charts.UWP", "Charts\Charts.UWP\Charts.UWP.csproj", "{ADF5C1C8-88A7-4B68-91AA-2692EBA6EB2E}"
EndProject
Project("{FAE04EC0-301F-11D3-BF4B-00C04F79EFBC}") = "Charts", "Charts\Charts\Charts.csproj", "{47C59F68-DD80-42EE-B7A6-95F38FDA84A3}"
EndProject
Global
	GlobalSection(SolutionConfigurationPlatforms) = preSolution
		Ad-Hoc|Any CPU = Ad-Hoc|Any CPU
		Ad-Hoc|ARM = Ad-Hoc|ARM
		Ad-Hoc|iPhone = Ad-Hoc|iPhone
		Ad-Hoc|iPhoneSimulator = Ad-Hoc|iPhoneSimulator
		Ad-Hoc|x64 = Ad-Hoc|x64
		Ad-Hoc|x86 = Ad-Hoc|x86
		AppStore|Any CPU = AppStore|Any CPU
		AppStore|ARM = AppStore|ARM
		AppStore|iPhone = AppStore|iPhone
		AppStore|iPhoneSimulator = AppStore|iPhoneSimulator
		AppStore|x64 = AppStore|x64
		AppStore|x86 = AppStore|x86
		Debug|Any CPU = Debug|Any CPU
		Debug|ARM = Debug|ARM
		Debug|iPhone = Debug|iPhone
		Debug|iPhoneSimulator = Debug|iPhoneSimulator
		Debug|x64 = Debug|x64
		Debug|x86 = Debug|x86
		Release|Any CPU = Release|Any CPU
		Release|ARM = Release|ARM
		Release|iPhone = Release|iPhone
		Release|iPhoneSimulator = Release|iPhoneSimulator
		Release|x64 = Release|x64
		Release|x86 = Release|x86
	EndGlobalSection
	GlobalSection(ProjectConfigurationPlatforms) = postSolution
		{093193FA-62F6-4EA2-B357-17E5F4A3F7DE}.Ad-Hoc|Any CPU.ActiveCfg = Release|Any CPU
		{093193FA-62F6-4EA2-B357-17E5F4A3F7DE}.Ad-Hoc|Any CPU.Build.0 = Release|Any CPU
		{093193FA-62F6-4EA2-B357-17E5F4A3F7DE}.Ad-Hoc|Any CPU.Deploy.0 = Release|Any CPU
		{093193FA-62F6-4EA2-B357-17E5F4A3F7DE}.Ad-Hoc|ARM.ActiveCfg = Release|Any CPU
		{093193FA-62F6-4EA2-B357-17E5F4A3F7DE}.Ad-Hoc|ARM.Build.0 = Release|Any CPU
		{093193FA-62F6-4EA2-B357-17E5F4A3F7DE}.Ad-Hoc|ARM.Deploy.0 = Release|Any CPU
		{093193FA-62F6-4EA2-B357-17E5F4A3F7DE}.Ad-Hoc|iPhone.ActiveCfg = Release|Any CPU
		{093193FA-62F6-4EA2-B357-17E5F4A3F7DE}.Ad-Hoc|iPhone.Build.0 = Release|Any CPU
		{093193FA-62F6-4EA2-B357-17E5F4A3F7DE}.Ad-Hoc|iPhone.Deploy.0 = Release|Any CPU
		{093193FA-62F6-4EA2-B357-17E5F4A3F7DE}.Ad-Hoc|iPhoneSimulator.ActiveCfg = Release|Any CPU
		{093193FA-62F6-4EA2-B357-17E5F4A3F7DE}.Ad-Hoc|iPhoneSimulator.Build.0 = Release|Any CPU
		{093193FA-62F6-4EA2-B357-17E5F4A3F7DE}.Ad-Hoc|iPhoneSimulator.Deploy.0 = Release|Any CPU
		{093193FA-62F6-4EA2-B357-17E5F4A3F7DE}.Ad-Hoc|x64.ActiveCfg = Release|Any CPU
		{093193FA-62F6-4EA2-B357-17E5F4A3F7DE}.Ad-Hoc|x64.Build.0 = Release|Any CPU
		{093193FA-62F6-4EA2-B357-17E5F4A3F7DE}.Ad-Hoc|x64.Deploy.0 = Release|Any CPU
		{093193FA-62F6-4EA2-B357-17E5F4A3F7DE}.Ad-Hoc|x86.ActiveCfg = Release|Any CPU
		{093193FA-62F6-4EA2-B357-17E5F4A3F7DE}.Ad-Hoc|x86.Build.0 = Release|Any CPU
		{093193FA-62F6-4EA2-B357-17E5F4A3F7DE}.Ad-Hoc|x86.Deploy.0 = Release|Any CPU
		{093193FA-62F6-4EA2-B357-17E5F4A3F7DE}.AppStore|Any CPU.ActiveCfg = Release|Any CPU
		{093193FA-62F6-4EA2-B357-17E5F4A3F7DE}.AppStore|Any CPU.Build.0 = Release|Any CPU
		{093193FA-62F6-4EA2-B357-17E5F4A3F7DE}.AppStore|Any CPU.Deploy.0 = Release|Any CPU
		{093193FA-62F6-4EA2-B357-17E5F4A3F7DE}.AppStore|ARM.ActiveCfg = Release|Any CPU
		{093193FA-62F6-4EA2-B357-17E5F4A3F7DE}.AppStore|ARM.Build.0 = Release|Any CPU
		{093193FA-62F6-4EA2-B357-17E5F4A3F7DE}.AppStore|ARM.Deploy.0 = Release|Any CPU
		{093193FA-62F6-4EA2-B357-17E5F4A3F7DE}.AppStore|iPhone.ActiveCfg = Release|Any CPU
		{093193FA-62F6-4EA2-B357-17E5F4A3F7DE}.AppStore|iPhone.Build.0 = Release|Any CPU
		{093193FA-62F6-4EA2-B357-17E5F4A3F7DE}.AppStore|iPhone.Deploy.0 = Release|Any CPU
		{093193FA-62F6-4EA2-B357-17E5F4A3F7DE}.AppStore|iPhoneSimulator.ActiveCfg = Release|Any CPU
		{093193FA-62F6-4EA2-B357-17E5F4A3F7DE}.AppStore|iPhoneSimulator.Build.0 = Release|Any CPU
		{093193FA-62F6-4EA2-B357-17E5F4A3F7DE}.AppStore|iPhoneSimulator.Deploy.0 = Release|Any CPU
		{093193FA-62F6-4EA2-B357-17E5F4A3F7DE}.AppStore|x64.ActiveCfg = Release|Any CPU
		{093193FA-62F6-4EA2-B357-17E5F4A3F7DE}.AppStore|x64.Build.0 = Release|Any CPU
		{093193FA-62F6-4EA2-B357-17E5F4A3F7DE}.AppStore|x64.Deploy.0 = Release|Any CPU
		{093193FA-62F6-4EA2-B357-17E5F4A3F7DE}.AppStore|x86.ActiveCfg = Release|Any CPU
		{093193FA-62F6-4EA2-B357-17E5F4A3F7DE}.AppStore|x86.Build.0 = Release|Any CPU
		{093193FA-62F6-4EA2-B357-17E5F4A3F7DE}.AppStore|x86.Deploy.0 = Release|Any CPU
		{093193FA-62F6-4EA2-B357-17E5F4A3F7DE}.Debug|Any CPU.ActiveCfg = Debug|Any CPU
		{093193FA-62F6-4EA2-B357-17E5F4A3F7DE}.Debug|Any CPU.Build.0 = Debug|Any CPU
		{093193FA-62F6-4EA2-B357-17E5F4A3F7DE}.Debug|Any CPU.Deploy.0 = Debug|Any CPU
		{093193FA-62F6-4EA2-B357-17E5F4A3F7DE}.Debug|ARM.ActiveCfg = Debug|Any CPU
		{093193FA-62F6-4EA2-B357-17E5F4A3F7DE}.Debug|ARM.Build.0 = Debug|Any CPU
		{093193FA-62F6-4EA2-B357-17E5F4A3F7DE}.Debug|ARM.Deploy.0 = Debug|Any CPU
		{093193FA-62F6-4EA2-B357-17E5F4A3F7DE}.Debug|iPhone.ActiveCfg = Debug|Any CPU
		{093193FA-62F6-4EA2-B357-17E5F4A3F7DE}.Debug|iPhone.Build.0 = Debug|Any CPU
		{093193FA-62F6-4EA2-B357-17E5F4A3F7DE}.Debug|iPhone.Deploy.0 = Debug|Any CPU
		{093193FA-62F6-4EA2-B357-17E5F4A3F7DE}.Debug|iPhoneSimulator.ActiveCfg = Debug|Any CPU
		{093193FA-62F6-4EA2-B357-17E5F4A3F7DE}.Debug|iPhoneSimulator.Build.0 = Debug|Any CPU
		{093193FA-62F6-4EA2-B357-17E5F4A3F7DE}.Debug|iPhoneSimulator.Deploy.0 = Debug|Any CPU
		{093193FA-62F6-4EA2-B357-17E5F4A3F7DE}.Debug|x64.ActiveCfg = Debug|Any CPU
		{093193FA-62F6-4EA2-B357-17E5F4A3F7DE}.Debug|x64.Build.0 = Debug|Any CPU
		{093193FA-62F6-4EA2-B357-17E5F4A3F7DE}.Debug|x64.Deploy.0 = Debug|Any CPU
		{093193FA-62F6-4EA2-B357-17E5F4A3F7DE}.Debug|x86.ActiveCfg = Debug|Any CPU
		{093193FA-62F6-4EA2-B357-17E5F4A3F7DE}.Debug|x86.Build.0 = Debug|Any CPU
		{093193FA-62F6-4EA2-B357-17E5F4A3F7DE}.Debug|x86.Deploy.0 = Debug|Any CPU
		{093193FA-62F6-4EA2-B357-17E5F4A3F7DE}.Release|Any CPU.ActiveCfg = Release|Any CPU
		{093193FA-62F6-4EA2-B357-17E5F4A3F7DE}.Release|Any CPU.Build.0 = Release|Any CPU
		{093193FA-62F6-4EA2-B357-17E5F4A3F7DE}.Release|Any CPU.Deploy.0 = Release|Any CPU
		{093193FA-62F6-4EA2-B357-17E5F4A3F7DE}.Release|ARM.ActiveCfg = Release|Any CPU
		{093193FA-62F6-4EA2-B357-17E5F4A3F7DE}.Release|ARM.Build.0 = Release|Any CPU
		{093193FA-62F6-4EA2-B357-17E5F4A3F7DE}.Release|ARM.Deploy.0 = Release|Any CPU
		{093193FA-62F6-4EA2-B357-17E5F4A3F7DE}.Release|iPhone.ActiveCfg = Release|Any CPU
		{093193FA-62F6-4EA2-B357-17E5F4A3F7DE}.Release|iPhone.Build.0 = Release|Any CPU
		{093193FA-62F6-4EA2-B357-17E5F4A3F7DE}.Release|iPhone.Deploy.0 = Release|Any CPU
		{093193FA-62F6-4EA2-B357-17E5F4A3F7DE}.Release|iPhoneSimulator.ActiveCfg = Release|Any CPU
		{093193FA-62F6-4EA2-B357-17E5F4A3F7DE}.Release|iPhoneSimulator.Build.0 = Release|Any CPU
		{093193FA-62F6-4EA2-B357-17E5F4A3F7DE}.Release|iPhoneSimulator.Deploy.0 = Release|Any CPU
		{093193FA-62F6-4EA2-B357-17E5F4A3F7DE}.Release|x64.ActiveCfg = Release|Any CPU
		{093193FA-62F6-4EA2-B357-17E5F4A3F7DE}.Release|x64.Build.0 = Release|Any CPU
		{093193FA-62F6-4EA2-B357-17E5F4A3F7DE}.Release|x64.Deploy.0 = Release|Any CPU
		{093193FA-62F6-4EA2-B357-17E5F4A3F7DE}.Release|x86.ActiveCfg = Release|Any CPU
		{093193FA-62F6-4EA2-B357-17E5F4A3F7DE}.Release|x86.Build.0 = Release|Any CPU
		{093193FA-62F6-4EA2-B357-17E5F4A3F7DE}.Release|x86.Deploy.0 = Release|Any CPU
		{4019C1F9-18E7-4440-ADB0-F26CD4E6142F}.Ad-Hoc|Any CPU.ActiveCfg = Ad-Hoc|iPhone
		{4019C1F9-18E7-4440-ADB0-F26CD4E6142F}.Ad-Hoc|Any CPU.Build.0 = Ad-Hoc|iPhone
		{4019C1F9-18E7-4440-ADB0-F26CD4E6142F}.Ad-Hoc|Any CPU.Deploy.0 = Ad-Hoc|iPhone
		{4019C1F9-18E7-4440-ADB0-F26CD4E6142F}.Ad-Hoc|ARM.ActiveCfg = Ad-Hoc|iPhone
		{4019C1F9-18E7-4440-ADB0-F26CD4E6142F}.Ad-Hoc|ARM.Build.0 = Ad-Hoc|iPhone
		{4019C1F9-18E7-4440-ADB0-F26CD4E6142F}.Ad-Hoc|ARM.Deploy.0 = Ad-Hoc|iPhone
		{4019C1F9-18E7-4440-ADB0-F26CD4E6142F}.Ad-Hoc|iPhone.ActiveCfg = Ad-Hoc|iPhone
		{4019C1F9-18E7-4440-ADB0-F26CD4E6142F}.Ad-Hoc|iPhone.Build.0 = Ad-Hoc|iPhone
		{4019C1F9-18E7-4440-ADB0-F26CD4E6142F}.Ad-Hoc|iPhone.Deploy.0 = Ad-Hoc|iPhone
		{4019C1F9-18E7-4440-ADB0-F26CD4E6142F}.Ad-Hoc|iPhoneSimulator.ActiveCfg = Ad-Hoc|iPhoneSimulator
		{4019C1F9-18E7-4440-ADB0-F26CD4E6142F}.Ad-Hoc|iPhoneSimulator.Build.0 = Ad-Hoc|iPhoneSimulator
		{4019C1F9-18E7-4440-ADB0-F26CD4E6142F}.Ad-Hoc|iPhoneSimulator.Deploy.0 = Ad-Hoc|iPhoneSimulator
		{4019C1F9-18E7-4440-ADB0-F26CD4E6142F}.Ad-Hoc|x64.ActiveCfg = Ad-Hoc|iPhone
		{4019C1F9-18E7-4440-ADB0-F26CD4E6142F}.Ad-Hoc|x64.Build.0 = Ad-Hoc|iPhone
		{4019C1F9-18E7-4440-ADB0-F26CD4E6142F}.Ad-Hoc|x64.Deploy.0 = Ad-Hoc|iPhone
		{4019C1F9-18E7-4440-ADB0-F26CD4E6142F}.Ad-Hoc|x86.ActiveCfg = Ad-Hoc|iPhone
		{4019C1F9-18E7-4440-ADB0-F26CD4E6142F}.Ad-Hoc|x86.Build.0 = Ad-Hoc|iPhone
		{4019C1F9-18E7-4440-ADB0-F26CD4E6142F}.Ad-Hoc|x86.Deploy.0 = Ad-Hoc|iPhone
		{4019C1F9-18E7-4440-ADB0-F26CD4E6142F}.AppStore|Any CPU.ActiveCfg = AppStore|iPhone
		{4019C1F9-18E7-4440-ADB0-F26CD4E6142F}.AppStore|Any CPU.Build.0 = AppStore|iPhone
		{4019C1F9-18E7-4440-ADB0-F26CD4E6142F}.AppStore|Any CPU.Deploy.0 = AppStore|iPhone
		{4019C1F9-18E7-4440-ADB0-F26CD4E6142F}.AppStore|ARM.ActiveCfg = AppStore|iPhone
		{4019C1F9-18E7-4440-ADB0-F26CD4E6142F}.AppStore|ARM.Build.0 = AppStore|iPhone
		{4019C1F9-18E7-4440-ADB0-F26CD4E6142F}.AppStore|ARM.Deploy.0 = AppStore|iPhone
		{4019C1F9-18E7-4440-ADB0-F26CD4E6142F}.AppStore|iPhone.ActiveCfg = AppStore|iPhone
		{4019C1F9-18E7-4440-ADB0-F26CD4E6142F}.AppStore|iPhone.Build.0 = AppStore|iPhone
		{4019C1F9-18E7-4440-ADB0-F26CD4E6142F}.AppStore|iPhone.Deploy.0 = AppStore|iPhone
		{4019C1F9-18E7-4440-ADB0-F26CD4E6142F}.AppStore|iPhoneSimulator.ActiveCfg = AppStore|iPhoneSimulator
		{4019C1F9-18E7-4440-ADB0-F26CD4E6142F}.AppStore|iPhoneSimulator.Build.0 = AppStore|iPhoneSimulator
		{4019C1F9-18E7-4440-ADB0-F26CD4E6142F}.AppStore|iPhoneSimulator.Deploy.0 = AppStore|iPhoneSimulator
		{4019C1F9-18E7-4440-ADB0-F26CD4E6142F}.AppStore|x64.ActiveCfg = AppStore|iPhone
		{4019C1F9-18E7-4440-ADB0-F26CD4E6142F}.AppStore|x64.Build.0 = AppStore|iPhone
		{4019C1F9-18E7-4440-ADB0-F26CD4E6142F}.AppStore|x64.Deploy.0 = AppStore|iPhone
		{4019C1F9-18E7-4440-ADB0-F26CD4E6142F}.AppStore|x86.ActiveCfg = AppStore|iPhone
		{4019C1F9-18E7-4440-ADB0-F26CD4E6142F}.AppStore|x86.Build.0 = AppStore|iPhone
		{4019C1F9-18E7-4440-ADB0-F26CD4E6142F}.AppStore|x86.Deploy.0 = AppStore|iPhone
		{4019C1F9-18E7-4440-ADB0-F26CD4E6142F}.Debug|Any CPU.ActiveCfg = Debug|iPhoneSimulator
		{4019C1F9-18E7-4440-ADB0-F26CD4E6142F}.Debug|Any CPU.Build.0 = Debug|iPhoneSimulator
		{4019C1F9-18E7-4440-ADB0-F26CD4E6142F}.Debug|Any CPU.Deploy.0 = Debug|iPhoneSimulator
		{4019C1F9-18E7-4440-ADB0-F26CD4E6142F}.Debug|ARM.ActiveCfg = Debug|iPhone
		{4019C1F9-18E7-4440-ADB0-F26CD4E6142F}.Debug|ARM.Build.0 = Debug|iPhone
		{4019C1F9-18E7-4440-ADB0-F26CD4E6142F}.Debug|ARM.Deploy.0 = Debug|iPhone
		{4019C1F9-18E7-4440-ADB0-F26CD4E6142F}.Debug|iPhone.ActiveCfg = Debug|iPhone
		{4019C1F9-18E7-4440-ADB0-F26CD4E6142F}.Debug|iPhone.Build.0 = Debug|iPhone
		{4019C1F9-18E7-4440-ADB0-F26CD4E6142F}.Debug|iPhone.Deploy.0 = Debug|iPhone
		{4019C1F9-18E7-4440-ADB0-F26CD4E6142F}.Debug|iPhoneSimulator.ActiveCfg = Debug|iPhoneSimulator
		{4019C1F9-18E7-4440-ADB0-F26CD4E6142F}.Debug|iPhoneSimulator.Build.0 = Debug|iPhoneSimulator
		{4019C1F9-18E7-4440-ADB0-F26CD4E6142F}.Debug|iPhoneSimulator.Deploy.0 = Debug|iPhoneSimulator
		{4019C1F9-18E7-4440-ADB0-F26CD4E6142F}.Debug|x64.ActiveCfg = Debug|iPhone
		{4019C1F9-18E7-4440-ADB0-F26CD4E6142F}.Debug|x64.Build.0 = Debug|iPhone
		{4019C1F9-18E7-4440-ADB0-F26CD4E6142F}.Debug|x64.Deploy.0 = Debug|iPhone
		{4019C1F9-18E7-4440-ADB0-F26CD4E6142F}.Debug|x86.ActiveCfg = Debug|iPhone
		{4019C1F9-18E7-4440-ADB0-F26CD4E6142F}.Debug|x86.Build.0 = Debug|iPhone
		{4019C1F9-18E7-4440-ADB0-F26CD4E6142F}.Debug|x86.Deploy.0 = Debug|iPhone
		{4019C1F9-18E7-4440-ADB0-F26CD4E6142F}.Release|Any CPU.ActiveCfg = Release|iPhone
		{4019C1F9-18E7-4440-ADB0-F26CD4E6142F}.Release|Any CPU.Build.0 = Release|iPhone
		{4019C1F9-18E7-4440-ADB0-F26CD4E6142F}.Release|Any CPU.Deploy.0 = Release|iPhone
		{4019C1F9-18E7-4440-ADB0-F26CD4E6142F}.Release|ARM.ActiveCfg = Release|iPhone
		{4019C1F9-18E7-4440-ADB0-F26CD4E6142F}.Release|ARM.Build.0 = Release|iPhone
		{4019C1F9-18E7-4440-ADB0-F26CD4E6142F}.Release|ARM.Deploy.0 = Release|iPhone
		{4019C1F9-18E7-4440-ADB0-F26CD4E6142F}.Release|iPhone.ActiveCfg = Release|iPhone
		{4019C1F9-18E7-4440-ADB0-F26CD4E6142F}.Release|iPhone.Build.0 = Release|iPhone
		{4019C1F9-18E7-4440-ADB0-F26CD4E6142F}.Release|iPhone.Deploy.0 = Release|iPhone
		{4019C1F9-18E7-4440-ADB0-F26CD4E6142F}.Release|iPhoneSimulator.ActiveCfg = Release|iPhoneSimulator
		{4019C1F9-18E7-4440-ADB0-F26CD4E6142F}.Release|iPhoneSimulator.Build.0 = Release|iPhoneSimulator
		{4019C1F9-18E7-4440-ADB0-F26CD4E6142F}.Release|iPhoneSimulator.Deploy.0 = Release|iPhoneSimulator
		{4019C1F9-18E7-4440-ADB0-F26CD4E6142F}.Release|x64.ActiveCfg = Release|iPhone
		{4019C1F9-18E7-4440-ADB0-F26CD4E6142F}.Release|x64.Build.0 = Release|iPhone
		{4019C1F9-18E7-4440-ADB0-F26CD4E6142F}.Release|x64.Deploy.0 = Release|iPhone
		{4019C1F9-18E7-4440-ADB0-F26CD4E6142F}.Release|x86.ActiveCfg = Release|iPhone
		{4019C1F9-18E7-4440-ADB0-F26CD4E6142F}.Release|x86.Build.0 = Release|iPhone
		{4019C1F9-18E7-4440-ADB0-F26CD4E6142F}.Release|x86.Deploy.0 = Release|iPhone
		{ADF5C1C8-88A7-4B68-91AA-2692EBA6EB2E}.Ad-Hoc|Any CPU.ActiveCfg = Release|x86
		{ADF5C1C8-88A7-4B68-91AA-2692EBA6EB2E}.Ad-Hoc|Any CPU.Build.0 = Release|x86
		{ADF5C1C8-88A7-4B68-91AA-2692EBA6EB2E}.Ad-Hoc|Any CPU.Deploy.0 = Release|x86
		{ADF5C1C8-88A7-4B68-91AA-2692EBA6EB2E}.Ad-Hoc|ARM.ActiveCfg = Release|ARM
		{ADF5C1C8-88A7-4B68-91AA-2692EBA6EB2E}.Ad-Hoc|ARM.Build.0 = Release|ARM
		{ADF5C1C8-88A7-4B68-91AA-2692EBA6EB2E}.Ad-Hoc|ARM.Deploy.0 = Release|ARM
		{ADF5C1C8-88A7-4B68-91AA-2692EBA6EB2E}.Ad-Hoc|iPhone.ActiveCfg = Release|x86
		{ADF5C1C8-88A7-4B68-91AA-2692EBA6EB2E}.Ad-Hoc|iPhone.Build.0 = Release|x86
		{ADF5C1C8-88A7-4B68-91AA-2692EBA6EB2E}.Ad-Hoc|iPhone.Deploy.0 = Release|x86
		{ADF5C1C8-88A7-4B68-91AA-2692EBA6EB2E}.Ad-Hoc|iPhoneSimulator.ActiveCfg = Release|x86
		{ADF5C1C8-88A7-4B68-91AA-2692EBA6EB2E}.Ad-Hoc|iPhoneSimulator.Build.0 = Release|x86
		{ADF5C1C8-88A7-4B68-91AA-2692EBA6EB2E}.Ad-Hoc|iPhoneSimulator.Deploy.0 = Release|x86
		{ADF5C1C8-88A7-4B68-91AA-2692EBA6EB2E}.Ad-Hoc|x64.ActiveCfg = Release|x64
		{ADF5C1C8-88A7-4B68-91AA-2692EBA6EB2E}.Ad-Hoc|x64.Build.0 = Release|x64
		{ADF5C1C8-88A7-4B68-91AA-2692EBA6EB2E}.Ad-Hoc|x64.Deploy.0 = Release|x64
		{ADF5C1C8-88A7-4B68-91AA-2692EBA6EB2E}.Ad-Hoc|x86.ActiveCfg = Release|x86
		{ADF5C1C8-88A7-4B68-91AA-2692EBA6EB2E}.Ad-Hoc|x86.Build.0 = Release|x86
		{ADF5C1C8-88A7-4B68-91AA-2692EBA6EB2E}.Ad-Hoc|x86.Deploy.0 = Release|x86
		{ADF5C1C8-88A7-4B68-91AA-2692EBA6EB2E}.AppStore|Any CPU.ActiveCfg = Release|x86
		{ADF5C1C8-88A7-4B68-91AA-2692EBA6EB2E}.AppStore|Any CPU.Build.0 = Release|x86
		{ADF5C1C8-88A7-4B68-91AA-2692EBA6EB2E}.AppStore|Any CPU.Deploy.0 = Release|x86
		{ADF5C1C8-88A7-4B68-91AA-2692EBA6EB2E}.AppStore|ARM.ActiveCfg = Release|ARM
		{ADF5C1C8-88A7-4B68-91AA-2692EBA6EB2E}.AppStore|ARM.Build.0 = Release|ARM
		{ADF5C1C8-88A7-4B68-91AA-2692EBA6EB2E}.AppStore|ARM.Deploy.0 = Release|ARM
		{ADF5C1C8-88A7-4B68-91AA-2692EBA6EB2E}.AppStore|iPhone.ActiveCfg = Release|x86
		{ADF5C1C8-88A7-4B68-91AA-2692EBA6EB2E}.AppStore|iPhone.Build.0 = Release|x86
		{ADF5C1C8-88A7-4B68-91AA-2692EBA6EB2E}.AppStore|iPhone.Deploy.0 = Release|x86
		{ADF5C1C8-88A7-4B68-91AA-2692EBA6EB2E}.AppStore|iPhoneSimulator.ActiveCfg = Release|x86
		{ADF5C1C8-88A7-4B68-91AA-2692EBA6EB2E}.AppStore|iPhoneSimulator.Build.0 = Release|x86
		{ADF5C1C8-88A7-4B68-91AA-2692EBA6EB2E}.AppStore|iPhoneSimulator.Deploy.0 = Release|x86
		{ADF5C1C8-88A7-4B68-91AA-2692EBA6EB2E}.AppStore|x64.ActiveCfg = Release|x64
		{ADF5C1C8-88A7-4B68-91AA-2692EBA6EB2E}.AppStore|x64.Build.0 = Release|x64
		{ADF5C1C8-88A7-4B68-91AA-2692EBA6EB2E}.AppStore|x64.Deploy.0 = Release|x64
		{ADF5C1C8-88A7-4B68-91AA-2692EBA6EB2E}.AppStore|x86.ActiveCfg = Release|x86
		{ADF5C1C8-88A7-4B68-91AA-2692EBA6EB2E}.AppStore|x86.Build.0 = Release|x86
		{ADF5C1C8-88A7-4B68-91AA-2692EBA6EB2E}.AppStore|x86.Deploy.0 = Release|x86
		{ADF5C1C8-88A7-4B68-91AA-2692EBA6EB2E}.Debug|Any CPU.ActiveCfg = Debug|x86
		{ADF5C1C8-88A7-4B68-91AA-2692EBA6EB2E}.Debug|Any CPU.Build.0 = Debug|x86
		{ADF5C1C8-88A7-4B68-91AA-2692EBA6EB2E}.Debug|Any CPU.Deploy.0 = Debug|x86
		{ADF5C1C8-88A7-4B68-91AA-2692EBA6EB2E}.Debug|ARM.ActiveCfg = Debug|ARM
		{ADF5C1C8-88A7-4B68-91AA-2692EBA6EB2E}.Debug|ARM.Build.0 = Debug|ARM
		{ADF5C1C8-88A7-4B68-91AA-2692EBA6EB2E}.Debug|ARM.Deploy.0 = Debug|ARM
		{ADF5C1C8-88A7-4B68-91AA-2692EBA6EB2E}.Debug|iPhone.ActiveCfg = Debug|x86
		{ADF5C1C8-88A7-4B68-91AA-2692EBA6EB2E}.Debug|iPhone.Build.0 = Debug|x86
		{ADF5C1C8-88A7-4B68-91AA-2692EBA6EB2E}.Debug|iPhone.Deploy.0 = Debug|x86
		{ADF5C1C8-88A7-4B68-91AA-2692EBA6EB2E}.Debug|iPhoneSimulator.ActiveCfg = Debug|x86
		{ADF5C1C8-88A7-4B68-91AA-2692EBA6EB2E}.Debug|iPhoneSimulator.Build.0 = Debug|x86
		{ADF5C1C8-88A7-4B68-91AA-2692EBA6EB2E}.Debug|iPhoneSimulator.Deploy.0 = Debug|x86
		{ADF5C1C8-88A7-4B68-91AA-2692EBA6EB2E}.Debug|x64.ActiveCfg = Debug|x64
		{ADF5C1C8-88A7-4B68-91AA-2692EBA6EB2E}.Debug|x64.Build.0 = Debug|x64
		{ADF5C1C8-88A7-4B68-91AA-2692EBA6EB2E}.Debug|x64.Deploy.0 = Debug|x64
		{ADF5C1C8-88A7-4B68-91AA-2692EBA6EB2E}.Debug|x86.ActiveCfg = Debug|x86
		{ADF5C1C8-88A7-4B68-91AA-2692EBA6EB2E}.Debug|x86.Build.0 = Debug|x86
		{ADF5C1C8-88A7-4B68-91AA-2692EBA6EB2E}.Debug|x86.Deploy.0 = Debug|x86
		{ADF5C1C8-88A7-4B68-91AA-2692EBA6EB2E}.Release|Any CPU.ActiveCfg = Release|x86
		{ADF5C1C8-88A7-4B68-91AA-2692EBA6EB2E}.Release|Any CPU.Build.0 = Release|x86
		{ADF5C1C8-88A7-4B68-91AA-2692EBA6EB2E}.Release|Any CPU.Deploy.0 = Release|x86
		{ADF5C1C8-88A7-4B68-91AA-2692EBA6EB2E}.Release|ARM.ActiveCfg = Release|ARM
		{ADF5C1C8-88A7-4B68-91AA-2692EBA6EB2E}.Release|ARM.Build.0 = Release|ARM
		{ADF5C1C8-88A7-4B68-91AA-2692EBA6EB2E}.Release|ARM.Deploy.0 = Release|ARM
		{ADF5C1C8-88A7-4B68-91AA-2692EBA6EB2E}.Release|iPhone.ActiveCfg = Release|x86
		{ADF5C1C8-88A7-4B68-91AA-2692EBA6EB2E}.Release|iPhone.Build.0 = Release|x86
		{ADF5C1C8-88A7-4B68-91AA-2692EBA6EB2E}.Release|iPhone.Deploy.0 = Release|x86
		{ADF5C1C8-88A7-4B68-91AA-2692EBA6EB2E}.Release|iPhoneSimulator.ActiveCfg = Release|x86
		{ADF5C1C8-88A7-4B68-91AA-2692EBA6EB2E}.Release|iPhoneSimulator.Build.0 = Release|x86
		{ADF5C1C8-88A7-4B68-91AA-2692EBA6EB2E}.Release|iPhoneSimulator.Deploy.0 = Release|x86
		{ADF5C1C8-88A7-4B68-91AA-2692EBA6EB2E}.Release|x64.ActiveCfg = Release|x64
		{ADF5C1C8-88A7-4B68-91AA-2692EBA6EB2E}.Release|x64.Build.0 = Release|x64
		{ADF5C1C8-88A7-4B68-91AA-2692EBA6EB2E}.Release|x64.Deploy.0 = Release|x64
		{ADF5C1C8-88A7-4B68-91AA-2692EBA6EB2E}.Release|x86.ActiveCfg = Release|x86
		{ADF5C1C8-88A7-4B68-91AA-2692EBA6EB2E}.Release|x86.Build.0 = Release|x86
		{ADF5C1C8-88A7-4B68-91AA-2692EBA6EB2E}.Release|x86.Deploy.0 = Release|x86
		{47C59F68-DD80-42EE-B7A6-95F38FDA84A3}.Ad-Hoc|Any CPU.ActiveCfg = Debug|Any CPU
		{47C59F68-DD80-42EE-B7A6-95F38FDA84A3}.Ad-Hoc|Any CPU.Build.0 = Debug|Any CPU
		{47C59F68-DD80-42EE-B7A6-95F38FDA84A3}.Ad-Hoc|Any CPU.Deploy.0 = Debug|Any CPU
		{47C59F68-DD80-42EE-B7A6-95F38FDA84A3}.Ad-Hoc|ARM.ActiveCfg = Debug|Any CPU
		{47C59F68-DD80-42EE-B7A6-95F38FDA84A3}.Ad-Hoc|ARM.Build.0 = Debug|Any CPU
		{47C59F68-DD80-42EE-B7A6-95F38FDA84A3}.Ad-Hoc|ARM.Deploy.0 = Debug|Any CPU
		{47C59F68-DD80-42EE-B7A6-95F38FDA84A3}.Ad-Hoc|iPhone.ActiveCfg = Debug|Any CPU
		{47C59F68-DD80-42EE-B7A6-95F38FDA84A3}.Ad-Hoc|iPhone.Build.0 = Debug|Any CPU
		{47C59F68-DD80-42EE-B7A6-95F38FDA84A3}.Ad-Hoc|iPhone.Deploy.0 = Debug|Any CPU
		{47C59F68-DD80-42EE-B7A6-95F38FDA84A3}.Ad-Hoc|iPhoneSimulator.ActiveCfg = Debug|Any CPU
		{47C59F68-DD80-42EE-B7A6-95F38FDA84A3}.Ad-Hoc|iPhoneSimulator.Build.0 = Debug|Any CPU
		{47C59F68-DD80-42EE-B7A6-95F38FDA84A3}.Ad-Hoc|iPhoneSimulator.Deploy.0 = Debug|Any CPU
		{47C59F68-DD80-42EE-B7A6-95F38FDA84A3}.Ad-Hoc|x64.ActiveCfg = Debug|Any CPU
		{47C59F68-DD80-42EE-B7A6-95F38FDA84A3}.Ad-Hoc|x64.Build.0 = Debug|Any CPU
		{47C59F68-DD80-42EE-B7A6-95F38FDA84A3}.Ad-Hoc|x64.Deploy.0 = Debug|Any CPU
		{47C59F68-DD80-42EE-B7A6-95F38FDA84A3}.Ad-Hoc|x86.ActiveCfg = Debug|Any CPU
		{47C59F68-DD80-42EE-B7A6-95F38FDA84A3}.Ad-Hoc|x86.Build.0 = Debug|Any CPU
		{47C59F68-DD80-42EE-B7A6-95F38FDA84A3}.Ad-Hoc|x86.Deploy.0 = Debug|Any CPU
		{47C59F68-DD80-42EE-B7A6-95F38FDA84A3}.AppStore|Any CPU.ActiveCfg = Debug|Any CPU
		{47C59F68-DD80-42EE-B7A6-95F38FDA84A3}.AppStore|Any CPU.Build.0 = Debug|Any CPU
		{47C59F68-DD80-42EE-B7A6-95F38FDA84A3}.AppStore|Any CPU.Deploy.0 = Debug|Any CPU
		{47C59F68-DD80-42EE-B7A6-95F38FDA84A3}.AppStore|ARM.ActiveCfg = Debug|Any CPU
		{47C59F68-DD80-42EE-B7A6-95F38FDA84A3}.AppStore|ARM.Build.0 = Debug|Any CPU
		{47C59F68-DD80-42EE-B7A6-95F38FDA84A3}.AppStore|ARM.Deploy.0 = Debug|Any CPU
		{47C59F68-DD80-42EE-B7A6-95F38FDA84A3}.AppStore|iPhone.ActiveCfg = Debug|Any CPU
		{47C59F68-DD80-42EE-B7A6-95F38FDA84A3}.AppStore|iPhone.Build.0 = Debug|Any CPU
		{47C59F68-DD80-42EE-B7A6-95F38FDA84A3}.AppStore|iPhone.Deploy.0 = Debug|Any CPU
		{47C59F68-DD80-42EE-B7A6-95F38FDA84A3}.AppStore|iPhoneSimulator.ActiveCfg = Debug|Any CPU
		{47C59F68-DD80-42EE-B7A6-95F38FDA84A3}.AppStore|iPhoneSimulator.Build.0 = Debug|Any CPU
		{47C59F68-DD80-42EE-B7A6-95F38FDA84A3}.AppStore|iPhoneSimulator.Deploy.0 = Debug|Any CPU
		{47C59F68-DD80-42EE-B7A6-95F38FDA84A3}.AppStore|x64.ActiveCfg = Debug|Any CPU
		{47C59F68-DD80-42EE-B7A6-95F38FDA84A3}.AppStore|x64.Build.0 = Debug|Any CPU
		{47C59F68-DD80-42EE-B7A6-95F38FDA84A3}.AppStore|x64.Deploy.0 = Debug|Any CPU
		{47C59F68-DD80-42EE-B7A6-95F38FDA84A3}.AppStore|x86.ActiveCfg = Debug|Any CPU
		{47C59F68-DD80-42EE-B7A6-95F38FDA84A3}.AppStore|x86.Build.0 = Debug|Any CPU
		{47C59F68-DD80-42EE-B7A6-95F38FDA84A3}.AppStore|x86.Deploy.0 = Debug|Any CPU
		{47C59F68-DD80-42EE-B7A6-95F38FDA84A3}.Debug|Any CPU.ActiveCfg = Debug|Any CPU
		{47C59F68-DD80-42EE-B7A6-95F38FDA84A3}.Debug|Any CPU.Build.0 = Debug|Any CPU
		{47C59F68-DD80-42EE-B7A6-95F38FDA84A3}.Debug|Any CPU.Deploy.0 = Debug|Any CPU
		{47C59F68-DD80-42EE-B7A6-95F38FDA84A3}.Debug|ARM.ActiveCfg = Debug|Any CPU
		{47C59F68-DD80-42EE-B7A6-95F38FDA84A3}.Debug|ARM.Build.0 = Debug|Any CPU
		{47C59F68-DD80-42EE-B7A6-95F38FDA84A3}.Debug|ARM.Deploy.0 = Debug|Any CPU
		{47C59F68-DD80-42EE-B7A6-95F38FDA84A3}.Debug|iPhone.ActiveCfg = Debug|Any CPU
		{47C59F68-DD80-42EE-B7A6-95F38FDA84A3}.Debug|iPhone.Build.0 = Debug|Any CPU
		{47C59F68-DD80-42EE-B7A6-95F38FDA84A3}.Debug|iPhone.Deploy.0 = Debug|Any CPU
		{47C59F68-DD80-42EE-B7A6-95F38FDA84A3}.Debug|iPhoneSimulator.ActiveCfg = Debug|Any CPU
		{47C59F68-DD80-42EE-B7A6-95F38FDA84A3}.Debug|iPhoneSimulator.Build.0 = Debug|Any CPU
		{47C59F68-DD80-42EE-B7A6-95F38FDA84A3}.Debug|iPhoneSimulator.Deploy.0 = Debug|Any CPU
		{47C59F68-DD80-42EE-B7A6-95F38FDA84A3}.Debug|x64.ActiveCfg = Debug|Any CPU
		{47C59F68-DD80-42EE-B7A6-95F38FDA84A3}.Debug|x64.Build.0 = Debug|Any CPU
		{47C59F68-DD80-42EE-B7A6-95F38FDA84A3}.Debug|x64.Deploy.0 = Debug|Any CPU
		{47C59F68-DD80-42EE-B7A6-95F38FDA84A3}.Debug|x86.ActiveCfg = Debug|Any CPU
		{47C59F68-DD80-42EE-B7A6-95F38FDA84A3}.Debug|x86.Build.0 = Debug|Any CPU
		{47C59F68-DD80-42EE-B7A6-95F38FDA84A3}.Debug|x86.Deploy.0 = Debug|Any CPU
		{47C59F68-DD80-42EE-B7A6-95F38FDA84A3}.Release|Any CPU.ActiveCfg = Release|Any CPU
		{47C59F68-DD80-42EE-B7A6-95F38FDA84A3}.Release|Any CPU.Build.0 = Release|Any CPU
		{47C59F68-DD80-42EE-B7A6-95F38FDA84A3}.Release|Any CPU.Deploy.0 = Release|Any CPU
		{47C59F68-DD80-42EE-B7A6-95F38FDA84A3}.Release|ARM.ActiveCfg = Release|Any CPU
		{47C59F68-DD80-42EE-B7A6-95F38FDA84A3}.Release|ARM.Build.0 = Release|Any CPU
		{47C59F68-DD80-42EE-B7A6-95F38FDA84A3}.Release|ARM.Deploy.0 = Release|Any CPU
		{47C59F68-DD80-42EE-B7A6-95F38FDA84A3}.Release|iPhone.ActiveCfg = Release|Any CPU
		{47C59F68-DD80-42EE-B7A6-95F38FDA84A3}.Release|iPhone.Build.0 = Release|Any CPU
		{47C59F68-DD80-42EE-B7A6-95F38FDA84A3}.Release|iPhone.Deploy.0 = Release|Any CPU
		{47C59F68-DD80-42EE-B7A6-95F38FDA84A3}.Release|iPhoneSimulator.ActiveCfg = Release|Any CPU
		{47C59F68-DD80-42EE-B7A6-95F38FDA84A3}.Release|iPhoneSimulator.Build.0 = Release|Any CPU
		{47C59F68-DD80-42EE-B7A6-95F38FDA84A3}.Release|iPhoneSimulator.Deploy.0 = Release|Any CPU
		{47C59F68-DD80-42EE-B7A6-95F38FDA84A3}.Release|x64.ActiveCfg = Release|Any CPU
		{47C59F68-DD80-42EE-B7A6-95F38FDA84A3}.Release|x64.Build.0 = Release|Any CPU
		{47C59F68-DD80-42EE-B7A6-95F38FDA84A3}.Release|x64.Deploy.0 = Release|Any CPU
		{47C59F68-DD80-42EE-B7A6-95F38FDA84A3}.Release|x86.ActiveCfg = Release|Any CPU
		{47C59F68-DD80-42EE-B7A6-95F38FDA84A3}.Release|x86.Build.0 = Release|Any CPU
		{47C59F68-DD80-42EE-B7A6-95F38FDA84A3}.Release|x86.Deploy.0 = Release|Any CPU
	EndGlobalSection
	GlobalSection(SolutionProperties) = preSolution
		HideSolutionNode = FALSE
	EndGlobalSection
	GlobalSection(ExtensibilityGlobals) = postSolution
		SolutionGuid = {1AF6AB73-6307-41A4-A4D3-96EAE40A709F}
	EndGlobalSection
EndGlobal
