
Microsoft Visual Studio Solution File, Format Version 12.00
# Visual Studio 15
VisualStudioVersion = 15.0.28010.2048
MinimumVisualStudioVersion = 10.0.40219.1
Project("{FAE04EC0-301F-11D3-BF4B-00C04F79EFBC}") = "BottomTabNavigator.Android", "BottomTabNavigator\BottomTabNavigator.Android\BottomTabNavigator.Android.csproj", "{9F357FAE-49D5-4257-BC28-316FE3011609}"
EndProject
Project("{FAE04EC0-301F-11D3-BF4B-00C04F79EFBC}") = "BottomTabNavigator.iOS", "BottomTabNavigator\BottomTabNavigator.iOS\BottomTabNavigator.iOS.csproj", "{951B8C31-4FE4-4E42-B335-E13EBE203585}"
EndProject
Project("{FAE04EC0-301F-11D3-BF4B-00C04F79EFBC}") = "BottomTabNavigator.UWP", "BottomTabNavigator\BottomTabNavigator.UWP\BottomTabNavigator.UWP.csproj", "{F94EE6CE-3D00-4562-BD20-C14B6C74B1CE}"
EndProject
Project("{FAE04EC0-301F-11D3-BF4B-00C04F79EFBC}") = "BottomTabNavigator", "BottomTabNavigator\BottomTabNavigator\BottomTabNavigator.csproj", "{0B076A3D-104B-4430-9595-0D24B362A258}"
EndProject
Global
	GlobalSection(SolutionConfigurationPlatforms) = preSolution
		Ad-Hoc|Any CPU = Ad-Hoc|Any CPU
		Ad-Hoc|ARM = Ad-Hoc|ARM
		Ad-Hoc|iPhone = Ad-Hoc|iPhone
		Ad-Hoc|iPhoneSimulator = Ad-Hoc|iPhoneSimulator
		Ad-Hoc|x64 = Ad-Hoc|x64
		Ad-Hoc|x86 = Ad-Hoc|x86
		AppStore|Any CPU = AppStore|Any CPU
		AppStore|ARM = AppStore|ARM
		AppStore|iPhone = AppStore|iPhone
		AppStore|iPhoneSimulator = AppStore|iPhoneSimulator
		AppStore|x64 = AppStore|x64
		AppStore|x86 = AppStore|x86
		Debug|Any CPU = Debug|Any CPU
		Debug|ARM = Debug|ARM
		Debug|iPhone = Debug|iPhone
		Debug|iPhoneSimulator = Debug|iPhoneSimulator
		Debug|x64 = Debug|x64
		Debug|x86 = Debug|x86
		Release|Any CPU = Release|Any CPU
		Release|ARM = Release|ARM
		Release|iPhone = Release|iPhone
		Release|iPhoneSimulator = Release|iPhoneSimulator
		Release|x64 = Release|x64
		Release|x86 = Release|x86
	EndGlobalSection
	GlobalSection(ProjectConfigurationPlatforms) = postSolution
		{9F357FAE-49D5-4257-BC28-316FE3011609}.Ad-Hoc|Any CPU.ActiveCfg = Release|Any CPU
		{9F357FAE-49D5-4257-BC28-316FE3011609}.Ad-Hoc|Any CPU.Build.0 = Release|Any CPU
		{9F357FAE-49D5-4257-BC28-316FE3011609}.Ad-Hoc|Any CPU.Deploy.0 = Release|Any CPU
		{9F357FAE-49D5-4257-BC28-316FE3011609}.Ad-Hoc|ARM.ActiveCfg = Release|Any CPU
		{9F357FAE-49D5-4257-BC28-316FE3011609}.Ad-Hoc|ARM.Build.0 = Release|Any CPU
		{9F357FAE-49D5-4257-BC28-316FE3011609}.Ad-Hoc|ARM.Deploy.0 = Release|Any CPU
		{9F357FAE-49D5-4257-BC28-316FE3011609}.Ad-Hoc|iPhone.ActiveCfg = Release|Any CPU
		{9F357FAE-49D5-4257-BC28-316FE3011609}.Ad-Hoc|iPhone.Build.0 = Release|Any CPU
		{9F357FAE-49D5-4257-BC28-316FE3011609}.Ad-Hoc|iPhone.Deploy.0 = Release|Any CPU
		{9F357FAE-49D5-4257-BC28-316FE3011609}.Ad-Hoc|iPhoneSimulator.ActiveCfg = Release|Any CPU
		{9F357FAE-49D5-4257-BC28-316FE3011609}.Ad-Hoc|iPhoneSimulator.Build.0 = Release|Any CPU
		{9F357FAE-49D5-4257-BC28-316FE3011609}.Ad-Hoc|iPhoneSimulator.Deploy.0 = Release|Any CPU
		{9F357FAE-49D5-4257-BC28-316FE3011609}.Ad-Hoc|x64.ActiveCfg = Release|Any CPU
		{9F357FAE-49D5-4257-BC28-316FE3011609}.Ad-Hoc|x64.Build.0 = Release|Any CPU
		{9F357FAE-49D5-4257-BC28-316FE3011609}.Ad-Hoc|x64.Deploy.0 = Release|Any CPU
		{9F357FAE-49D5-4257-BC28-316FE3011609}.Ad-Hoc|x86.ActiveCfg = Release|Any CPU
		{9F357FAE-49D5-4257-BC28-316FE3011609}.Ad-Hoc|x86.Build.0 = Release|Any CPU
		{9F357FAE-49D5-4257-BC28-316FE3011609}.Ad-Hoc|x86.Deploy.0 = Release|Any CPU
		{9F357FAE-49D5-4257-BC28-316FE3011609}.AppStore|Any CPU.ActiveCfg = Release|Any CPU
		{9F357FAE-49D5-4257-BC28-316FE3011609}.AppStore|Any CPU.Build.0 = Release|Any CPU
		{9F357FAE-49D5-4257-BC28-316FE3011609}.AppStore|Any CPU.Deploy.0 = Release|Any CPU
		{9F357FAE-49D5-4257-BC28-316FE3011609}.AppStore|ARM.ActiveCfg = Release|Any CPU
		{9F357FAE-49D5-4257-BC28-316FE3011609}.AppStore|ARM.Build.0 = Release|Any CPU
		{9F357FAE-49D5-4257-BC28-316FE3011609}.AppStore|ARM.Deploy.0 = Release|Any CPU
		{9F357FAE-49D5-4257-BC28-316FE3011609}.AppStore|iPhone.ActiveCfg = Release|Any CPU
		{9F357FAE-49D5-4257-BC28-316FE3011609}.AppStore|iPhone.Build.0 = Release|Any CPU
		{9F357FAE-49D5-4257-BC28-316FE3011609}.AppStore|iPhone.Deploy.0 = Release|Any CPU
		{9F357FAE-49D5-4257-BC28-316FE3011609}.AppStore|iPhoneSimulator.ActiveCfg = Release|Any CPU
		{9F357FAE-49D5-4257-BC28-316FE3011609}.AppStore|iPhoneSimulator.Build.0 = Release|Any CPU
		{9F357FAE-49D5-4257-BC28-316FE3011609}.AppStore|iPhoneSimulator.Deploy.0 = Release|Any CPU
		{9F357FAE-49D5-4257-BC28-316FE3011609}.AppStore|x64.ActiveCfg = Release|Any CPU
		{9F357FAE-49D5-4257-BC28-316FE3011609}.AppStore|x64.Build.0 = Release|Any CPU
		{9F357FAE-49D5-4257-BC28-316FE3011609}.AppStore|x64.Deploy.0 = Release|Any CPU
		{9F357FAE-49D5-4257-BC28-316FE3011609}.AppStore|x86.ActiveCfg = Release|Any CPU
		{9F357FAE-49D5-4257-BC28-316FE3011609}.AppStore|x86.Build.0 = Release|Any CPU
		{9F357FAE-49D5-4257-BC28-316FE3011609}.AppStore|x86.Deploy.0 = Release|Any CPU
		{9F357FAE-49D5-4257-BC28-316FE3011609}.Debug|Any CPU.ActiveCfg = Debug|Any CPU
		{9F357FAE-49D5-4257-BC28-316FE3011609}.Debug|Any CPU.Build.0 = Debug|Any CPU
		{9F357FAE-49D5-4257-BC28-316FE3011609}.Debug|Any CPU.Deploy.0 = Debug|Any CPU
		{9F357FAE-49D5-4257-BC28-316FE3011609}.Debug|ARM.ActiveCfg = Debug|Any CPU
		{9F357FAE-49D5-4257-BC28-316FE3011609}.Debug|ARM.Build.0 = Debug|Any CPU
		{9F357FAE-49D5-4257-BC28-316FE3011609}.Debug|ARM.Deploy.0 = Debug|Any CPU
		{9F357FAE-49D5-4257-BC28-316FE3011609}.Debug|iPhone.ActiveCfg = Debug|Any CPU
		{9F357FAE-49D5-4257-BC28-316FE3011609}.Debug|iPhone.Build.0 = Debug|Any CPU
		{9F357FAE-49D5-4257-BC28-316FE3011609}.Debug|iPhone.Deploy.0 = Debug|Any CPU
		{9F357FAE-49D5-4257-BC28-316FE3011609}.Debug|iPhoneSimulator.ActiveCfg = Debug|Any CPU
		{9F357FAE-49D5-4257-BC28-316FE3011609}.Debug|iPhoneSimulator.Build.0 = Debug|Any CPU
		{9F357FAE-49D5-4257-BC28-316FE3011609}.Debug|iPhoneSimulator.Deploy.0 = Debug|Any CPU
		{9F357FAE-49D5-4257-BC28-316FE3011609}.Debug|x64.ActiveCfg = Debug|Any CPU
		{9F357FAE-49D5-4257-BC28-316FE3011609}.Debug|x64.Build.0 = Debug|Any CPU
		{9F357FAE-49D5-4257-BC28-316FE3011609}.Debug|x64.Deploy.0 = Debug|Any CPU
		{9F357FAE-49D5-4257-BC28-316FE3011609}.Debug|x86.ActiveCfg = Debug|Any CPU
		{9F357FAE-49D5-4257-BC28-316FE3011609}.Debug|x86.Build.0 = Debug|Any CPU
		{9F357FAE-49D5-4257-BC28-316FE3011609}.Debug|x86.Deploy.0 = Debug|Any CPU
		{9F357FAE-49D5-4257-BC28-316FE3011609}.Release|Any CPU.ActiveCfg = Release|Any CPU
		{9F357FAE-49D5-4257-BC28-316FE3011609}.Release|Any CPU.Build.0 = Release|Any CPU
		{9F357FAE-49D5-4257-BC28-316FE3011609}.Release|Any CPU.Deploy.0 = Release|Any CPU
		{9F357FAE-49D5-4257-BC28-316FE3011609}.Release|ARM.ActiveCfg = Release|Any CPU
		{9F357FAE-49D5-4257-BC28-316FE3011609}.Release|ARM.Build.0 = Release|Any CPU
		{9F357FAE-49D5-4257-BC28-316FE3011609}.Release|ARM.Deploy.0 = Release|Any CPU
		{9F357FAE-49D5-4257-BC28-316FE3011609}.Release|iPhone.ActiveCfg = Release|Any CPU
		{9F357FAE-49D5-4257-BC28-316FE3011609}.Release|iPhone.Build.0 = Release|Any CPU
		{9F357FAE-49D5-4257-BC28-316FE3011609}.Release|iPhone.Deploy.0 = Release|Any CPU
		{9F357FAE-49D5-4257-BC28-316FE3011609}.Release|iPhoneSimulator.ActiveCfg = Release|Any CPU
		{9F357FAE-49D5-4257-BC28-316FE3011609}.Release|iPhoneSimulator.Build.0 = Release|Any CPU
		{9F357FAE-49D5-4257-BC28-316FE3011609}.Release|iPhoneSimulator.Deploy.0 = Release|Any CPU
		{9F357FAE-49D5-4257-BC28-316FE3011609}.Release|x64.ActiveCfg = Release|Any CPU
		{9F357FAE-49D5-4257-BC28-316FE3011609}.Release|x64.Build.0 = Release|Any CPU
		{9F357FAE-49D5-4257-BC28-316FE3011609}.Release|x64.Deploy.0 = Release|Any CPU
		{9F357FAE-49D5-4257-BC28-316FE3011609}.Release|x86.ActiveCfg = Release|Any CPU
		{9F357FAE-49D5-4257-BC28-316FE3011609}.Release|x86.Build.0 = Release|Any CPU
		{9F357FAE-49D5-4257-BC28-316FE3011609}.Release|x86.Deploy.0 = Release|Any CPU
		{951B8C31-4FE4-4E42-B335-E13EBE203585}.Ad-Hoc|Any CPU.ActiveCfg = Ad-Hoc|iPhone
		{951B8C31-4FE4-4E42-B335-E13EBE203585}.Ad-Hoc|Any CPU.Build.0 = Ad-Hoc|iPhone
		{951B8C31-4FE4-4E42-B335-E13EBE203585}.Ad-Hoc|Any CPU.Deploy.0 = Ad-Hoc|iPhone
		{951B8C31-4FE4-4E42-B335-E13EBE203585}.Ad-Hoc|ARM.ActiveCfg = Ad-Hoc|iPhone
		{951B8C31-4FE4-4E42-B335-E13EBE203585}.Ad-Hoc|ARM.Build.0 = Ad-Hoc|iPhone
		{951B8C31-4FE4-4E42-B335-E13EBE203585}.Ad-Hoc|ARM.Deploy.0 = Ad-Hoc|iPhone
		{951B8C31-4FE4-4E42-B335-E13EBE203585}.Ad-Hoc|iPhone.ActiveCfg = Ad-Hoc|iPhone
		{951B8C31-4FE4-4E42-B335-E13EBE203585}.Ad-Hoc|iPhone.Build.0 = Ad-Hoc|iPhone
		{951B8C31-4FE4-4E42-B335-E13EBE203585}.Ad-Hoc|iPhone.Deploy.0 = Ad-Hoc|iPhone
		{951B8C31-4FE4-4E42-B335-E13EBE203585}.Ad-Hoc|iPhoneSimulator.ActiveCfg = Ad-Hoc|iPhoneSimulator
		{951B8C31-4FE4-4E42-B335-E13EBE203585}.Ad-Hoc|iPhoneSimulator.Build.0 = Ad-Hoc|iPhoneSimulator
		{951B8C31-4FE4-4E42-B335-E13EBE203585}.Ad-Hoc|iPhoneSimulator.Deploy.0 = Ad-Hoc|iPhoneSimulator
		{951B8C31-4FE4-4E42-B335-E13EBE203585}.Ad-Hoc|x64.ActiveCfg = Ad-Hoc|iPhone
		{951B8C31-4FE4-4E42-B335-E13EBE203585}.Ad-Hoc|x64.Build.0 = Ad-Hoc|iPhone
		{951B8C31-4FE4-4E42-B335-E13EBE203585}.Ad-Hoc|x64.Deploy.0 = Ad-Hoc|iPhone
		{951B8C31-4FE4-4E42-B335-E13EBE203585}.Ad-Hoc|x86.ActiveCfg = Ad-Hoc|iPhone
		{951B8C31-4FE4-4E42-B335-E13EBE203585}.Ad-Hoc|x86.Build.0 = Ad-Hoc|iPhone
		{951B8C31-4FE4-4E42-B335-E13EBE203585}.Ad-Hoc|x86.Deploy.0 = Ad-Hoc|iPhone
		{951B8C31-4FE4-4E42-B335-E13EBE203585}.AppStore|Any CPU.ActiveCfg = AppStore|iPhone
		{951B8C31-4FE4-4E42-B335-E13EBE203585}.AppStore|Any CPU.Build.0 = AppStore|iPhone
		{951B8C31-4FE4-4E42-B335-E13EBE203585}.AppStore|Any CPU.Deploy.0 = AppStore|iPhone
		{951B8C31-4FE4-4E42-B335-E13EBE203585}.AppStore|ARM.ActiveCfg = AppStore|iPhone
		{951B8C31-4FE4-4E42-B335-E13EBE203585}.AppStore|ARM.Build.0 = AppStore|iPhone
		{951B8C31-4FE4-4E42-B335-E13EBE203585}.AppStore|ARM.Deploy.0 = AppStore|iPhone
		{951B8C31-4FE4-4E42-B335-E13EBE203585}.AppStore|iPhone.ActiveCfg = AppStore|iPhone
		{951B8C31-4FE4-4E42-B335-E13EBE203585}.AppStore|iPhone.Build.0 = AppStore|iPhone
		{951B8C31-4FE4-4E42-B335-E13EBE203585}.AppStore|iPhone.Deploy.0 = AppStore|iPhone
		{951B8C31-4FE4-4E42-B335-E13EBE203585}.AppStore|iPhoneSimulator.ActiveCfg = AppStore|iPhoneSimulator
		{951B8C31-4FE4-4E42-B335-E13EBE203585}.AppStore|iPhoneSimulator.Build.0 = AppStore|iPhoneSimulator
		{951B8C31-4FE4-4E42-B335-E13EBE203585}.AppStore|iPhoneSimulator.Deploy.0 = AppStore|iPhoneSimulator
		{951B8C31-4FE4-4E42-B335-E13EBE203585}.AppStore|x64.ActiveCfg = AppStore|iPhone
		{951B8C31-4FE4-4E42-B335-E13EBE203585}.AppStore|x64.Build.0 = AppStore|iPhone
		{951B8C31-4FE4-4E42-B335-E13EBE203585}.AppStore|x64.Deploy.0 = AppStore|iPhone
		{951B8C31-4FE4-4E42-B335-E13EBE203585}.AppStore|x86.ActiveCfg = AppStore|iPhone
		{951B8C31-4FE4-4E42-B335-E13EBE203585}.AppStore|x86.Build.0 = AppStore|iPhone
		{951B8C31-4FE4-4E42-B335-E13EBE203585}.AppStore|x86.Deploy.0 = AppStore|iPhone
		{951B8C31-4FE4-4E42-B335-E13EBE203585}.Debug|Any CPU.ActiveCfg = Debug|iPhoneSimulator
		{951B8C31-4FE4-4E42-B335-E13EBE203585}.Debug|Any CPU.Build.0 = Debug|iPhoneSimulator
		{951B8C31-4FE4-4E42-B335-E13EBE203585}.Debug|Any CPU.Deploy.0 = Debug|iPhoneSimulator
		{951B8C31-4FE4-4E42-B335-E13EBE203585}.Debug|ARM.ActiveCfg = Debug|iPhone
		{951B8C31-4FE4-4E42-B335-E13EBE203585}.Debug|ARM.Build.0 = Debug|iPhone
		{951B8C31-4FE4-4E42-B335-E13EBE203585}.Debug|ARM.Deploy.0 = Debug|iPhone
		{951B8C31-4FE4-4E42-B335-E13EBE203585}.Debug|iPhone.ActiveCfg = Debug|iPhone
		{951B8C31-4FE4-4E42-B335-E13EBE203585}.Debug|iPhone.Build.0 = Debug|iPhone
		{951B8C31-4FE4-4E42-B335-E13EBE203585}.Debug|iPhone.Deploy.0 = Debug|iPhone
		{951B8C31-4FE4-4E42-B335-E13EBE203585}.Debug|iPhoneSimulator.ActiveCfg = Debug|iPhoneSimulator
		{951B8C31-4FE4-4E42-B335-E13EBE203585}.Debug|iPhoneSimulator.Build.0 = Debug|iPhoneSimulator
		{951B8C31-4FE4-4E42-B335-E13EBE203585}.Debug|iPhoneSimulator.Deploy.0 = Debug|iPhoneSimulator
		{951B8C31-4FE4-4E42-B335-E13EBE203585}.Debug|x64.ActiveCfg = Debug|iPhone
		{951B8C31-4FE4-4E42-B335-E13EBE203585}.Debug|x64.Build.0 = Debug|iPhone
		{951B8C31-4FE4-4E42-B335-E13EBE203585}.Debug|x64.Deploy.0 = Debug|iPhone
		{951B8C31-4FE4-4E42-B335-E13EBE203585}.Debug|x86.ActiveCfg = Debug|iPhone
		{951B8C31-4FE4-4E42-B335-E13EBE203585}.Debug|x86.Build.0 = Debug|iPhone
		{951B8C31-4FE4-4E42-B335-E13EBE203585}.Debug|x86.Deploy.0 = Debug|iPhone
		{951B8C31-4FE4-4E42-B335-E13EBE203585}.Release|Any CPU.ActiveCfg = Release|iPhone
		{951B8C31-4FE4-4E42-B335-E13EBE203585}.Release|Any CPU.Build.0 = Release|iPhone
		{951B8C31-4FE4-4E42-B335-E13EBE203585}.Release|Any CPU.Deploy.0 = Release|iPhone
		{951B8C31-4FE4-4E42-B335-E13EBE203585}.Release|ARM.ActiveCfg = Release|iPhone
		{951B8C31-4FE4-4E42-B335-E13EBE203585}.Release|ARM.Build.0 = Release|iPhone
		{951B8C31-4FE4-4E42-B335-E13EBE203585}.Release|ARM.Deploy.0 = Release|iPhone
		{951B8C31-4FE4-4E42-B335-E13EBE203585}.Release|iPhone.ActiveCfg = Release|iPhone
		{951B8C31-4FE4-4E42-B335-E13EBE203585}.Release|iPhone.Build.0 = Release|iPhone
		{951B8C31-4FE4-4E42-B335-E13EBE203585}.Release|iPhone.Deploy.0 = Release|iPhone
		{951B8C31-4FE4-4E42-B335-E13EBE203585}.Release|iPhoneSimulator.ActiveCfg = Release|iPhoneSimulator
		{951B8C31-4FE4-4E42-B335-E13EBE203585}.Release|iPhoneSimulator.Build.0 = Release|iPhoneSimulator
		{951B8C31-4FE4-4E42-B335-E13EBE203585}.Release|iPhoneSimulator.Deploy.0 = Release|iPhoneSimulator
		{951B8C31-4FE4-4E42-B335-E13EBE203585}.Release|x64.ActiveCfg = Release|iPhone
		{951B8C31-4FE4-4E42-B335-E13EBE203585}.Release|x64.Build.0 = Release|iPhone
		{951B8C31-4FE4-4E42-B335-E13EBE203585}.Release|x64.Deploy.0 = Release|iPhone
		{951B8C31-4FE4-4E42-B335-E13EBE203585}.Release|x86.ActiveCfg = Release|iPhone
		{951B8C31-4FE4-4E42-B335-E13EBE203585}.Release|x86.Build.0 = Release|iPhone
		{951B8C31-4FE4-4E42-B335-E13EBE203585}.Release|x86.Deploy.0 = Release|iPhone
		{F94EE6CE-3D00-4562-BD20-C14B6C74B1CE}.Ad-Hoc|Any CPU.ActiveCfg = Release|x86
		{F94EE6CE-3D00-4562-BD20-C14B6C74B1CE}.Ad-Hoc|Any CPU.Build.0 = Release|x86
		{F94EE6CE-3D00-4562-BD20-C14B6C74B1CE}.Ad-Hoc|Any CPU.Deploy.0 = Release|x86
		{F94EE6CE-3D00-4562-BD20-C14B6C74B1CE}.Ad-Hoc|ARM.ActiveCfg = Release|ARM
		{F94EE6CE-3D00-4562-BD20-C14B6C74B1CE}.Ad-Hoc|ARM.Build.0 = Release|ARM
		{F94EE6CE-3D00-4562-BD20-C14B6C74B1CE}.Ad-Hoc|ARM.Deploy.0 = Release|ARM
		{F94EE6CE-3D00-4562-BD20-C14B6C74B1CE}.Ad-Hoc|iPhone.ActiveCfg = Release|x86
		{F94EE6CE-3D00-4562-BD20-C14B6C74B1CE}.Ad-Hoc|iPhone.Build.0 = Release|x86
		{F94EE6CE-3D00-4562-BD20-C14B6C74B1CE}.Ad-Hoc|iPhone.Deploy.0 = Release|x86
		{F94EE6CE-3D00-4562-BD20-C14B6C74B1CE}.Ad-Hoc|iPhoneSimulator.ActiveCfg = Release|x86
		{F94EE6CE-3D00-4562-BD20-C14B6C74B1CE}.Ad-Hoc|iPhoneSimulator.Build.0 = Release|x86
		{F94EE6CE-3D00-4562-BD20-C14B6C74B1CE}.Ad-Hoc|iPhoneSimulator.Deploy.0 = Release|x86
		{F94EE6CE-3D00-4562-BD20-C14B6C74B1CE}.Ad-Hoc|x64.ActiveCfg = Release|x64
		{F94EE6CE-3D00-4562-BD20-C14B6C74B1CE}.Ad-Hoc|x64.Build.0 = Release|x64
		{F94EE6CE-3D00-4562-BD20-C14B6C74B1CE}.Ad-Hoc|x64.Deploy.0 = Release|x64
		{F94EE6CE-3D00-4562-BD20-C14B6C74B1CE}.Ad-Hoc|x86.ActiveCfg = Release|x86
		{F94EE6CE-3D00-4562-BD20-C14B6C74B1CE}.Ad-Hoc|x86.Build.0 = Release|x86
		{F94EE6CE-3D00-4562-BD20-C14B6C74B1CE}.Ad-Hoc|x86.Deploy.0 = Release|x86
		{F94EE6CE-3D00-4562-BD20-C14B6C74B1CE}.AppStore|Any CPU.ActiveCfg = Release|x86
		{F94EE6CE-3D00-4562-BD20-C14B6C74B1CE}.AppStore|Any CPU.Build.0 = Release|x86
		{F94EE6CE-3D00-4562-BD20-C14B6C74B1CE}.AppStore|Any CPU.Deploy.0 = Release|x86
		{F94EE6CE-3D00-4562-BD20-C14B6C74B1CE}.AppStore|ARM.ActiveCfg = Release|ARM
		{F94EE6CE-3D00-4562-BD20-C14B6C74B1CE}.AppStore|ARM.Build.0 = Release|ARM
		{F94EE6CE-3D00-4562-BD20-C14B6C74B1CE}.AppStore|ARM.Deploy.0 = Release|ARM
		{F94EE6CE-3D00-4562-BD20-C14B6C74B1CE}.AppStore|iPhone.ActiveCfg = Release|x86
		{F94EE6CE-3D00-4562-BD20-C14B6C74B1CE}.AppStore|iPhone.Build.0 = Release|x86
		{F94EE6CE-3D00-4562-BD20-C14B6C74B1CE}.AppStore|iPhone.Deploy.0 = Release|x86
		{F94EE6CE-3D00-4562-BD20-C14B6C74B1CE}.AppStore|iPhoneSimulator.ActiveCfg = Release|x86
		{F94EE6CE-3D00-4562-BD20-C14B6C74B1CE}.AppStore|iPhoneSimulator.Build.0 = Release|x86
		{F94EE6CE-3D00-4562-BD20-C14B6C74B1CE}.AppStore|iPhoneSimulator.Deploy.0 = Release|x86
		{F94EE6CE-3D00-4562-BD20-C14B6C74B1CE}.AppStore|x64.ActiveCfg = Release|x64
		{F94EE6CE-3D00-4562-BD20-C14B6C74B1CE}.AppStore|x64.Build.0 = Release|x64
		{F94EE6CE-3D00-4562-BD20-C14B6C74B1CE}.AppStore|x64.Deploy.0 = Release|x64
		{F94EE6CE-3D00-4562-BD20-C14B6C74B1CE}.AppStore|x86.ActiveCfg = Release|x86
		{F94EE6CE-3D00-4562-BD20-C14B6C74B1CE}.AppStore|x86.Build.0 = Release|x86
		{F94EE6CE-3D00-4562-BD20-C14B6C74B1CE}.AppStore|x86.Deploy.0 = Release|x86
		{F94EE6CE-3D00-4562-BD20-C14B6C74B1CE}.Debug|Any CPU.ActiveCfg = Debug|x86
		{F94EE6CE-3D00-4562-BD20-C14B6C74B1CE}.Debug|Any CPU.Build.0 = Debug|x86
		{F94EE6CE-3D00-4562-BD20-C14B6C74B1CE}.Debug|Any CPU.Deploy.0 = Debug|x86
		{F94EE6CE-3D00-4562-BD20-C14B6C74B1CE}.Debug|ARM.ActiveCfg = Debug|ARM
		{F94EE6CE-3D00-4562-BD20-C14B6C74B1CE}.Debug|ARM.Build.0 = Debug|ARM
		{F94EE6CE-3D00-4562-BD20-C14B6C74B1CE}.Debug|ARM.Deploy.0 = Debug|ARM
		{F94EE6CE-3D00-4562-BD20-C14B6C74B1CE}.Debug|iPhone.ActiveCfg = Debug|x86
		{F94EE6CE-3D00-4562-BD20-C14B6C74B1CE}.Debug|iPhone.Build.0 = Debug|x86
		{F94EE6CE-3D00-4562-BD20-C14B6C74B1CE}.Debug|iPhone.Deploy.0 = Debug|x86
		{F94EE6CE-3D00-4562-BD20-C14B6C74B1CE}.Debug|iPhoneSimulator.ActiveCfg = Debug|x86
		{F94EE6CE-3D00-4562-BD20-C14B6C74B1CE}.Debug|iPhoneSimulator.Build.0 = Debug|x86
		{F94EE6CE-3D00-4562-BD20-C14B6C74B1CE}.Debug|iPhoneSimulator.Deploy.0 = Debug|x86
		{F94EE6CE-3D00-4562-BD20-C14B6C74B1CE}.Debug|x64.ActiveCfg = Debug|x64
		{F94EE6CE-3D00-4562-BD20-C14B6C74B1CE}.Debug|x64.Build.0 = Debug|x64
		{F94EE6CE-3D00-4562-BD20-C14B6C74B1CE}.Debug|x64.Deploy.0 = Debug|x64
		{F94EE6CE-3D00-4562-BD20-C14B6C74B1CE}.Debug|x86.ActiveCfg = Debug|x86
		{F94EE6CE-3D00-4562-BD20-C14B6C74B1CE}.Debug|x86.Build.0 = Debug|x86
		{F94EE6CE-3D00-4562-BD20-C14B6C74B1CE}.Debug|x86.Deploy.0 = Debug|x86
		{F94EE6CE-3D00-4562-BD20-C14B6C74B1CE}.Release|Any CPU.ActiveCfg = Release|x86
		{F94EE6CE-3D00-4562-BD20-C14B6C74B1CE}.Release|Any CPU.Build.0 = Release|x86
		{F94EE6CE-3D00-4562-BD20-C14B6C74B1CE}.Release|Any CPU.Deploy.0 = Release|x86
		{F94EE6CE-3D00-4562-BD20-C14B6C74B1CE}.Release|ARM.ActiveCfg = Release|ARM
		{F94EE6CE-3D00-4562-BD20-C14B6C74B1CE}.Release|ARM.Build.0 = Release|ARM
		{F94EE6CE-3D00-4562-BD20-C14B6C74B1CE}.Release|ARM.Deploy.0 = Release|ARM
		{F94EE6CE-3D00-4562-BD20-C14B6C74B1CE}.Release|iPhone.ActiveCfg = Release|x86
		{F94EE6CE-3D00-4562-BD20-C14B6C74B1CE}.Release|iPhone.Build.0 = Release|x86
		{F94EE6CE-3D00-4562-BD20-C14B6C74B1CE}.Release|iPhone.Deploy.0 = Release|x86
		{F94EE6CE-3D00-4562-BD20-C14B6C74B1CE}.Release|iPhoneSimulator.ActiveCfg = Release|x86
		{F94EE6CE-3D00-4562-BD20-C14B6C74B1CE}.Release|iPhoneSimulator.Build.0 = Release|x86
		{F94EE6CE-3D00-4562-BD20-C14B6C74B1CE}.Release|iPhoneSimulator.Deploy.0 = Release|x86
		{F94EE6CE-3D00-4562-BD20-C14B6C74B1CE}.Release|x64.ActiveCfg = Release|x64
		{F94EE6CE-3D00-4562-BD20-C14B6C74B1CE}.Release|x64.Build.0 = Release|x64
		{F94EE6CE-3D00-4562-BD20-C14B6C74B1CE}.Release|x64.Deploy.0 = Release|x64
		{F94EE6CE-3D00-4562-BD20-C14B6C74B1CE}.Release|x86.ActiveCfg = Release|x86
		{F94EE6CE-3D00-4562-BD20-C14B6C74B1CE}.Release|x86.Build.0 = Release|x86
		{F94EE6CE-3D00-4562-BD20-C14B6C74B1CE}.Release|x86.Deploy.0 = Release|x86
		{0B076A3D-104B-4430-9595-0D24B362A258}.Ad-Hoc|Any CPU.ActiveCfg = Debug|Any CPU
		{0B076A3D-104B-4430-9595-0D24B362A258}.Ad-Hoc|Any CPU.Build.0 = Debug|Any CPU
		{0B076A3D-104B-4430-9595-0D24B362A258}.Ad-Hoc|Any CPU.Deploy.0 = Debug|Any CPU
		{0B076A3D-104B-4430-9595-0D24B362A258}.Ad-Hoc|ARM.ActiveCfg = Debug|Any CPU
		{0B076A3D-104B-4430-9595-0D24B362A258}.Ad-Hoc|ARM.Build.0 = Debug|Any CPU
		{0B076A3D-104B-4430-9595-0D24B362A258}.Ad-Hoc|ARM.Deploy.0 = Debug|Any CPU
		{0B076A3D-104B-4430-9595-0D24B362A258}.Ad-Hoc|iPhone.ActiveCfg = Debug|Any CPU
		{0B076A3D-104B-4430-9595-0D24B362A258}.Ad-Hoc|iPhone.Build.0 = Debug|Any CPU
		{0B076A3D-104B-4430-9595-0D24B362A258}.Ad-Hoc|iPhone.Deploy.0 = Debug|Any CPU
		{0B076A3D-104B-4430-9595-0D24B362A258}.Ad-Hoc|iPhoneSimulator.ActiveCfg = Debug|Any CPU
		{0B076A3D-104B-4430-9595-0D24B362A258}.Ad-Hoc|iPhoneSimulator.Build.0 = Debug|Any CPU
		{0B076A3D-104B-4430-9595-0D24B362A258}.Ad-Hoc|iPhoneSimulator.Deploy.0 = Debug|Any CPU
		{0B076A3D-104B-4430-9595-0D24B362A258}.Ad-Hoc|x64.ActiveCfg = Debug|Any CPU
		{0B076A3D-104B-4430-9595-0D24B362A258}.Ad-Hoc|x64.Build.0 = Debug|Any CPU
		{0B076A3D-104B-4430-9595-0D24B362A258}.Ad-Hoc|x64.Deploy.0 = Debug|Any CPU
		{0B076A3D-104B-4430-9595-0D24B362A258}.Ad-Hoc|x86.ActiveCfg = Debug|Any CPU
		{0B076A3D-104B-4430-9595-0D24B362A258}.Ad-Hoc|x86.Build.0 = Debug|Any CPU
		{0B076A3D-104B-4430-9595-0D24B362A258}.Ad-Hoc|x86.Deploy.0 = Debug|Any CPU
		{0B076A3D-104B-4430-9595-0D24B362A258}.AppStore|Any CPU.ActiveCfg = Debug|Any CPU
		{0B076A3D-104B-4430-9595-0D24B362A258}.AppStore|Any CPU.Build.0 = Debug|Any CPU
		{0B076A3D-104B-4430-9595-0D24B362A258}.AppStore|Any CPU.Deploy.0 = Debug|Any CPU
		{0B076A3D-104B-4430-9595-0D24B362A258}.AppStore|ARM.ActiveCfg = Debug|Any CPU
		{0B076A3D-104B-4430-9595-0D24B362A258}.AppStore|ARM.Build.0 = Debug|Any CPU
		{0B076A3D-104B-4430-9595-0D24B362A258}.AppStore|ARM.Deploy.0 = Debug|Any CPU
		{0B076A3D-104B-4430-9595-0D24B362A258}.AppStore|iPhone.ActiveCfg = Debug|Any CPU
		{0B076A3D-104B-4430-9595-0D24B362A258}.AppStore|iPhone.Build.0 = Debug|Any CPU
		{0B076A3D-104B-4430-9595-0D24B362A258}.AppStore|iPhone.Deploy.0 = Debug|Any CPU
		{0B076A3D-104B-4430-9595-0D24B362A258}.AppStore|iPhoneSimulator.ActiveCfg = Debug|Any CPU
		{0B076A3D-104B-4430-9595-0D24B362A258}.AppStore|iPhoneSimulator.Build.0 = Debug|Any CPU
		{0B076A3D-104B-4430-9595-0D24B362A258}.AppStore|iPhoneSimulator.Deploy.0 = Debug|Any CPU
		{0B076A3D-104B-4430-9595-0D24B362A258}.AppStore|x64.ActiveCfg = Debug|Any CPU
		{0B076A3D-104B-4430-9595-0D24B362A258}.AppStore|x64.Build.0 = Debug|Any CPU
		{0B076A3D-104B-4430-9595-0D24B362A258}.AppStore|x64.Deploy.0 = Debug|Any CPU
		{0B076A3D-104B-4430-9595-0D24B362A258}.AppStore|x86.ActiveCfg = Debug|Any CPU
		{0B076A3D-104B-4430-9595-0D24B362A258}.AppStore|x86.Build.0 = Debug|Any CPU
		{0B076A3D-104B-4430-9595-0D24B362A258}.AppStore|x86.Deploy.0 = Debug|Any CPU
		{0B076A3D-104B-4430-9595-0D24B362A258}.Debug|Any CPU.ActiveCfg = Debug|Any CPU
		{0B076A3D-104B-4430-9595-0D24B362A258}.Debug|Any CPU.Build.0 = Debug|Any CPU
		{0B076A3D-104B-4430-9595-0D24B362A258}.Debug|Any CPU.Deploy.0 = Debug|Any CPU
		{0B076A3D-104B-4430-9595-0D24B362A258}.Debug|ARM.ActiveCfg = Debug|Any CPU
		{0B076A3D-104B-4430-9595-0D24B362A258}.Debug|ARM.Build.0 = Debug|Any CPU
		{0B076A3D-104B-4430-9595-0D24B362A258}.Debug|ARM.Deploy.0 = Debug|Any CPU
		{0B076A3D-104B-4430-9595-0D24B362A258}.Debug|iPhone.ActiveCfg = Debug|Any CPU
		{0B076A3D-104B-4430-9595-0D24B362A258}.Debug|iPhone.Build.0 = Debug|Any CPU
		{0B076A3D-104B-4430-9595-0D24B362A258}.Debug|iPhone.Deploy.0 = Debug|Any CPU
		{0B076A3D-104B-4430-9595-0D24B362A258}.Debug|iPhoneSimulator.ActiveCfg = Debug|Any CPU
		{0B076A3D-104B-4430-9595-0D24B362A258}.Debug|iPhoneSimulator.Build.0 = Debug|Any CPU
		{0B076A3D-104B-4430-9595-0D24B362A258}.Debug|iPhoneSimulator.Deploy.0 = Debug|Any CPU
		{0B076A3D-104B-4430-9595-0D24B362A258}.Debug|x64.ActiveCfg = Debug|Any CPU
		{0B076A3D-104B-4430-9595-0D24B362A258}.Debug|x64.Build.0 = Debug|Any CPU
		{0B076A3D-104B-4430-9595-0D24B362A258}.Debug|x64.Deploy.0 = Debug|Any CPU
		{0B076A3D-104B-4430-9595-0D24B362A258}.Debug|x86.ActiveCfg = Debug|Any CPU
		{0B076A3D-104B-4430-9595-0D24B362A258}.Debug|x86.Build.0 = Debug|Any CPU
		{0B076A3D-104B-4430-9595-0D24B362A258}.Debug|x86.Deploy.0 = Debug|Any CPU
		{0B076A3D-104B-4430-9595-0D24B362A258}.Release|Any CPU.ActiveCfg = Release|Any CPU
		{0B076A3D-104B-4430-9595-0D24B362A258}.Release|Any CPU.Build.0 = Release|Any CPU
		{0B076A3D-104B-4430-9595-0D24B362A258}.Release|Any CPU.Deploy.0 = Release|Any CPU
		{0B076A3D-104B-4430-9595-0D24B362A258}.Release|ARM.ActiveCfg = Release|Any CPU
		{0B076A3D-104B-4430-9595-0D24B362A258}.Release|ARM.Build.0 = Release|Any CPU
		{0B076A3D-104B-4430-9595-0D24B362A258}.Release|ARM.Deploy.0 = Release|Any CPU
		{0B076A3D-104B-4430-9595-0D24B362A258}.Release|iPhone.ActiveCfg = Release|Any CPU
		{0B076A3D-104B-4430-9595-0D24B362A258}.Release|iPhone.Build.0 = Release|Any CPU
		{0B076A3D-104B-4430-9595-0D24B362A258}.Release|iPhone.Deploy.0 = Release|Any CPU
		{0B076A3D-104B-4430-9595-0D24B362A258}.Release|iPhoneSimulator.ActiveCfg = Release|Any CPU
		{0B076A3D-104B-4430-9595-0D24B362A258}.Release|iPhoneSimulator.Build.0 = Release|Any CPU
		{0B076A3D-104B-4430-9595-0D24B362A258}.Release|iPhoneSimulator.Deploy.0 = Release|Any CPU
		{0B076A3D-104B-4430-9595-0D24B362A258}.Release|x64.ActiveCfg = Release|Any CPU
		{0B076A3D-104B-4430-9595-0D24B362A258}.Release|x64.Build.0 = Release|Any CPU
		{0B076A3D-104B-4430-9595-0D24B362A258}.Release|x64.Deploy.0 = Release|Any CPU
		{0B076A3D-104B-4430-9595-0D24B362A258}.Release|x86.ActiveCfg = Release|Any CPU
		{0B076A3D-104B-4430-9595-0D24B362A258}.Release|x86.Build.0 = Release|Any CPU
		{0B076A3D-104B-4430-9595-0D24B362A258}.Release|x86.Deploy.0 = Release|Any CPU
	EndGlobalSection
	GlobalSection(SolutionProperties) = preSolution
		HideSolutionNode = FALSE
	EndGlobalSection
	GlobalSection(ExtensibilityGlobals) = postSolution
		SolutionGuid = {3954BEA1-3749-4EBD-8303-572E21316109}
	EndGlobalSection
EndGlobal
