
Microsoft Visual Studio Solution File, Format Version 12.00
# Visual Studio 15
VisualStudioVersion = 15.0.28307.329
MinimumVisualStudioVersion = 10.0.40219.1
Project("{FAE04EC0-301F-11D3-BF4B-00C04F79EFBC}") = "FlexLayout.Android", "FlexLayout\FlexLayout.Android\FlexLayout.Android.csproj", "{C169DEB2-0B6F-4F32-B942-3837A6149CFA}"
EndProject
Project("{FAE04EC0-301F-11D3-BF4B-00C04F79EFBC}") = "FlexLayout.iOS", "FlexLayout\FlexLayout.iOS\FlexLayout.iOS.csproj", "{832114B8-BAFA-4724-B85B-AAB8562497FB}"
EndProject
Project("{FAE04EC0-301F-11D3-BF4B-00C04F79EFBC}") = "FlexLayout.UWP", "FlexLayout\FlexLayout.UWP\FlexLayout.UWP.csproj", "{4F203978-3BFE-47C4-9C70-3B849AB417EB}"
EndProject
Project("{FAE04EC0-301F-11D3-BF4B-00C04F79EFBC}") = "FlexLayout", "FlexLayout\FlexLayout\FlexLayout.csproj", "{B9EB6B5C-F6F0-4713-865F-286BF378C4D2}"
EndProject
Global
	GlobalSection(SolutionConfigurationPlatforms) = preSolution
		Ad-Hoc|Any CPU = Ad-Hoc|Any CPU
		Ad-Hoc|ARM = Ad-Hoc|ARM
		Ad-Hoc|iPhone = Ad-Hoc|iPhone
		Ad-Hoc|iPhoneSimulator = Ad-Hoc|iPhoneSimulator
		Ad-Hoc|x64 = Ad-Hoc|x64
		Ad-Hoc|x86 = Ad-Hoc|x86
		AppStore|Any CPU = AppStore|Any CPU
		AppStore|ARM = AppStore|ARM
		AppStore|iPhone = AppStore|iPhone
		AppStore|iPhoneSimulator = AppStore|iPhoneSimulator
		AppStore|x64 = AppStore|x64
		AppStore|x86 = AppStore|x86
		Debug|Any CPU = Debug|Any CPU
		Debug|ARM = Debug|ARM
		Debug|iPhone = Debug|iPhone
		Debug|iPhoneSimulator = Debug|iPhoneSimulator
		Debug|x64 = Debug|x64
		Debug|x86 = Debug|x86
		Release|Any CPU = Release|Any CPU
		Release|ARM = Release|ARM
		Release|iPhone = Release|iPhone
		Release|iPhoneSimulator = Release|iPhoneSimulator
		Release|x64 = Release|x64
		Release|x86 = Release|x86
	EndGlobalSection
	GlobalSection(ProjectConfigurationPlatforms) = postSolution
		{C169DEB2-0B6F-4F32-B942-3837A6149CFA}.Ad-Hoc|Any CPU.ActiveCfg = Release|Any CPU
		{C169DEB2-0B6F-4F32-B942-3837A6149CFA}.Ad-Hoc|Any CPU.Build.0 = Release|Any CPU
		{C169DEB2-0B6F-4F32-B942-3837A6149CFA}.Ad-Hoc|Any CPU.Deploy.0 = Release|Any CPU
		{C169DEB2-0B6F-4F32-B942-3837A6149CFA}.Ad-Hoc|ARM.ActiveCfg = Release|Any CPU
		{C169DEB2-0B6F-4F32-B942-3837A6149CFA}.Ad-Hoc|ARM.Build.0 = Release|Any CPU
		{C169DEB2-0B6F-4F32-B942-3837A6149CFA}.Ad-Hoc|ARM.Deploy.0 = Release|Any CPU
		{C169DEB2-0B6F-4F32-B942-3837A6149CFA}.Ad-Hoc|iPhone.ActiveCfg = Release|Any CPU
		{C169DEB2-0B6F-4F32-B942-3837A6149CFA}.Ad-Hoc|iPhone.Build.0 = Release|Any CPU
		{C169DEB2-0B6F-4F32-B942-3837A6149CFA}.Ad-Hoc|iPhone.Deploy.0 = Release|Any CPU
		{C169DEB2-0B6F-4F32-B942-3837A6149CFA}.Ad-Hoc|iPhoneSimulator.ActiveCfg = Release|Any CPU
		{C169DEB2-0B6F-4F32-B942-3837A6149CFA}.Ad-Hoc|iPhoneSimulator.Build.0 = Release|Any CPU
		{C169DEB2-0B6F-4F32-B942-3837A6149CFA}.Ad-Hoc|iPhoneSimulator.Deploy.0 = Release|Any CPU
		{C169DEB2-0B6F-4F32-B942-3837A6149CFA}.Ad-Hoc|x64.ActiveCfg = Release|Any CPU
		{C169DEB2-0B6F-4F32-B942-3837A6149CFA}.Ad-Hoc|x64.Build.0 = Release|Any CPU
		{C169DEB2-0B6F-4F32-B942-3837A6149CFA}.Ad-Hoc|x64.Deploy.0 = Release|Any CPU
		{C169DEB2-0B6F-4F32-B942-3837A6149CFA}.Ad-Hoc|x86.ActiveCfg = Release|Any CPU
		{C169DEB2-0B6F-4F32-B942-3837A6149CFA}.Ad-Hoc|x86.Build.0 = Release|Any CPU
		{C169DEB2-0B6F-4F32-B942-3837A6149CFA}.Ad-Hoc|x86.Deploy.0 = Release|Any CPU
		{C169DEB2-0B6F-4F32-B942-3837A6149CFA}.AppStore|Any CPU.ActiveCfg = Release|Any CPU
		{C169DEB2-0B6F-4F32-B942-3837A6149CFA}.AppStore|Any CPU.Build.0 = Release|Any CPU
		{C169DEB2-0B6F-4F32-B942-3837A6149CFA}.AppStore|Any CPU.Deploy.0 = Release|Any CPU
		{C169DEB2-0B6F-4F32-B942-3837A6149CFA}.AppStore|ARM.ActiveCfg = Release|Any CPU
		{C169DEB2-0B6F-4F32-B942-3837A6149CFA}.AppStore|ARM.Build.0 = Release|Any CPU
		{C169DEB2-0B6F-4F32-B942-3837A6149CFA}.AppStore|ARM.Deploy.0 = Release|Any CPU
		{C169DEB2-0B6F-4F32-B942-3837A6149CFA}.AppStore|iPhone.ActiveCfg = Release|Any CPU
		{C169DEB2-0B6F-4F32-B942-3837A6149CFA}.AppStore|iPhone.Build.0 = Release|Any CPU
		{C169DEB2-0B6F-4F32-B942-3837A6149CFA}.AppStore|iPhone.Deploy.0 = Release|Any CPU
		{C169DEB2-0B6F-4F32-B942-3837A6149CFA}.AppStore|iPhoneSimulator.ActiveCfg = Release|Any CPU
		{C169DEB2-0B6F-4F32-B942-3837A6149CFA}.AppStore|iPhoneSimulator.Build.0 = Release|Any CPU
		{C169DEB2-0B6F-4F32-B942-3837A6149CFA}.AppStore|iPhoneSimulator.Deploy.0 = Release|Any CPU
		{C169DEB2-0B6F-4F32-B942-3837A6149CFA}.AppStore|x64.ActiveCfg = Release|Any CPU
		{C169DEB2-0B6F-4F32-B942-3837A6149CFA}.AppStore|x64.Build.0 = Release|Any CPU
		{C169DEB2-0B6F-4F32-B942-3837A6149CFA}.AppStore|x64.Deploy.0 = Release|Any CPU
		{C169DEB2-0B6F-4F32-B942-3837A6149CFA}.AppStore|x86.ActiveCfg = Release|Any CPU
		{C169DEB2-0B6F-4F32-B942-3837A6149CFA}.AppStore|x86.Build.0 = Release|Any CPU
		{C169DEB2-0B6F-4F32-B942-3837A6149CFA}.AppStore|x86.Deploy.0 = Release|Any CPU
		{C169DEB2-0B6F-4F32-B942-3837A6149CFA}.Debug|Any CPU.ActiveCfg = Debug|Any CPU
		{C169DEB2-0B6F-4F32-B942-3837A6149CFA}.Debug|Any CPU.Build.0 = Debug|Any CPU
		{C169DEB2-0B6F-4F32-B942-3837A6149CFA}.Debug|Any CPU.Deploy.0 = Debug|Any CPU
		{C169DEB2-0B6F-4F32-B942-3837A6149CFA}.Debug|ARM.ActiveCfg = Debug|Any CPU
		{C169DEB2-0B6F-4F32-B942-3837A6149CFA}.Debug|ARM.Build.0 = Debug|Any CPU
		{C169DEB2-0B6F-4F32-B942-3837A6149CFA}.Debug|ARM.Deploy.0 = Debug|Any CPU
		{C169DEB2-0B6F-4F32-B942-3837A6149CFA}.Debug|iPhone.ActiveCfg = Debug|Any CPU
		{C169DEB2-0B6F-4F32-B942-3837A6149CFA}.Debug|iPhone.Build.0 = Debug|Any CPU
		{C169DEB2-0B6F-4F32-B942-3837A6149CFA}.Debug|iPhone.Deploy.0 = Debug|Any CPU
		{C169DEB2-0B6F-4F32-B942-3837A6149CFA}.Debug|iPhoneSimulator.ActiveCfg = Debug|Any CPU
		{C169DEB2-0B6F-4F32-B942-3837A6149CFA}.Debug|iPhoneSimulator.Build.0 = Debug|Any CPU
		{C169DEB2-0B6F-4F32-B942-3837A6149CFA}.Debug|iPhoneSimulator.Deploy.0 = Debug|Any CPU
		{C169DEB2-0B6F-4F32-B942-3837A6149CFA}.Debug|x64.ActiveCfg = Debug|Any CPU
		{C169DEB2-0B6F-4F32-B942-3837A6149CFA}.Debug|x64.Build.0 = Debug|Any CPU
		{C169DEB2-0B6F-4F32-B942-3837A6149CFA}.Debug|x64.Deploy.0 = Debug|Any CPU
		{C169DEB2-0B6F-4F32-B942-3837A6149CFA}.Debug|x86.ActiveCfg = Debug|Any CPU
		{C169DEB2-0B6F-4F32-B942-3837A6149CFA}.Debug|x86.Build.0 = Debug|Any CPU
		{C169DEB2-0B6F-4F32-B942-3837A6149CFA}.Debug|x86.Deploy.0 = Debug|Any CPU
		{C169DEB2-0B6F-4F32-B942-3837A6149CFA}.Release|Any CPU.ActiveCfg = Release|Any CPU
		{C169DEB2-0B6F-4F32-B942-3837A6149CFA}.Release|Any CPU.Build.0 = Release|Any CPU
		{C169DEB2-0B6F-4F32-B942-3837A6149CFA}.Release|Any CPU.Deploy.0 = Release|Any CPU
		{C169DEB2-0B6F-4F32-B942-3837A6149CFA}.Release|ARM.ActiveCfg = Release|Any CPU
		{C169DEB2-0B6F-4F32-B942-3837A6149CFA}.Release|ARM.Build.0 = Release|Any CPU
		{C169DEB2-0B6F-4F32-B942-3837A6149CFA}.Release|ARM.Deploy.0 = Release|Any CPU
		{C169DEB2-0B6F-4F32-B942-3837A6149CFA}.Release|iPhone.ActiveCfg = Release|Any CPU
		{C169DEB2-0B6F-4F32-B942-3837A6149CFA}.Release|iPhone.Build.0 = Release|Any CPU
		{C169DEB2-0B6F-4F32-B942-3837A6149CFA}.Release|iPhone.Deploy.0 = Release|Any CPU
		{C169DEB2-0B6F-4F32-B942-3837A6149CFA}.Release|iPhoneSimulator.ActiveCfg = Release|Any CPU
		{C169DEB2-0B6F-4F32-B942-3837A6149CFA}.Release|iPhoneSimulator.Build.0 = Release|Any CPU
		{C169DEB2-0B6F-4F32-B942-3837A6149CFA}.Release|iPhoneSimulator.Deploy.0 = Release|Any CPU
		{C169DEB2-0B6F-4F32-B942-3837A6149CFA}.Release|x64.ActiveCfg = Release|Any CPU
		{C169DEB2-0B6F-4F32-B942-3837A6149CFA}.Release|x64.Build.0 = Release|Any CPU
		{C169DEB2-0B6F-4F32-B942-3837A6149CFA}.Release|x64.Deploy.0 = Release|Any CPU
		{C169DEB2-0B6F-4F32-B942-3837A6149CFA}.Release|x86.ActiveCfg = Release|Any CPU
		{C169DEB2-0B6F-4F32-B942-3837A6149CFA}.Release|x86.Build.0 = Release|Any CPU
		{C169DEB2-0B6F-4F32-B942-3837A6149CFA}.Release|x86.Deploy.0 = Release|Any CPU
		{832114B8-BAFA-4724-B85B-AAB8562497FB}.Ad-Hoc|Any CPU.ActiveCfg = Ad-Hoc|iPhone
		{832114B8-BAFA-4724-B85B-AAB8562497FB}.Ad-Hoc|Any CPU.Build.0 = Ad-Hoc|iPhone
		{832114B8-BAFA-4724-B85B-AAB8562497FB}.Ad-Hoc|Any CPU.Deploy.0 = Ad-Hoc|iPhone
		{832114B8-BAFA-4724-B85B-AAB8562497FB}.Ad-Hoc|ARM.ActiveCfg = Ad-Hoc|iPhone
		{832114B8-BAFA-4724-B85B-AAB8562497FB}.Ad-Hoc|ARM.Build.0 = Ad-Hoc|iPhone
		{832114B8-BAFA-4724-B85B-AAB8562497FB}.Ad-Hoc|ARM.Deploy.0 = Ad-Hoc|iPhone
		{832114B8-BAFA-4724-B85B-AAB8562497FB}.Ad-Hoc|iPhone.ActiveCfg = Ad-Hoc|iPhone
		{832114B8-BAFA-4724-B85B-AAB8562497FB}.Ad-Hoc|iPhone.Build.0 = Ad-Hoc|iPhone
		{832114B8-BAFA-4724-B85B-AAB8562497FB}.Ad-Hoc|iPhone.Deploy.0 = Ad-Hoc|iPhone
		{832114B8-BAFA-4724-B85B-AAB8562497FB}.Ad-Hoc|iPhoneSimulator.ActiveCfg = Ad-Hoc|iPhoneSimulator
		{832114B8-BAFA-4724-B85B-AAB8562497FB}.Ad-Hoc|iPhoneSimulator.Build.0 = Ad-Hoc|iPhoneSimulator
		{832114B8-BAFA-4724-B85B-AAB8562497FB}.Ad-Hoc|iPhoneSimulator.Deploy.0 = Ad-Hoc|iPhoneSimulator
		{832114B8-BAFA-4724-B85B-AAB8562497FB}.Ad-Hoc|x64.ActiveCfg = Ad-Hoc|iPhone
		{832114B8-BAFA-4724-B85B-AAB8562497FB}.Ad-Hoc|x64.Build.0 = Ad-Hoc|iPhone
		{832114B8-BAFA-4724-B85B-AAB8562497FB}.Ad-Hoc|x64.Deploy.0 = Ad-Hoc|iPhone
		{832114B8-BAFA-4724-B85B-AAB8562497FB}.Ad-Hoc|x86.ActiveCfg = Ad-Hoc|iPhone
		{832114B8-BAFA-4724-B85B-AAB8562497FB}.Ad-Hoc|x86.Build.0 = Ad-Hoc|iPhone
		{832114B8-BAFA-4724-B85B-AAB8562497FB}.Ad-Hoc|x86.Deploy.0 = Ad-Hoc|iPhone
		{832114B8-BAFA-4724-B85B-AAB8562497FB}.AppStore|Any CPU.ActiveCfg = AppStore|iPhone
		{832114B8-BAFA-4724-B85B-AAB8562497FB}.AppStore|Any CPU.Build.0 = AppStore|iPhone
		{832114B8-BAFA-4724-B85B-AAB8562497FB}.AppStore|Any CPU.Deploy.0 = AppStore|iPhone
		{832114B8-BAFA-4724-B85B-AAB8562497FB}.AppStore|ARM.ActiveCfg = AppStore|iPhone
		{832114B8-BAFA-4724-B85B-AAB8562497FB}.AppStore|ARM.Build.0 = AppStore|iPhone
		{832114B8-BAFA-4724-B85B-AAB8562497FB}.AppStore|ARM.Deploy.0 = AppStore|iPhone
		{832114B8-BAFA-4724-B85B-AAB8562497FB}.AppStore|iPhone.ActiveCfg = AppStore|iPhone
		{832114B8-BAFA-4724-B85B-AAB8562497FB}.AppStore|iPhone.Build.0 = AppStore|iPhone
		{832114B8-BAFA-4724-B85B-AAB8562497FB}.AppStore|iPhone.Deploy.0 = AppStore|iPhone
		{832114B8-BAFA-4724-B85B-AAB8562497FB}.AppStore|iPhoneSimulator.ActiveCfg = AppStore|iPhoneSimulator
		{832114B8-BAFA-4724-B85B-AAB8562497FB}.AppStore|iPhoneSimulator.Build.0 = AppStore|iPhoneSimulator
		{832114B8-BAFA-4724-B85B-AAB8562497FB}.AppStore|iPhoneSimulator.Deploy.0 = AppStore|iPhoneSimulator
		{832114B8-BAFA-4724-B85B-AAB8562497FB}.AppStore|x64.ActiveCfg = AppStore|iPhone
		{832114B8-BAFA-4724-B85B-AAB8562497FB}.AppStore|x64.Build.0 = AppStore|iPhone
		{832114B8-BAFA-4724-B85B-AAB8562497FB}.AppStore|x64.Deploy.0 = AppStore|iPhone
		{832114B8-BAFA-4724-B85B-AAB8562497FB}.AppStore|x86.ActiveCfg = AppStore|iPhone
		{832114B8-BAFA-4724-B85B-AAB8562497FB}.AppStore|x86.Build.0 = AppStore|iPhone
		{832114B8-BAFA-4724-B85B-AAB8562497FB}.AppStore|x86.Deploy.0 = AppStore|iPhone
		{832114B8-BAFA-4724-B85B-AAB8562497FB}.Debug|Any CPU.ActiveCfg = Debug|iPhoneSimulator
		{832114B8-BAFA-4724-B85B-AAB8562497FB}.Debug|Any CPU.Build.0 = Debug|iPhoneSimulator
		{832114B8-BAFA-4724-B85B-AAB8562497FB}.Debug|Any CPU.Deploy.0 = Debug|iPhoneSimulator
		{832114B8-BAFA-4724-B85B-AAB8562497FB}.Debug|ARM.ActiveCfg = Debug|iPhone
		{832114B8-BAFA-4724-B85B-AAB8562497FB}.Debug|ARM.Build.0 = Debug|iPhone
		{832114B8-BAFA-4724-B85B-AAB8562497FB}.Debug|ARM.Deploy.0 = Debug|iPhone
		{832114B8-BAFA-4724-B85B-AAB8562497FB}.Debug|iPhone.ActiveCfg = Debug|iPhone
		{832114B8-BAFA-4724-B85B-AAB8562497FB}.Debug|iPhone.Build.0 = Debug|iPhone
		{832114B8-BAFA-4724-B85B-AAB8562497FB}.Debug|iPhone.Deploy.0 = Debug|iPhone
		{832114B8-BAFA-4724-B85B-AAB8562497FB}.Debug|iPhoneSimulator.ActiveCfg = Debug|iPhoneSimulator
		{832114B8-BAFA-4724-B85B-AAB8562497FB}.Debug|iPhoneSimulator.Build.0 = Debug|iPhoneSimulator
		{832114B8-BAFA-4724-B85B-AAB8562497FB}.Debug|iPhoneSimulator.Deploy.0 = Debug|iPhoneSimulator
		{832114B8-BAFA-4724-B85B-AAB8562497FB}.Debug|x64.ActiveCfg = Debug|iPhone
		{832114B8-BAFA-4724-B85B-AAB8562497FB}.Debug|x64.Build.0 = Debug|iPhone
		{832114B8-BAFA-4724-B85B-AAB8562497FB}.Debug|x64.Deploy.0 = Debug|iPhone
		{832114B8-BAFA-4724-B85B-AAB8562497FB}.Debug|x86.ActiveCfg = Debug|iPhone
		{832114B8-BAFA-4724-B85B-AAB8562497FB}.Debug|x86.Build.0 = Debug|iPhone
		{832114B8-BAFA-4724-B85B-AAB8562497FB}.Debug|x86.Deploy.0 = Debug|iPhone
		{832114B8-BAFA-4724-B85B-AAB8562497FB}.Release|Any CPU.ActiveCfg = Release|iPhone
		{832114B8-BAFA-4724-B85B-AAB8562497FB}.Release|Any CPU.Build.0 = Release|iPhone
		{832114B8-BAFA-4724-B85B-AAB8562497FB}.Release|Any CPU.Deploy.0 = Release|iPhone
		{832114B8-BAFA-4724-B85B-AAB8562497FB}.Release|ARM.ActiveCfg = Release|iPhone
		{832114B8-BAFA-4724-B85B-AAB8562497FB}.Release|ARM.Build.0 = Release|iPhone
		{832114B8-BAFA-4724-B85B-AAB8562497FB}.Release|ARM.Deploy.0 = Release|iPhone
		{832114B8-BAFA-4724-B85B-AAB8562497FB}.Release|iPhone.ActiveCfg = Release|iPhone
		{832114B8-BAFA-4724-B85B-AAB8562497FB}.Release|iPhone.Build.0 = Release|iPhone
		{832114B8-BAFA-4724-B85B-AAB8562497FB}.Release|iPhone.Deploy.0 = Release|iPhone
		{832114B8-BAFA-4724-B85B-AAB8562497FB}.Release|iPhoneSimulator.ActiveCfg = Release|iPhoneSimulator
		{832114B8-BAFA-4724-B85B-AAB8562497FB}.Release|iPhoneSimulator.Build.0 = Release|iPhoneSimulator
		{832114B8-BAFA-4724-B85B-AAB8562497FB}.Release|iPhoneSimulator.Deploy.0 = Release|iPhoneSimulator
		{832114B8-BAFA-4724-B85B-AAB8562497FB}.Release|x64.ActiveCfg = Release|iPhone
		{832114B8-BAFA-4724-B85B-AAB8562497FB}.Release|x64.Build.0 = Release|iPhone
		{832114B8-BAFA-4724-B85B-AAB8562497FB}.Release|x64.Deploy.0 = Release|iPhone
		{832114B8-BAFA-4724-B85B-AAB8562497FB}.Release|x86.ActiveCfg = Release|iPhone
		{832114B8-BAFA-4724-B85B-AAB8562497FB}.Release|x86.Build.0 = Release|iPhone
		{832114B8-BAFA-4724-B85B-AAB8562497FB}.Release|x86.Deploy.0 = Release|iPhone
		{4F203978-3BFE-47C4-9C70-3B849AB417EB}.Ad-Hoc|Any CPU.ActiveCfg = Release|x86
		{4F203978-3BFE-47C4-9C70-3B849AB417EB}.Ad-Hoc|Any CPU.Build.0 = Release|x86
		{4F203978-3BFE-47C4-9C70-3B849AB417EB}.Ad-Hoc|Any CPU.Deploy.0 = Release|x86
		{4F203978-3BFE-47C4-9C70-3B849AB417EB}.Ad-Hoc|ARM.ActiveCfg = Release|ARM
		{4F203978-3BFE-47C4-9C70-3B849AB417EB}.Ad-Hoc|ARM.Build.0 = Release|ARM
		{4F203978-3BFE-47C4-9C70-3B849AB417EB}.Ad-Hoc|ARM.Deploy.0 = Release|ARM
		{4F203978-3BFE-47C4-9C70-3B849AB417EB}.Ad-Hoc|iPhone.ActiveCfg = Release|x86
		{4F203978-3BFE-47C4-9C70-3B849AB417EB}.Ad-Hoc|iPhone.Build.0 = Release|x86
		{4F203978-3BFE-47C4-9C70-3B849AB417EB}.Ad-Hoc|iPhone.Deploy.0 = Release|x86
		{4F203978-3BFE-47C4-9C70-3B849AB417EB}.Ad-Hoc|iPhoneSimulator.ActiveCfg = Release|x86
		{4F203978-3BFE-47C4-9C70-3B849AB417EB}.Ad-Hoc|iPhoneSimulator.Build.0 = Release|x86
		{4F203978-3BFE-47C4-9C70-3B849AB417EB}.Ad-Hoc|iPhoneSimulator.Deploy.0 = Release|x86
		{4F203978-3BFE-47C4-9C70-3B849AB417EB}.Ad-Hoc|x64.ActiveCfg = Release|x64
		{4F203978-3BFE-47C4-9C70-3B849AB417EB}.Ad-Hoc|x64.Build.0 = Release|x64
		{4F203978-3BFE-47C4-9C70-3B849AB417EB}.Ad-Hoc|x64.Deploy.0 = Release|x64
		{4F203978-3BFE-47C4-9C70-3B849AB417EB}.Ad-Hoc|x86.ActiveCfg = Release|x86
		{4F203978-3BFE-47C4-9C70-3B849AB417EB}.Ad-Hoc|x86.Build.0 = Release|x86
		{4F203978-3BFE-47C4-9C70-3B849AB417EB}.Ad-Hoc|x86.Deploy.0 = Release|x86
		{4F203978-3BFE-47C4-9C70-3B849AB417EB}.AppStore|Any CPU.ActiveCfg = Release|x86
		{4F203978-3BFE-47C4-9C70-3B849AB417EB}.AppStore|Any CPU.Build.0 = Release|x86
		{4F203978-3BFE-47C4-9C70-3B849AB417EB}.AppStore|Any CPU.Deploy.0 = Release|x86
		{4F203978-3BFE-47C4-9C70-3B849AB417EB}.AppStore|ARM.ActiveCfg = Release|ARM
		{4F203978-3BFE-47C4-9C70-3B849AB417EB}.AppStore|ARM.Build.0 = Release|ARM
		{4F203978-3BFE-47C4-9C70-3B849AB417EB}.AppStore|ARM.Deploy.0 = Release|ARM
		{4F203978-3BFE-47C4-9C70-3B849AB417EB}.AppStore|iPhone.ActiveCfg = Release|x86
		{4F203978-3BFE-47C4-9C70-3B849AB417EB}.AppStore|iPhone.Build.0 = Release|x86
		{4F203978-3BFE-47C4-9C70-3B849AB417EB}.AppStore|iPhone.Deploy.0 = Release|x86
		{4F203978-3BFE-47C4-9C70-3B849AB417EB}.AppStore|iPhoneSimulator.ActiveCfg = Release|x86
		{4F203978-3BFE-47C4-9C70-3B849AB417EB}.AppStore|iPhoneSimulator.Build.0 = Release|x86
		{4F203978-3BFE-47C4-9C70-3B849AB417EB}.AppStore|iPhoneSimulator.Deploy.0 = Release|x86
		{4F203978-3BFE-47C4-9C70-3B849AB417EB}.AppStore|x64.ActiveCfg = Release|x64
		{4F203978-3BFE-47C4-9C70-3B849AB417EB}.AppStore|x64.Build.0 = Release|x64
		{4F203978-3BFE-47C4-9C70-3B849AB417EB}.AppStore|x64.Deploy.0 = Release|x64
		{4F203978-3BFE-47C4-9C70-3B849AB417EB}.AppStore|x86.ActiveCfg = Release|x86
		{4F203978-3BFE-47C4-9C70-3B849AB417EB}.AppStore|x86.Build.0 = Release|x86
		{4F203978-3BFE-47C4-9C70-3B849AB417EB}.AppStore|x86.Deploy.0 = Release|x86
		{4F203978-3BFE-47C4-9C70-3B849AB417EB}.Debug|Any CPU.ActiveCfg = Debug|x86
		{4F203978-3BFE-47C4-9C70-3B849AB417EB}.Debug|Any CPU.Build.0 = Debug|x86
		{4F203978-3BFE-47C4-9C70-3B849AB417EB}.Debug|Any CPU.Deploy.0 = Debug|x86
		{4F203978-3BFE-47C4-9C70-3B849AB417EB}.Debug|ARM.ActiveCfg = Debug|ARM
		{4F203978-3BFE-47C4-9C70-3B849AB417EB}.Debug|ARM.Build.0 = Debug|ARM
		{4F203978-3BFE-47C4-9C70-3B849AB417EB}.Debug|ARM.Deploy.0 = Debug|ARM
		{4F203978-3BFE-47C4-9C70-3B849AB417EB}.Debug|iPhone.ActiveCfg = Debug|x86
		{4F203978-3BFE-47C4-9C70-3B849AB417EB}.Debug|iPhone.Build.0 = Debug|x86
		{4F203978-3BFE-47C4-9C70-3B849AB417EB}.Debug|iPhone.Deploy.0 = Debug|x86
		{4F203978-3BFE-47C4-9C70-3B849AB417EB}.Debug|iPhoneSimulator.ActiveCfg = Debug|x86
		{4F203978-3BFE-47C4-9C70-3B849AB417EB}.Debug|iPhoneSimulator.Build.0 = Debug|x86
		{4F203978-3BFE-47C4-9C70-3B849AB417EB}.Debug|iPhoneSimulator.Deploy.0 = Debug|x86
		{4F203978-3BFE-47C4-9C70-3B849AB417EB}.Debug|x64.ActiveCfg = Debug|x64
		{4F203978-3BFE-47C4-9C70-3B849AB417EB}.Debug|x64.Build.0 = Debug|x64
		{4F203978-3BFE-47C4-9C70-3B849AB417EB}.Debug|x64.Deploy.0 = Debug|x64
		{4F203978-3BFE-47C4-9C70-3B849AB417EB}.Debug|x86.ActiveCfg = Debug|x86
		{4F203978-3BFE-47C4-9C70-3B849AB417EB}.Debug|x86.Build.0 = Debug|x86
		{4F203978-3BFE-47C4-9C70-3B849AB417EB}.Debug|x86.Deploy.0 = Debug|x86
		{4F203978-3BFE-47C4-9C70-3B849AB417EB}.Release|Any CPU.ActiveCfg = Release|x86
		{4F203978-3BFE-47C4-9C70-3B849AB417EB}.Release|Any CPU.Build.0 = Release|x86
		{4F203978-3BFE-47C4-9C70-3B849AB417EB}.Release|Any CPU.Deploy.0 = Release|x86
		{4F203978-3BFE-47C4-9C70-3B849AB417EB}.Release|ARM.ActiveCfg = Release|ARM
		{4F203978-3BFE-47C4-9C70-3B849AB417EB}.Release|ARM.Build.0 = Release|ARM
		{4F203978-3BFE-47C4-9C70-3B849AB417EB}.Release|ARM.Deploy.0 = Release|ARM
		{4F203978-3BFE-47C4-9C70-3B849AB417EB}.Release|iPhone.ActiveCfg = Release|x86
		{4F203978-3BFE-47C4-9C70-3B849AB417EB}.Release|iPhone.Build.0 = Release|x86
		{4F203978-3BFE-47C4-9C70-3B849AB417EB}.Release|iPhone.Deploy.0 = Release|x86
		{4F203978-3BFE-47C4-9C70-3B849AB417EB}.Release|iPhoneSimulator.ActiveCfg = Release|x86
		{4F203978-3BFE-47C4-9C70-3B849AB417EB}.Release|iPhoneSimulator.Build.0 = Release|x86
		{4F203978-3BFE-47C4-9C70-3B849AB417EB}.Release|iPhoneSimulator.Deploy.0 = Release|x86
		{4F203978-3BFE-47C4-9C70-3B849AB417EB}.Release|x64.ActiveCfg = Release|x64
		{4F203978-3BFE-47C4-9C70-3B849AB417EB}.Release|x64.Build.0 = Release|x64
		{4F203978-3BFE-47C4-9C70-3B849AB417EB}.Release|x64.Deploy.0 = Release|x64
		{4F203978-3BFE-47C4-9C70-3B849AB417EB}.Release|x86.ActiveCfg = Release|x86
		{4F203978-3BFE-47C4-9C70-3B849AB417EB}.Release|x86.Build.0 = Release|x86
		{4F203978-3BFE-47C4-9C70-3B849AB417EB}.Release|x86.Deploy.0 = Release|x86
		{B9EB6B5C-F6F0-4713-865F-286BF378C4D2}.Ad-Hoc|Any CPU.ActiveCfg = Debug|Any CPU
		{B9EB6B5C-F6F0-4713-865F-286BF378C4D2}.Ad-Hoc|Any CPU.Build.0 = Debug|Any CPU
		{B9EB6B5C-F6F0-4713-865F-286BF378C4D2}.Ad-Hoc|Any CPU.Deploy.0 = Debug|Any CPU
		{B9EB6B5C-F6F0-4713-865F-286BF378C4D2}.Ad-Hoc|ARM.ActiveCfg = Debug|Any CPU
		{B9EB6B5C-F6F0-4713-865F-286BF378C4D2}.Ad-Hoc|ARM.Build.0 = Debug|Any CPU
		{B9EB6B5C-F6F0-4713-865F-286BF378C4D2}.Ad-Hoc|ARM.Deploy.0 = Debug|Any CPU
		{B9EB6B5C-F6F0-4713-865F-286BF378C4D2}.Ad-Hoc|iPhone.ActiveCfg = Debug|Any CPU
		{B9EB6B5C-F6F0-4713-865F-286BF378C4D2}.Ad-Hoc|iPhone.Build.0 = Debug|Any CPU
		{B9EB6B5C-F6F0-4713-865F-286BF378C4D2}.Ad-Hoc|iPhone.Deploy.0 = Debug|Any CPU
		{B9EB6B5C-F6F0-4713-865F-286BF378C4D2}.Ad-Hoc|iPhoneSimulator.ActiveCfg = Debug|Any CPU
		{B9EB6B5C-F6F0-4713-865F-286BF378C4D2}.Ad-Hoc|iPhoneSimulator.Build.0 = Debug|Any CPU
		{B9EB6B5C-F6F0-4713-865F-286BF378C4D2}.Ad-Hoc|iPhoneSimulator.Deploy.0 = Debug|Any CPU
		{B9EB6B5C-F6F0-4713-865F-286BF378C4D2}.Ad-Hoc|x64.ActiveCfg = Debug|Any CPU
		{B9EB6B5C-F6F0-4713-865F-286BF378C4D2}.Ad-Hoc|x64.Build.0 = Debug|Any CPU
		{B9EB6B5C-F6F0-4713-865F-286BF378C4D2}.Ad-Hoc|x64.Deploy.0 = Debug|Any CPU
		{B9EB6B5C-F6F0-4713-865F-286BF378C4D2}.Ad-Hoc|x86.ActiveCfg = Debug|Any CPU
		{B9EB6B5C-F6F0-4713-865F-286BF378C4D2}.Ad-Hoc|x86.Build.0 = Debug|Any CPU
		{B9EB6B5C-F6F0-4713-865F-286BF378C4D2}.Ad-Hoc|x86.Deploy.0 = Debug|Any CPU
		{B9EB6B5C-F6F0-4713-865F-286BF378C4D2}.AppStore|Any CPU.ActiveCfg = Debug|Any CPU
		{B9EB6B5C-F6F0-4713-865F-286BF378C4D2}.AppStore|Any CPU.Build.0 = Debug|Any CPU
		{B9EB6B5C-F6F0-4713-865F-286BF378C4D2}.AppStore|Any CPU.Deploy.0 = Debug|Any CPU
		{B9EB6B5C-F6F0-4713-865F-286BF378C4D2}.AppStore|ARM.ActiveCfg = Debug|Any CPU
		{B9EB6B5C-F6F0-4713-865F-286BF378C4D2}.AppStore|ARM.Build.0 = Debug|Any CPU
		{B9EB6B5C-F6F0-4713-865F-286BF378C4D2}.AppStore|ARM.Deploy.0 = Debug|Any CPU
		{B9EB6B5C-F6F0-4713-865F-286BF378C4D2}.AppStore|iPhone.ActiveCfg = Debug|Any CPU
		{B9EB6B5C-F6F0-4713-865F-286BF378C4D2}.AppStore|iPhone.Build.0 = Debug|Any CPU
		{B9EB6B5C-F6F0-4713-865F-286BF378C4D2}.AppStore|iPhone.Deploy.0 = Debug|Any CPU
		{B9EB6B5C-F6F0-4713-865F-286BF378C4D2}.AppStore|iPhoneSimulator.ActiveCfg = Debug|Any CPU
		{B9EB6B5C-F6F0-4713-865F-286BF378C4D2}.AppStore|iPhoneSimulator.Build.0 = Debug|Any CPU
		{B9EB6B5C-F6F0-4713-865F-286BF378C4D2}.AppStore|iPhoneSimulator.Deploy.0 = Debug|Any CPU
		{B9EB6B5C-F6F0-4713-865F-286BF378C4D2}.AppStore|x64.ActiveCfg = Debug|Any CPU
		{B9EB6B5C-F6F0-4713-865F-286BF378C4D2}.AppStore|x64.Build.0 = Debug|Any CPU
		{B9EB6B5C-F6F0-4713-865F-286BF378C4D2}.AppStore|x64.Deploy.0 = Debug|Any CPU
		{B9EB6B5C-F6F0-4713-865F-286BF378C4D2}.AppStore|x86.ActiveCfg = Debug|Any CPU
		{B9EB6B5C-F6F0-4713-865F-286BF378C4D2}.AppStore|x86.Build.0 = Debug|Any CPU
		{B9EB6B5C-F6F0-4713-865F-286BF378C4D2}.AppStore|x86.Deploy.0 = Debug|Any CPU
		{B9EB6B5C-F6F0-4713-865F-286BF378C4D2}.Debug|Any CPU.ActiveCfg = Debug|Any CPU
		{B9EB6B5C-F6F0-4713-865F-286BF378C4D2}.Debug|Any CPU.Build.0 = Debug|Any CPU
		{B9EB6B5C-F6F0-4713-865F-286BF378C4D2}.Debug|Any CPU.Deploy.0 = Debug|Any CPU
		{B9EB6B5C-F6F0-4713-865F-286BF378C4D2}.Debug|ARM.ActiveCfg = Debug|Any CPU
		{B9EB6B5C-F6F0-4713-865F-286BF378C4D2}.Debug|ARM.Build.0 = Debug|Any CPU
		{B9EB6B5C-F6F0-4713-865F-286BF378C4D2}.Debug|ARM.Deploy.0 = Debug|Any CPU
		{B9EB6B5C-F6F0-4713-865F-286BF378C4D2}.Debug|iPhone.ActiveCfg = Debug|Any CPU
		{B9EB6B5C-F6F0-4713-865F-286BF378C4D2}.Debug|iPhone.Build.0 = Debug|Any CPU
		{B9EB6B5C-F6F0-4713-865F-286BF378C4D2}.Debug|iPhone.Deploy.0 = Debug|Any CPU
		{B9EB6B5C-F6F0-4713-865F-286BF378C4D2}.Debug|iPhoneSimulator.ActiveCfg = Debug|Any CPU
		{B9EB6B5C-F6F0-4713-865F-286BF378C4D2}.Debug|iPhoneSimulator.Build.0 = Debug|Any CPU
		{B9EB6B5C-F6F0-4713-865F-286BF378C4D2}.Debug|iPhoneSimulator.Deploy.0 = Debug|Any CPU
		{B9EB6B5C-F6F0-4713-865F-286BF378C4D2}.Debug|x64.ActiveCfg = Debug|Any CPU
		{B9EB6B5C-F6F0-4713-865F-286BF378C4D2}.Debug|x64.Build.0 = Debug|Any CPU
		{B9EB6B5C-F6F0-4713-865F-286BF378C4D2}.Debug|x64.Deploy.0 = Debug|Any CPU
		{B9EB6B5C-F6F0-4713-865F-286BF378C4D2}.Debug|x86.ActiveCfg = Debug|Any CPU
		{B9EB6B5C-F6F0-4713-865F-286BF378C4D2}.Debug|x86.Build.0 = Debug|Any CPU
		{B9EB6B5C-F6F0-4713-865F-286BF378C4D2}.Debug|x86.Deploy.0 = Debug|Any CPU
		{B9EB6B5C-F6F0-4713-865F-286BF378C4D2}.Release|Any CPU.ActiveCfg = Release|Any CPU
		{B9EB6B5C-F6F0-4713-865F-286BF378C4D2}.Release|Any CPU.Build.0 = Release|Any CPU
		{B9EB6B5C-F6F0-4713-865F-286BF378C4D2}.Release|Any CPU.Deploy.0 = Release|Any CPU
		{B9EB6B5C-F6F0-4713-865F-286BF378C4D2}.Release|ARM.ActiveCfg = Release|Any CPU
		{B9EB6B5C-F6F0-4713-865F-286BF378C4D2}.Release|ARM.Build.0 = Release|Any CPU
		{B9EB6B5C-F6F0-4713-865F-286BF378C4D2}.Release|ARM.Deploy.0 = Release|Any CPU
		{B9EB6B5C-F6F0-4713-865F-286BF378C4D2}.Release|iPhone.ActiveCfg = Release|Any CPU
		{B9EB6B5C-F6F0-4713-865F-286BF378C4D2}.Release|iPhone.Build.0 = Release|Any CPU
		{B9EB6B5C-F6F0-4713-865F-286BF378C4D2}.Release|iPhone.Deploy.0 = Release|Any CPU
		{B9EB6B5C-F6F0-4713-865F-286BF378C4D2}.Release|iPhoneSimulator.ActiveCfg = Release|Any CPU
		{B9EB6B5C-F6F0-4713-865F-286BF378C4D2}.Release|iPhoneSimulator.Build.0 = Release|Any CPU
		{B9EB6B5C-F6F0-4713-865F-286BF378C4D2}.Release|iPhoneSimulator.Deploy.0 = Release|Any CPU
		{B9EB6B5C-F6F0-4713-865F-286BF378C4D2}.Release|x64.ActiveCfg = Release|Any CPU
		{B9EB6B5C-F6F0-4713-865F-286BF378C4D2}.Release|x64.Build.0 = Release|Any CPU
		{B9EB6B5C-F6F0-4713-865F-286BF378C4D2}.Release|x64.Deploy.0 = Release|Any CPU
		{B9EB6B5C-F6F0-4713-865F-286BF378C4D2}.Release|x86.ActiveCfg = Release|Any CPU
		{B9EB6B5C-F6F0-4713-865F-286BF378C4D2}.Release|x86.Build.0 = Release|Any CPU
		{B9EB6B5C-F6F0-4713-865F-286BF378C4D2}.Release|x86.Deploy.0 = Release|Any CPU
	EndGlobalSection
	GlobalSection(SolutionProperties) = preSolution
		HideSolutionNode = FALSE
	EndGlobalSection
	GlobalSection(ExtensibilityGlobals) = postSolution
		SolutionGuid = {C0361F85-8CE9-4F8B-8635-0211F7DCEE91}
	EndGlobalSection
EndGlobal
